// !$*UTF8*$!
{
	archiveVersion = 1;
	classes = {
	};
	objectVersion = 46;
	objects = {

/* Begin PBXBuildFile section */
		3414E0202F8AD103A56840B2 /* Pods_Staples.framework in Frameworks */ = {isa = PBXBuildFile; fileRef = 7BCAFA925975ACD65020CCDD /* Pods_Staples.framework */; };
		620E15FA3F1DD1FB26C366C1 /* Pods_StaplesTests.framework in Frameworks */ = {isa = PBXBuildFile; fileRef = 9A6FE70533FF01DB0B851460 /* Pods_StaplesTests.framework */; };
		D65F71BD1D6B7482005F2546 /* STLayerService.m in Sources */ = {isa = PBXBuildFile; fileRef = D65F71BC1D6B7482005F2546 /* STLayerService.m */; };
		D68FEF1F1D6CE4E4006AEFC6 /* STMultipleProductBaseCollectionViewCell.m in Sources */ = {isa = PBXBuildFile; fileRef = D68FEF1E1D6CE4E4006AEFC6 /* STMultipleProductBaseCollectionViewCell.m */; };
		D68FEF221D6CE4F3006AEFC6 /* STMultipleProductsCollectionViewLayout.m in Sources */ = {isa = PBXBuildFile; fileRef = D68FEF211D6CE4F3006AEFC6 /* STMultipleProductsCollectionViewLayout.m */; };
		D68FEF261D6CE50D006AEFC6 /* STProductCollectionViewCell.m in Sources */ = {isa = PBXBuildFile; fileRef = D68FEF241D6CE50D006AEFC6 /* STProductCollectionViewCell.m */; };
		D68FEF271D6CE50D006AEFC6 /* STProductCollectionViewCell.xib in Resources */ = {isa = PBXBuildFile; fileRef = D68FEF251D6CE50D006AEFC6 /* STProductCollectionViewCell.xib */; };
		D68FEF2B1D6CE517006AEFC6 /* STItemCollectionViewCell.m in Sources */ = {isa = PBXBuildFile; fileRef = D68FEF291D6CE517006AEFC6 /* STItemCollectionViewCell.m */; };
		D68FEF2C1D6CE517006AEFC6 /* STItemCollectionViewCell.xib in Resources */ = {isa = PBXBuildFile; fileRef = D68FEF2A1D6CE517006AEFC6 /* STItemCollectionViewCell.xib */; };
		D68FEF301D6CE524006AEFC6 /* STAddressCollectionViewCell.m in Sources */ = {isa = PBXBuildFile; fileRef = D68FEF2E1D6CE524006AEFC6 /* STAddressCollectionViewCell.m */; };
		D68FEF311D6CE524006AEFC6 /* STAddressCollectionViewCell.xib in Resources */ = {isa = PBXBuildFile; fileRef = D68FEF2F1D6CE524006AEFC6 /* STAddressCollectionViewCell.xib */; };
		D68FEF351D6CE52E006AEFC6 /* STShippingCollectionViewCell.m in Sources */ = {isa = PBXBuildFile; fileRef = D68FEF331D6CE52E006AEFC6 /* STShippingCollectionViewCell.m */; };
		D68FEF361D6CE52E006AEFC6 /* STShippingCollectionViewCell.xib in Resources */ = {isa = PBXBuildFile; fileRef = D68FEF341D6CE52E006AEFC6 /* STShippingCollectionViewCell.xib */; };
		D68FEF391D6CE536006AEFC6 /* STCellContainerView.m in Sources */ = {isa = PBXBuildFile; fileRef = D68FEF381D6CE536006AEFC6 /* STCellContainerView.m */; };
		D68FEF431D6CE553006AEFC6 /* STProductItem.m in Sources */ = {isa = PBXBuildFile; fileRef = D68FEF401D6CE553006AEFC6 /* STProductItem.m */; };
		D68FEF441D6CE553006AEFC6 /* STReward.m in Sources */ = {isa = PBXBuildFile; fileRef = D68FEF421D6CE553006AEFC6 /* STReward.m */; };
		D68FEF481D6CE56C006AEFC6 /* STReorderCollectionViewCell.m in Sources */ = {isa = PBXBuildFile; fileRef = D68FEF461D6CE56C006AEFC6 /* STReorderCollectionViewCell.m */; };
		D68FEF491D6CE56C006AEFC6 /* STReorderCollectionViewCell.xib in Resources */ = {isa = PBXBuildFile; fileRef = D68FEF471D6CE56C006AEFC6 /* STReorderCollectionViewCell.xib */; };
		D68FEF4D1D6CE577006AEFC6 /* STReorderItemCollectionViewCell.m in Sources */ = {isa = PBXBuildFile; fileRef = D68FEF4B1D6CE577006AEFC6 /* STReorderItemCollectionViewCell.m */; };
		D68FEF4E1D6CE577006AEFC6 /* STReorderItemCollectionViewCell.xib in Resources */ = {isa = PBXBuildFile; fileRef = D68FEF4C1D6CE577006AEFC6 /* STReorderItemCollectionViewCell.xib */; };
		D68FEF511D6CE583006AEFC6 /* STUtilities.m in Sources */ = {isa = PBXBuildFile; fileRef = D68FEF501D6CE583006AEFC6 /* STUtilities.m */; };
		D68FEF531D6CE58B006AEFC6 /* s0854503_s7.jpg in Resources */ = {isa = PBXBuildFile; fileRef = D68FEF521D6CE58B006AEFC6 /* s0854503_s7.jpg */; };
		D68FEF561D6CE5A0006AEFC6 /* STMessageInputToolbar.m in Sources */ = {isa = PBXBuildFile; fileRef = D68FEF551D6CE5A0006AEFC6 /* STMessageInputToolbar.m */; };
		D68FEF591D6CE5AA006AEFC6 /* STMultipleActionInputScrollView.m in Sources */ = {isa = PBXBuildFile; fileRef = D68FEF581D6CE5AA006AEFC6 /* STMultipleActionInputScrollView.m */; };
		D68FEF5C1D6CE5B4006AEFC6 /* STMultipleActionInputView.m in Sources */ = {isa = PBXBuildFile; fileRef = D68FEF5B1D6CE5B4006AEFC6 /* STMultipleActionInputView.m */; };
		D68FEF5F1D6CE5BC006AEFC6 /* STActionInputView.m in Sources */ = {isa = PBXBuildFile; fileRef = D68FEF5E1D6CE5BC006AEFC6 /* STActionInputView.m */; };
		D68FEF621D6CE5C6006AEFC6 /* STActionButton.m in Sources */ = {isa = PBXBuildFile; fileRef = D68FEF611D6CE5C6006AEFC6 /* STActionButton.m */; };
		D68FEF651D6CE5D2006AEFC6 /* STMultiSelectionBar.m in Sources */ = {isa = PBXBuildFile; fileRef = D68FEF641D6CE5D2006AEFC6 /* STMultiSelectionBar.m */; };
		D68FEF681D6CE5DD006AEFC6 /* STInvertedButton.m in Sources */ = {isa = PBXBuildFile; fileRef = D68FEF671D6CE5DD006AEFC6 /* STInvertedButton.m */; };
		D68FEF6B1D6CE5E7006AEFC6 /* STMultiSelectionBarBevelView.m in Sources */ = {isa = PBXBuildFile; fileRef = D68FEF6A1D6CE5E7006AEFC6 /* STMultiSelectionBarBevelView.m */; };
		D695B66F1D6E005A0087A4D1 /* STARewardCollectionViewCell.m in Sources */ = {isa = PBXBuildFile; fileRef = D695B66D1D6E005A0087A4D1 /* STARewardCollectionViewCell.m */; };
		D695B6701D6E005A0087A4D1 /* STARewardCollectionViewCell.xib in Resources */ = {isa = PBXBuildFile; fileRef = D695B66E1D6E005A0087A4D1 /* STARewardCollectionViewCell.xib */; };
		D69761711D660AEE00F3369F /* main.m in Sources */ = {isa = PBXBuildFile; fileRef = D69761701D660AEE00F3369F /* main.m */; };
		D69761741D660AEE00F3369F /* AppDelegate.m in Sources */ = {isa = PBXBuildFile; fileRef = D69761731D660AEE00F3369F /* AppDelegate.m */; };
		D697617A1D660AEE00F3369F /* Main.storyboard in Resources */ = {isa = PBXBuildFile; fileRef = D69761781D660AEE00F3369F /* Main.storyboard */; };
		D697617C1D660AEE00F3369F /* Assets.xcassets in Resources */ = {isa = PBXBuildFile; fileRef = D697617B1D660AEE00F3369F /* Assets.xcassets */; };
		D697617F1D660AEE00F3369F /* LaunchScreen.storyboard in Resources */ = {isa = PBXBuildFile; fileRef = D697617D1D660AEE00F3369F /* LaunchScreen.storyboard */; };
		D69761881D660FBA00F3369F /* STConversationViewController.m in Sources */ = {isa = PBXBuildFile; fileRef = D69761871D660FBA00F3369F /* STConversationViewController.m */; };
		D6CFC3AC1D6BF69E00F3F2F1 /* STLayerServiceTest.m in Sources */ = {isa = PBXBuildFile; fileRef = D6CFC3AB1D6BF69E00F3F2F1 /* STLayerServiceTest.m */; };
/* End PBXBuildFile section */

/* Begin PBXContainerItemProxy section */
		D65F71D01D6BA164005F2546 /* PBXContainerItemProxy */ = {
			isa = PBXContainerItemProxy;
			containerPortal = D69761641D660AEE00F3369F /* Project object */;
			proxyType = 1;
			remoteGlobalIDString = D697616B1D660AEE00F3369F;
			remoteInfo = Staples;
		};
/* End PBXContainerItemProxy section */

/* Begin PBXFileReference section */
		3BFBB829A1CF8E97CB27CEF3 /* Pods-Staples.release.xcconfig */ = {isa = PBXFileReference; includeInIndex = 1; lastKnownFileType = text.xcconfig; name = "Pods-Staples.release.xcconfig"; path = "Pods/Target Support Files/Pods-Staples/Pods-Staples.release.xcconfig"; sourceTree = "<group>"; };
		4D990FC6DACC7B0851AC14C9 /* Pods-StaplesTests.release.xcconfig */ = {isa = PBXFileReference; includeInIndex = 1; lastKnownFileType = text.xcconfig; name = "Pods-StaplesTests.release.xcconfig"; path = "Pods/Target Support Files/Pods-StaplesTests/Pods-StaplesTests.release.xcconfig"; sourceTree = "<group>"; };
		7BCAFA925975ACD65020CCDD /* Pods_Staples.framework */ = {isa = PBXFileReference; explicitFileType = wrapper.framework; includeInIndex = 0; path = Pods_Staples.framework; sourceTree = BUILT_PRODUCTS_DIR; };
		9A6FE70533FF01DB0B851460 /* Pods_StaplesTests.framework */ = {isa = PBXFileReference; explicitFileType = wrapper.framework; includeInIndex = 0; path = Pods_StaplesTests.framework; sourceTree = BUILT_PRODUCTS_DIR; };
		C2B72ABA2CB0359A53DA8545 /* Pods-Staples.debug.xcconfig */ = {isa = PBXFileReference; includeInIndex = 1; lastKnownFileType = text.xcconfig; name = "Pods-Staples.debug.xcconfig"; path = "Pods/Target Support Files/Pods-Staples/Pods-Staples.debug.xcconfig"; sourceTree = "<group>"; };
		D5B93285FFEE36FC4B96057A /* Pods-StaplesTests.debug.xcconfig */ = {isa = PBXFileReference; includeInIndex = 1; lastKnownFileType = text.xcconfig; name = "Pods-StaplesTests.debug.xcconfig"; path = "Pods/Target Support Files/Pods-StaplesTests/Pods-StaplesTests.debug.xcconfig"; sourceTree = "<group>"; };
		D65F71BB1D6B7482005F2546 /* STLayerService.h */ = {isa = PBXFileReference; fileEncoding = 4; lastKnownFileType = sourcecode.c.h; path = STLayerService.h; sourceTree = "<group>"; };
		D65F71BC1D6B7482005F2546 /* STLayerService.m */ = {isa = PBXFileReference; fileEncoding = 4; lastKnownFileType = sourcecode.c.objc; path = STLayerService.m; sourceTree = "<group>"; };
		D65F71CB1D6BA164005F2546 /* StaplesTests.xctest */ = {isa = PBXFileReference; explicitFileType = wrapper.cfbundle; includeInIndex = 0; path = StaplesTests.xctest; sourceTree = BUILT_PRODUCTS_DIR; };
		D65F71CF1D6BA164005F2546 /* Info.plist */ = {isa = PBXFileReference; lastKnownFileType = text.plist.xml; path = Info.plist; sourceTree = "<group>"; };
		D68FEF1D1D6CE4E4006AEFC6 /* STMultipleProductBaseCollectionViewCell.h */ = {isa = PBXFileReference; fileEncoding = 4; lastKnownFileType = sourcecode.c.h; path = STMultipleProductBaseCollectionViewCell.h; sourceTree = "<group>"; };
		D68FEF1E1D6CE4E4006AEFC6 /* STMultipleProductBaseCollectionViewCell.m */ = {isa = PBXFileReference; fileEncoding = 4; lastKnownFileType = sourcecode.c.objc; path = STMultipleProductBaseCollectionViewCell.m; sourceTree = "<group>"; };
		D68FEF201D6CE4F3006AEFC6 /* STMultipleProductsCollectionViewLayout.h */ = {isa = PBXFileReference; fileEncoding = 4; lastKnownFileType = sourcecode.c.h; path = STMultipleProductsCollectionViewLayout.h; sourceTree = "<group>"; };
		D68FEF211D6CE4F3006AEFC6 /* STMultipleProductsCollectionViewLayout.m */ = {isa = PBXFileReference; fileEncoding = 4; lastKnownFileType = sourcecode.c.objc; path = STMultipleProductsCollectionViewLayout.m; sourceTree = "<group>"; };
		D68FEF231D6CE50D006AEFC6 /* STProductCollectionViewCell.h */ = {isa = PBXFileReference; fileEncoding = 4; lastKnownFileType = sourcecode.c.h; path = STProductCollectionViewCell.h; sourceTree = "<group>"; };
		D68FEF241D6CE50D006AEFC6 /* STProductCollectionViewCell.m */ = {isa = PBXFileReference; fileEncoding = 4; lastKnownFileType = sourcecode.c.objc; path = STProductCollectionViewCell.m; sourceTree = "<group>"; };
		D68FEF251D6CE50D006AEFC6 /* STProductCollectionViewCell.xib */ = {isa = PBXFileReference; fileEncoding = 4; lastKnownFileType = file.xib; path = STProductCollectionViewCell.xib; sourceTree = "<group>"; };
		D68FEF281D6CE517006AEFC6 /* STItemCollectionViewCell.h */ = {isa = PBXFileReference; fileEncoding = 4; lastKnownFileType = sourcecode.c.h; path = STItemCollectionViewCell.h; sourceTree = "<group>"; };
		D68FEF291D6CE517006AEFC6 /* STItemCollectionViewCell.m */ = {isa = PBXFileReference; fileEncoding = 4; lastKnownFileType = sourcecode.c.objc; path = STItemCollectionViewCell.m; sourceTree = "<group>"; };
		D68FEF2A1D6CE517006AEFC6 /* STItemCollectionViewCell.xib */ = {isa = PBXFileReference; fileEncoding = 4; lastKnownFileType = file.xib; path = STItemCollectionViewCell.xib; sourceTree = "<group>"; };
		D68FEF2D1D6CE524006AEFC6 /* STAddressCollectionViewCell.h */ = {isa = PBXFileReference; fileEncoding = 4; lastKnownFileType = sourcecode.c.h; path = STAddressCollectionViewCell.h; sourceTree = "<group>"; };
		D68FEF2E1D6CE524006AEFC6 /* STAddressCollectionViewCell.m */ = {isa = PBXFileReference; fileEncoding = 4; lastKnownFileType = sourcecode.c.objc; path = STAddressCollectionViewCell.m; sourceTree = "<group>"; };
		D68FEF2F1D6CE524006AEFC6 /* STAddressCollectionViewCell.xib */ = {isa = PBXFileReference; fileEncoding = 4; lastKnownFileType = file.xib; path = STAddressCollectionViewCell.xib; sourceTree = "<group>"; };
		D68FEF321D6CE52E006AEFC6 /* STShippingCollectionViewCell.h */ = {isa = PBXFileReference; fileEncoding = 4; lastKnownFileType = sourcecode.c.h; path = STShippingCollectionViewCell.h; sourceTree = "<group>"; };
		D68FEF331D6CE52E006AEFC6 /* STShippingCollectionViewCell.m */ = {isa = PBXFileReference; fileEncoding = 4; lastKnownFileType = sourcecode.c.objc; path = STShippingCollectionViewCell.m; sourceTree = "<group>"; };
		D68FEF341D6CE52E006AEFC6 /* STShippingCollectionViewCell.xib */ = {isa = PBXFileReference; fileEncoding = 4; lastKnownFileType = file.xib; path = STShippingCollectionViewCell.xib; sourceTree = "<group>"; };
		D68FEF371D6CE536006AEFC6 /* STCellContainerView.h */ = {isa = PBXFileReference; fileEncoding = 4; lastKnownFileType = sourcecode.c.h; path = STCellContainerView.h; sourceTree = "<group>"; };
		D68FEF381D6CE536006AEFC6 /* STCellContainerView.m */ = {isa = PBXFileReference; fileEncoding = 4; lastKnownFileType = sourcecode.c.objc; path = STCellContainerView.m; sourceTree = "<group>"; };
		D68FEF3F1D6CE553006AEFC6 /* STProductItem.h */ = {isa = PBXFileReference; fileEncoding = 4; lastKnownFileType = sourcecode.c.h; path = STProductItem.h; sourceTree = "<group>"; };
		D68FEF401D6CE553006AEFC6 /* STProductItem.m */ = {isa = PBXFileReference; fileEncoding = 4; lastKnownFileType = sourcecode.c.objc; path = STProductItem.m; sourceTree = "<group>"; };
		D68FEF411D6CE553006AEFC6 /* STReward.h */ = {isa = PBXFileReference; fileEncoding = 4; lastKnownFileType = sourcecode.c.h; path = STReward.h; sourceTree = "<group>"; };
		D68FEF421D6CE553006AEFC6 /* STReward.m */ = {isa = PBXFileReference; fileEncoding = 4; lastKnownFileType = sourcecode.c.objc; path = STReward.m; sourceTree = "<group>"; };
		D68FEF451D6CE56C006AEFC6 /* STReorderCollectionViewCell.h */ = {isa = PBXFileReference; fileEncoding = 4; lastKnownFileType = sourcecode.c.h; path = STReorderCollectionViewCell.h; sourceTree = "<group>"; };
		D68FEF461D6CE56C006AEFC6 /* STReorderCollectionViewCell.m */ = {isa = PBXFileReference; fileEncoding = 4; lastKnownFileType = sourcecode.c.objc; path = STReorderCollectionViewCell.m; sourceTree = "<group>"; };
		D68FEF471D6CE56C006AEFC6 /* STReorderCollectionViewCell.xib */ = {isa = PBXFileReference; fileEncoding = 4; lastKnownFileType = file.xib; path = STReorderCollectionViewCell.xib; sourceTree = "<group>"; };
		D68FEF4A1D6CE577006AEFC6 /* STReorderItemCollectionViewCell.h */ = {isa = PBXFileReference; fileEncoding = 4; lastKnownFileType = sourcecode.c.h; path = STReorderItemCollectionViewCell.h; sourceTree = "<group>"; };
		D68FEF4B1D6CE577006AEFC6 /* STReorderItemCollectionViewCell.m */ = {isa = PBXFileReference; fileEncoding = 4; lastKnownFileType = sourcecode.c.objc; path = STReorderItemCollectionViewCell.m; sourceTree = "<group>"; };
		D68FEF4C1D6CE577006AEFC6 /* STReorderItemCollectionViewCell.xib */ = {isa = PBXFileReference; fileEncoding = 4; lastKnownFileType = file.xib; path = STReorderItemCollectionViewCell.xib; sourceTree = "<group>"; };
		D68FEF4F1D6CE583006AEFC6 /* STUtilities.h */ = {isa = PBXFileReference; fileEncoding = 4; lastKnownFileType = sourcecode.c.h; path = STUtilities.h; sourceTree = "<group>"; };
		D68FEF501D6CE583006AEFC6 /* STUtilities.m */ = {isa = PBXFileReference; fileEncoding = 4; lastKnownFileType = sourcecode.c.objc; path = STUtilities.m; sourceTree = "<group>"; };
		D68FEF521D6CE58B006AEFC6 /* s0854503_s7.jpg */ = {isa = PBXFileReference; lastKnownFileType = image.jpeg; path = s0854503_s7.jpg; sourceTree = "<group>"; };
		D68FEF541D6CE5A0006AEFC6 /* STMessageInputToolbar.h */ = {isa = PBXFileReference; fileEncoding = 4; lastKnownFileType = sourcecode.c.h; path = STMessageInputToolbar.h; sourceTree = "<group>"; };
		D68FEF551D6CE5A0006AEFC6 /* STMessageInputToolbar.m */ = {isa = PBXFileReference; fileEncoding = 4; lastKnownFileType = sourcecode.c.objc; path = STMessageInputToolbar.m; sourceTree = "<group>"; };
		D68FEF571D6CE5AA006AEFC6 /* STMultipleActionInputScrollView.h */ = {isa = PBXFileReference; fileEncoding = 4; lastKnownFileType = sourcecode.c.h; path = STMultipleActionInputScrollView.h; sourceTree = "<group>"; };
		D68FEF581D6CE5AA006AEFC6 /* STMultipleActionInputScrollView.m */ = {isa = PBXFileReference; fileEncoding = 4; lastKnownFileType = sourcecode.c.objc; path = STMultipleActionInputScrollView.m; sourceTree = "<group>"; };
		D68FEF5A1D6CE5B4006AEFC6 /* STMultipleActionInputView.h */ = {isa = PBXFileReference; fileEncoding = 4; lastKnownFileType = sourcecode.c.h; path = STMultipleActionInputView.h; sourceTree = "<group>"; };
		D68FEF5B1D6CE5B4006AEFC6 /* STMultipleActionInputView.m */ = {isa = PBXFileReference; fileEncoding = 4; lastKnownFileType = sourcecode.c.objc; path = STMultipleActionInputView.m; sourceTree = "<group>"; };
		D68FEF5D1D6CE5BC006AEFC6 /* STActionInputView.h */ = {isa = PBXFileReference; fileEncoding = 4; lastKnownFileType = sourcecode.c.h; path = STActionInputView.h; sourceTree = "<group>"; };
		D68FEF5E1D6CE5BC006AEFC6 /* STActionInputView.m */ = {isa = PBXFileReference; fileEncoding = 4; lastKnownFileType = sourcecode.c.objc; path = STActionInputView.m; sourceTree = "<group>"; };
		D68FEF601D6CE5C6006AEFC6 /* STActionButton.h */ = {isa = PBXFileReference; fileEncoding = 4; lastKnownFileType = sourcecode.c.h; path = STActionButton.h; sourceTree = "<group>"; };
		D68FEF611D6CE5C6006AEFC6 /* STActionButton.m */ = {isa = PBXFileReference; fileEncoding = 4; lastKnownFileType = sourcecode.c.objc; path = STActionButton.m; sourceTree = "<group>"; };
		D68FEF631D6CE5D2006AEFC6 /* STMultiSelectionBar.h */ = {isa = PBXFileReference; fileEncoding = 4; lastKnownFileType = sourcecode.c.h; path = STMultiSelectionBar.h; sourceTree = "<group>"; };
		D68FEF641D6CE5D2006AEFC6 /* STMultiSelectionBar.m */ = {isa = PBXFileReference; fileEncoding = 4; lastKnownFileType = sourcecode.c.objc; path = STMultiSelectionBar.m; sourceTree = "<group>"; };
		D68FEF661D6CE5DD006AEFC6 /* STInvertedButton.h */ = {isa = PBXFileReference; fileEncoding = 4; lastKnownFileType = sourcecode.c.h; path = STInvertedButton.h; sourceTree = "<group>"; };
		D68FEF671D6CE5DD006AEFC6 /* STInvertedButton.m */ = {isa = PBXFileReference; fileEncoding = 4; lastKnownFileType = sourcecode.c.objc; path = STInvertedButton.m; sourceTree = "<group>"; };
		D68FEF691D6CE5E7006AEFC6 /* STMultiSelectionBarBevelView.h */ = {isa = PBXFileReference; fileEncoding = 4; lastKnownFileType = sourcecode.c.h; path = STMultiSelectionBarBevelView.h; sourceTree = "<group>"; };
		D68FEF6A1D6CE5E7006AEFC6 /* STMultiSelectionBarBevelView.m */ = {isa = PBXFileReference; fileEncoding = 4; lastKnownFileType = sourcecode.c.objc; path = STMultiSelectionBarBevelView.m; sourceTree = "<group>"; };
		D695B66C1D6E005A0087A4D1 /* STARewardCollectionViewCell.h */ = {isa = PBXFileReference; fileEncoding = 4; lastKnownFileType = sourcecode.c.h; path = STARewardCollectionViewCell.h; sourceTree = "<group>"; };
		D695B66D1D6E005A0087A4D1 /* STARewardCollectionViewCell.m */ = {isa = PBXFileReference; fileEncoding = 4; lastKnownFileType = sourcecode.c.objc; path = STARewardCollectionViewCell.m; sourceTree = "<group>"; };
		D695B66E1D6E005A0087A4D1 /* STARewardCollectionViewCell.xib */ = {isa = PBXFileReference; fileEncoding = 4; lastKnownFileType = file.xib; path = STARewardCollectionViewCell.xib; sourceTree = "<group>"; };
		D697616C1D660AEE00F3369F /* Staples.app */ = {isa = PBXFileReference; explicitFileType = wrapper.application; includeInIndex = 0; path = Staples.app; sourceTree = BUILT_PRODUCTS_DIR; };
		D69761701D660AEE00F3369F /* main.m */ = {isa = PBXFileReference; lastKnownFileType = sourcecode.c.objc; path = main.m; sourceTree = "<group>"; };
		D69761721D660AEE00F3369F /* AppDelegate.h */ = {isa = PBXFileReference; lastKnownFileType = sourcecode.c.h; path = AppDelegate.h; sourceTree = "<group>"; };
		D69761731D660AEE00F3369F /* AppDelegate.m */ = {isa = PBXFileReference; lastKnownFileType = sourcecode.c.objc; path = AppDelegate.m; sourceTree = "<group>"; };
		D69761791D660AEE00F3369F /* Base */ = {isa = PBXFileReference; lastKnownFileType = file.storyboard; name = Base; path = Base.lproj/Main.storyboard; sourceTree = "<group>"; };
		D697617B1D660AEE00F3369F /* Assets.xcassets */ = {isa = PBXFileReference; lastKnownFileType = folder.assetcatalog; path = Assets.xcassets; sourceTree = "<group>"; };
		D697617E1D660AEE00F3369F /* Base */ = {isa = PBXFileReference; lastKnownFileType = file.storyboard; name = Base; path = Base.lproj/LaunchScreen.storyboard; sourceTree = "<group>"; };
		D69761801D660AEE00F3369F /* Info.plist */ = {isa = PBXFileReference; lastKnownFileType = text.plist.xml; path = Info.plist; sourceTree = "<group>"; };
		D69761861D660FBA00F3369F /* STConversationViewController.h */ = {isa = PBXFileReference; fileEncoding = 4; lastKnownFileType = sourcecode.c.h; path = STConversationViewController.h; sourceTree = "<group>"; };
		D69761871D660FBA00F3369F /* STConversationViewController.m */ = {isa = PBXFileReference; fileEncoding = 4; lastKnownFileType = sourcecode.c.objc; path = STConversationViewController.m; sourceTree = "<group>"; };
		D6CFC3AB1D6BF69E00F3F2F1 /* STLayerServiceTest.m */ = {isa = PBXFileReference; fileEncoding = 4; lastKnownFileType = sourcecode.c.objc; path = STLayerServiceTest.m; sourceTree = "<group>"; };
/* End PBXFileReference section */

/* Begin PBXFrameworksBuildPhase section */
		D65F71C81D6BA164005F2546 /* Frameworks */ = {
			isa = PBXFrameworksBuildPhase;
			buildActionMask = 2147483647;
			files = (
				620E15FA3F1DD1FB26C366C1 /* Pods_StaplesTests.framework in Frameworks */,
			);
			runOnlyForDeploymentPostprocessing = 0;
		};
		D69761691D660AEE00F3369F /* Frameworks */ = {
			isa = PBXFrameworksBuildPhase;
			buildActionMask = 2147483647;
			files = (
				3414E0202F8AD103A56840B2 /* Pods_Staples.framework in Frameworks */,
			);
			runOnlyForDeploymentPostprocessing = 0;
		};
/* End PBXFrameworksBuildPhase section */

/* Begin PBXGroup section */
		3486CD011D6779130041E2F7 /* STMultipleProductCollectionViewCell */ = {
			isa = PBXGroup;
			children = (
				D68FEF1D1D6CE4E4006AEFC6 /* STMultipleProductBaseCollectionViewCell.h */,
				D68FEF1E1D6CE4E4006AEFC6 /* STMultipleProductBaseCollectionViewCell.m */,
				D68FEF071D6C0578006AEFC6 /* STItemCollectionViewCell */,
				3486CD0B1D679E6B0041E2F7 /* STProductCollectionViewCell */,
				3486CD181D67A9D70041E2F7 /* Collection View Layout */,
			);
			name = STMultipleProductCollectionViewCell;
			sourceTree = "<group>";
		};
		3486CD071D677B8F0041E2F7 /* Assets */ = {
			isa = PBXGroup;
			children = (
				D68FEF521D6CE58B006AEFC6 /* s0854503_s7.jpg */,
			);
			name = Assets;
			path = Staples;
			sourceTree = "<group>";
		};
		3486CD0B1D679E6B0041E2F7 /* STProductCollectionViewCell */ = {
			isa = PBXGroup;
			children = (
				D68FEF231D6CE50D006AEFC6 /* STProductCollectionViewCell.h */,
				D68FEF241D6CE50D006AEFC6 /* STProductCollectionViewCell.m */,
				D68FEF251D6CE50D006AEFC6 /* STProductCollectionViewCell.xib */,
			);
			name = STProductCollectionViewCell;
			sourceTree = "<group>";
		};
		3486CD141D67A46E0041E2F7 /* Model */ = {
			isa = PBXGroup;
			children = (
				D68FEF3F1D6CE553006AEFC6 /* STProductItem.h */,
				D68FEF401D6CE553006AEFC6 /* STProductItem.m */,
				D68FEF411D6CE553006AEFC6 /* STReward.h */,
				D68FEF421D6CE553006AEFC6 /* STReward.m */,
			);
			name = Model;
			path = Staples;
			sourceTree = "<group>";
		};
		3486CD181D67A9D70041E2F7 /* Collection View Layout */ = {
			isa = PBXGroup;
			children = (
				D68FEF201D6CE4F3006AEFC6 /* STMultipleProductsCollectionViewLayout.h */,
				D68FEF211D6CE4F3006AEFC6 /* STMultipleProductsCollectionViewLayout.m */,
			);
			name = "Collection View Layout";
			sourceTree = "<group>";
		};
		34A8A4A91D6CB81A00245773 /* STMultiSelectionBar */ = {
			isa = PBXGroup;
			children = (
				D68FEF631D6CE5D2006AEFC6 /* STMultiSelectionBar.h */,
				D68FEF641D6CE5D2006AEFC6 /* STMultiSelectionBar.m */,
				34A8A4B41D6CD66900245773 /* STMultiSelectionBarBevelView */,
				34A8A4AA1D6CB86300245773 /* STInvertedButton */,
			);
			name = STMultiSelectionBar;
			sourceTree = "<group>";
		};
		34A8A4AA1D6CB86300245773 /* STInvertedButton */ = {
			isa = PBXGroup;
			children = (
				D68FEF661D6CE5DD006AEFC6 /* STInvertedButton.h */,
				D68FEF671D6CE5DD006AEFC6 /* STInvertedButton.m */,
			);
			name = STInvertedButton;
			sourceTree = "<group>";
		};
		34A8A4B41D6CD66900245773 /* STMultiSelectionBarBevelView */ = {
			isa = PBXGroup;
			children = (
				D68FEF691D6CE5E7006AEFC6 /* STMultiSelectionBarBevelView.h */,
				D68FEF6A1D6CE5E7006AEFC6 /* STMultiSelectionBarBevelView.m */,
			);
			name = STMultiSelectionBarBevelView;
			sourceTree = "<group>";
		};
		5D7BC486E268FE80EA4B3D58 /* Pods */ = {
			isa = PBXGroup;
			children = (
				C2B72ABA2CB0359A53DA8545 /* Pods-Staples.debug.xcconfig */,
				3BFBB829A1CF8E97CB27CEF3 /* Pods-Staples.release.xcconfig */,
				D5B93285FFEE36FC4B96057A /* Pods-StaplesTests.debug.xcconfig */,
				4D990FC6DACC7B0851AC14C9 /* Pods-StaplesTests.release.xcconfig */,
			);
			name = Pods;
			sourceTree = "<group>";
		};
		CA827BFF73C5DF49B48F4351 /* Frameworks */ = {
			isa = PBXGroup;
			children = (
				7BCAFA925975ACD65020CCDD /* Pods_Staples.framework */,
				9A6FE70533FF01DB0B851460 /* Pods_StaplesTests.framework */,
			);
			name = Frameworks;
			sourceTree = "<group>";
		};
		D65F71BE1D6B7A0D005F2546 /* STAddressCollectionViewCell */ = {
			isa = PBXGroup;
			children = (
				D68FEF2D1D6CE524006AEFC6 /* STAddressCollectionViewCell.h */,
				D68FEF2E1D6CE524006AEFC6 /* STAddressCollectionViewCell.m */,
				D68FEF2F1D6CE524006AEFC6 /* STAddressCollectionViewCell.xib */,
			);
			name = STAddressCollectionViewCell;
			sourceTree = "<group>";
		};
		D65F71BF1D6B7A17005F2546 /* STShippingCollectionViewCell */ = {
			isa = PBXGroup;
			children = (
				D68FEF321D6CE52E006AEFC6 /* STShippingCollectionViewCell.h */,
				D68FEF331D6CE52E006AEFC6 /* STShippingCollectionViewCell.m */,
				D68FEF341D6CE52E006AEFC6 /* STShippingCollectionViewCell.xib */,
			);
			name = STShippingCollectionViewCell;
			sourceTree = "<group>";
		};
		D65F71C01D6B7A27005F2546 /* Shared */ = {
			isa = PBXGroup;
			children = (
				D68FEF371D6CE536006AEFC6 /* STCellContainerView.h */,
				D68FEF381D6CE536006AEFC6 /* STCellContainerView.m */,
			);
			name = Shared;
			sourceTree = "<group>";
		};
		D65F71C11D6B7A3B005F2546 /* STMultipleActionInputView */ = {
			isa = PBXGroup;
			children = (
				D68FEF571D6CE5AA006AEFC6 /* STMultipleActionInputScrollView.h */,
				D68FEF581D6CE5AA006AEFC6 /* STMultipleActionInputScrollView.m */,
				D68FEF5A1D6CE5B4006AEFC6 /* STMultipleActionInputView.h */,
				D68FEF5B1D6CE5B4006AEFC6 /* STMultipleActionInputView.m */,
				D68FEF5D1D6CE5BC006AEFC6 /* STActionInputView.h */,
				D68FEF5E1D6CE5BC006AEFC6 /* STActionInputView.m */,
				D68FEF601D6CE5C6006AEFC6 /* STActionButton.h */,
				D68FEF611D6CE5C6006AEFC6 /* STActionButton.m */,
			);
			name = STMultipleActionInputView;
			sourceTree = "<group>";
		};
		D65F71C21D6B7A6C005F2546 /* STMessageInputToolbar */ = {
			isa = PBXGroup;
			children = (
				D68FEF541D6CE5A0006AEFC6 /* STMessageInputToolbar.h */,
				D68FEF551D6CE5A0006AEFC6 /* STMessageInputToolbar.m */,
			);
			name = STMessageInputToolbar;
			sourceTree = "<group>";
		};
		D65F71C31D6B7A7D005F2546 /* Utilities */ = {
			isa = PBXGroup;
			children = (
				D68FEF4F1D6CE583006AEFC6 /* STUtilities.h */,
				D68FEF501D6CE583006AEFC6 /* STUtilities.m */,
			);
			name = Utilities;
			path = Staples;
			sourceTree = "<group>";
		};
		D65F71CC1D6BA164005F2546 /* StaplesTests */ = {
			isa = PBXGroup;
			children = (
				D6CFC3AB1D6BF69E00F3F2F1 /* STLayerServiceTest.m */,
				D65F71CF1D6BA164005F2546 /* Info.plist */,
			);
			path = StaplesTests;
			sourceTree = "<group>";
		};
		D65F71D81D6BB4A1005F2546 /* STARewardCollectionViewCell */ = {
			isa = PBXGroup;
			children = (
				D695B66C1D6E005A0087A4D1 /* STARewardCollectionViewCell.h */,
				D695B66D1D6E005A0087A4D1 /* STARewardCollectionViewCell.m */,
				D695B66E1D6E005A0087A4D1 /* STARewardCollectionViewCell.xib */,
			);
			name = STARewardCollectionViewCell;
			sourceTree = "<group>";
		};
		D68FEF011D6BFC4B006AEFC6 /* STReorderCollectionViewCell */ = {
			isa = PBXGroup;
			children = (
				D68FEF451D6CE56C006AEFC6 /* STReorderCollectionViewCell.h */,
				D68FEF461D6CE56C006AEFC6 /* STReorderCollectionViewCell.m */,
				D68FEF471D6CE56C006AEFC6 /* STReorderCollectionViewCell.xib */,
				D68FEF171D6CC456006AEFC6 /* STReorderItemCollectionViewCell */,
			);
			name = STReorderCollectionViewCell;
			sourceTree = "<group>";
		};
		D68FEF071D6C0578006AEFC6 /* STItemCollectionViewCell */ = {
			isa = PBXGroup;
			children = (
				D68FEF281D6CE517006AEFC6 /* STItemCollectionViewCell.h */,
				D68FEF291D6CE517006AEFC6 /* STItemCollectionViewCell.m */,
				D68FEF2A1D6CE517006AEFC6 /* STItemCollectionViewCell.xib */,
			);
			name = STItemCollectionViewCell;
			sourceTree = "<group>";
		};
		D68FEF151D6CBA32006AEFC6 /* Views */ = {
			isa = PBXGroup;
			children = (
				34A8A4A91D6CB81A00245773 /* STMultiSelectionBar */,
				D65F71C21D6B7A6C005F2546 /* STMessageInputToolbar */,
				D65F71C11D6B7A3B005F2546 /* STMultipleActionInputView */,
			);
			name = Views;
			path = Staples;
			sourceTree = "<group>";
		};
		D68FEF171D6CC456006AEFC6 /* STReorderItemCollectionViewCell */ = {
			isa = PBXGroup;
			children = (
				D68FEF4A1D6CE577006AEFC6 /* STReorderItemCollectionViewCell.h */,
				D68FEF4B1D6CE577006AEFC6 /* STReorderItemCollectionViewCell.m */,
				D68FEF4C1D6CE577006AEFC6 /* STReorderItemCollectionViewCell.xib */,
			);
			name = STReorderItemCollectionViewCell;
			sourceTree = "<group>";
		};
		D68FEF6C1D6CE5F1006AEFC6 /* Code */ = {
			isa = PBXGroup;
			children = (
				D68FEF151D6CBA32006AEFC6 /* Views */,
				3486CD141D67A46E0041E2F7 /* Model */,
				3486CD071D677B8F0041E2F7 /* Assets */,
				D65F71C31D6B7A7D005F2546 /* Utilities */,
				D6F858831D6786480027F195 /* Cells */,
			);
			name = Code;
			sourceTree = "<group>";
		};
		D69761631D660AEE00F3369F = {
			isa = PBXGroup;
			children = (
				D68FEF6C1D6CE5F1006AEFC6 /* Code */,
				D697616E1D660AEE00F3369F /* Staples */,
				5D7BC486E268FE80EA4B3D58 /* Pods */,
				D65F71CC1D6BA164005F2546 /* StaplesTests */,
				CA827BFF73C5DF49B48F4351 /* Frameworks */,
			);
			sourceTree = "<group>";
		};
		D697616D1D660AEE00F3369F /* Products */ = {
			isa = PBXGroup;
			children = (
				D697616C1D660AEE00F3369F /* Staples.app */,
				D65F71CB1D6BA164005F2546 /* StaplesTests.xctest */,
			);
			name = Products;
			path = ..;
			sourceTree = "<group>";
		};
		D697616E1D660AEE00F3369F /* Staples */ = {
			isa = PBXGroup;
			children = (
				D69761721D660AEE00F3369F /* AppDelegate.h */,
				D69761731D660AEE00F3369F /* AppDelegate.m */,
				D69761861D660FBA00F3369F /* STConversationViewController.h */,
				D69761871D660FBA00F3369F /* STConversationViewController.m */,
				D65F71BB1D6B7482005F2546 /* STLayerService.h */,
				D65F71BC1D6B7482005F2546 /* STLayerService.m */,
				D69761781D660AEE00F3369F /* Main.storyboard */,
				D697617B1D660AEE00F3369F /* Assets.xcassets */,
				D697617D1D660AEE00F3369F /* LaunchScreen.storyboard */,
				D69761801D660AEE00F3369F /* Info.plist */,
				D697616F1D660AEE00F3369F /* Supporting Files */,
			);
			path = Staples;
			sourceTree = "<group>";
		};
		D697616F1D660AEE00F3369F /* Supporting Files */ = {
			isa = PBXGroup;
			children = (
				D697616D1D660AEE00F3369F /* Products */,
				D69761701D660AEE00F3369F /* main.m */,
			);
			name = "Supporting Files";
			sourceTree = "<group>";
		};
		D6F858831D6786480027F195 /* Cells */ = {
			isa = PBXGroup;
			children = (
				D68FEF011D6BFC4B006AEFC6 /* STReorderCollectionViewCell */,
				D65F71D81D6BB4A1005F2546 /* STARewardCollectionViewCell */,
				D65F71C01D6B7A27005F2546 /* Shared */,
				D65F71BF1D6B7A17005F2546 /* STShippingCollectionViewCell */,
				D65F71BE1D6B7A0D005F2546 /* STAddressCollectionViewCell */,
				3486CD011D6779130041E2F7 /* STMultipleProductCollectionViewCell */,
			);
			name = Cells;
			path = Staples;
			sourceTree = "<group>";
		};
/* End PBXGroup section */

/* Begin PBXNativeTarget section */
		D65F71CA1D6BA164005F2546 /* StaplesTests */ = {
			isa = PBXNativeTarget;
			buildConfigurationList = D65F71D21D6BA164005F2546 /* Build configuration list for PBXNativeTarget "StaplesTests" */;
			buildPhases = (
				CB462ABE9D1461AB86496C49 /* [CP] Check Pods Manifest.lock */,
				D65F71C71D6BA164005F2546 /* Sources */,
				D65F71C81D6BA164005F2546 /* Frameworks */,
				D65F71C91D6BA164005F2546 /* Resources */,
				5479A5B29B71754A497795F8 /* [CP] Embed Pods Frameworks */,
				EA6D105EE6E7ED08B73D2B63 /* [CP] Copy Pods Resources */,
			);
			buildRules = (
			);
			dependencies = (
				D65F71D11D6BA164005F2546 /* PBXTargetDependency */,
			);
			name = StaplesTests;
			productName = StaplesTests;
			productReference = D65F71CB1D6BA164005F2546 /* StaplesTests.xctest */;
			productType = "com.apple.product-type.bundle.unit-test";
		};
		D697616B1D660AEE00F3369F /* Staples */ = {
			isa = PBXNativeTarget;
			buildConfigurationList = D69761831D660AEE00F3369F /* Build configuration list for PBXNativeTarget "Staples" */;
			buildPhases = (
				9E663FEA58CED5434D20F0D9 /* [CP] Check Pods Manifest.lock */,
				D69761681D660AEE00F3369F /* Sources */,
				D69761691D660AEE00F3369F /* Frameworks */,
				D697616A1D660AEE00F3369F /* Resources */,
				CE9025D03C9C1CE94159D463 /* [CP] Embed Pods Frameworks */,
				C0CF2103DB4CACEA24B64885 /* [CP] Copy Pods Resources */,
			);
			buildRules = (
			);
			dependencies = (
			);
			name = Staples;
			productName = Staples;
			productReference = D697616C1D660AEE00F3369F /* Staples.app */;
			productType = "com.apple.product-type.application";
		};
/* End PBXNativeTarget section */

/* Begin PBXProject section */
		D69761641D660AEE00F3369F /* Project object */ = {
			isa = PBXProject;
			attributes = {
				LastUpgradeCheck = 0730;
				ORGANIZATIONNAME = Mesh;
				TargetAttributes = {
					D65F71CA1D6BA164005F2546 = {
						CreatedOnToolsVersion = 7.3.1;
						TestTargetID = D697616B1D660AEE00F3369F;
					};
					D697616B1D660AEE00F3369F = {
						CreatedOnToolsVersion = 7.3.1;
					};
				};
			};
			buildConfigurationList = D69761671D660AEE00F3369F /* Build configuration list for PBXProject "Staples" */;
			compatibilityVersion = "Xcode 3.2";
			developmentRegion = English;
			hasScannedForEncodings = 0;
			knownRegions = (
				en,
				Base,
			);
			mainGroup = D69761631D660AEE00F3369F;
			productRefGroup = D697616D1D660AEE00F3369F /* Products */;
			projectDirPath = "";
			projectRoot = "";
			targets = (
				D697616B1D660AEE00F3369F /* Staples */,
				D65F71CA1D6BA164005F2546 /* StaplesTests */,
			);
		};
/* End PBXProject section */

/* Begin PBXResourcesBuildPhase section */
		D65F71C91D6BA164005F2546 /* Resources */ = {
			isa = PBXResourcesBuildPhase;
			buildActionMask = 2147483647;
			files = (
			);
			runOnlyForDeploymentPostprocessing = 0;
		};
		D697616A1D660AEE00F3369F /* Resources */ = {
			isa = PBXResourcesBuildPhase;
			buildActionMask = 2147483647;
			files = (
				D697617F1D660AEE00F3369F /* LaunchScreen.storyboard in Resources */,
				D695B6701D6E005A0087A4D1 /* STARewardCollectionViewCell.xib in Resources */,
				D697617C1D660AEE00F3369F /* Assets.xcassets in Resources */,
				D68FEF491D6CE56C006AEFC6 /* STReorderCollectionViewCell.xib in Resources */,
				D68FEF311D6CE524006AEFC6 /* STAddressCollectionViewCell.xib in Resources */,
				D68FEF271D6CE50D006AEFC6 /* STProductCollectionViewCell.xib in Resources */,
				D68FEF531D6CE58B006AEFC6 /* s0854503_s7.jpg in Resources */,
				D68FEF2C1D6CE517006AEFC6 /* STItemCollectionViewCell.xib in Resources */,
				D697617A1D660AEE00F3369F /* Main.storyboard in Resources */,
				D68FEF4E1D6CE577006AEFC6 /* STReorderItemCollectionViewCell.xib in Resources */,
				D68FEF361D6CE52E006AEFC6 /* STShippingCollectionViewCell.xib in Resources */,
			);
			runOnlyForDeploymentPostprocessing = 0;
		};
/* End PBXResourcesBuildPhase section */

/* Begin PBXShellScriptBuildPhase section */
		5479A5B29B71754A497795F8 /* [CP] Embed Pods Frameworks */ = {
			isa = PBXShellScriptBuildPhase;
			buildActionMask = 2147483647;
			files = (
			);
			inputPaths = (
			);
			name = "[CP] Embed Pods Frameworks";
			outputPaths = (
			);
			runOnlyForDeploymentPostprocessing = 0;
			shellPath = /bin/sh;
			shellScript = "\"${SRCROOT}/Pods/Target Support Files/Pods-StaplesTests/Pods-StaplesTests-frameworks.sh\"\n";
			showEnvVarsInLog = 0;
		};
		9E663FEA58CED5434D20F0D9 /* [CP] Check Pods Manifest.lock */ = {
			isa = PBXShellScriptBuildPhase;
			buildActionMask = 2147483647;
			files = (
			);
			inputPaths = (
			);
			name = "[CP] Check Pods Manifest.lock";
			outputPaths = (
			);
			runOnlyForDeploymentPostprocessing = 0;
			shellPath = /bin/sh;
			shellScript = "diff \"${PODS_ROOT}/../Podfile.lock\" \"${PODS_ROOT}/Manifest.lock\" > /dev/null\nif [ $? != 0 ] ; then\n    # print error to STDERR\n    echo \"error: The sandbox is not in sync with the Podfile.lock. Run 'pod install' or update your CocoaPods installation.\" >&2\n    exit 1\nfi\n";
			showEnvVarsInLog = 0;
		};
		C0CF2103DB4CACEA24B64885 /* [CP] Copy Pods Resources */ = {
			isa = PBXShellScriptBuildPhase;
			buildActionMask = 2147483647;
			files = (
			);
			inputPaths = (
			);
			name = "[CP] Copy Pods Resources";
			outputPaths = (
			);
			runOnlyForDeploymentPostprocessing = 0;
			shellPath = /bin/sh;
			shellScript = "\"${SRCROOT}/Pods/Target Support Files/Pods-Staples/Pods-Staples-resources.sh\"\n";
			showEnvVarsInLog = 0;
		};
		CB462ABE9D1461AB86496C49 /* [CP] Check Pods Manifest.lock */ = {
			isa = PBXShellScriptBuildPhase;
			buildActionMask = 2147483647;
			files = (
			);
			inputPaths = (
			);
			name = "[CP] Check Pods Manifest.lock";
			outputPaths = (
			);
			runOnlyForDeploymentPostprocessing = 0;
			shellPath = /bin/sh;
			shellScript = "diff \"${PODS_ROOT}/../Podfile.lock\" \"${PODS_ROOT}/Manifest.lock\" > /dev/null\nif [ $? != 0 ] ; then\n    # print error to STDERR\n    echo \"error: The sandbox is not in sync with the Podfile.lock. Run 'pod install' or update your CocoaPods installation.\" >&2\n    exit 1\nfi\n";
			showEnvVarsInLog = 0;
		};
		CE9025D03C9C1CE94159D463 /* [CP] Embed Pods Frameworks */ = {
			isa = PBXShellScriptBuildPhase;
			buildActionMask = 2147483647;
			files = (
			);
			inputPaths = (
			);
			name = "[CP] Embed Pods Frameworks";
			outputPaths = (
			);
			runOnlyForDeploymentPostprocessing = 0;
			shellPath = /bin/sh;
			shellScript = "\"${SRCROOT}/Pods/Target Support Files/Pods-Staples/Pods-Staples-frameworks.sh\"\n";
			showEnvVarsInLog = 0;
		};
		EA6D105EE6E7ED08B73D2B63 /* [CP] Copy Pods Resources */ = {
			isa = PBXShellScriptBuildPhase;
			buildActionMask = 2147483647;
			files = (
			);
			inputPaths = (
			);
			name = "[CP] Copy Pods Resources";
			outputPaths = (
			);
			runOnlyForDeploymentPostprocessing = 0;
			shellPath = /bin/sh;
			shellScript = "\"${SRCROOT}/Pods/Target Support Files/Pods-StaplesTests/Pods-StaplesTests-resources.sh\"\n";
			showEnvVarsInLog = 0;
		};
/* End PBXShellScriptBuildPhase section */

/* Begin PBXSourcesBuildPhase section */
		D65F71C71D6BA164005F2546 /* Sources */ = {
			isa = PBXSourcesBuildPhase;
			buildActionMask = 2147483647;
			files = (
				D6CFC3AC1D6BF69E00F3F2F1 /* STLayerServiceTest.m in Sources */,
			);
			runOnlyForDeploymentPostprocessing = 0;
		};
		D69761681D660AEE00F3369F /* Sources */ = {
			isa = PBXSourcesBuildPhase;
			buildActionMask = 2147483647;
			files = (
				D68FEF301D6CE524006AEFC6 /* STAddressCollectionViewCell.m in Sources */,
				D68FEF391D6CE536006AEFC6 /* STCellContainerView.m in Sources */,
				D68FEF351D6CE52E006AEFC6 /* STShippingCollectionViewCell.m in Sources */,
				D68FEF621D6CE5C6006AEFC6 /* STActionButton.m in Sources */,
				D68FEF441D6CE553006AEFC6 /* STReward.m in Sources */,
				D68FEF4D1D6CE577006AEFC6 /* STReorderItemCollectionViewCell.m in Sources */,
				D68FEF481D6CE56C006AEFC6 /* STReorderCollectionViewCell.m in Sources */,
				D69761741D660AEE00F3369F /* AppDelegate.m in Sources */,
				D68FEF6B1D6CE5E7006AEFC6 /* STMultiSelectionBarBevelView.m in Sources */,
				D68FEF2B1D6CE517006AEFC6 /* STItemCollectionViewCell.m in Sources */,
				D68FEF1F1D6CE4E4006AEFC6 /* STMultipleProductBaseCollectionViewCell.m in Sources */,
				D68FEF5C1D6CE5B4006AEFC6 /* STMultipleActionInputView.m in Sources */,
				D69761881D660FBA00F3369F /* STConversationViewController.m in Sources */,
				D68FEF511D6CE583006AEFC6 /* STUtilities.m in Sources */,
				D68FEF221D6CE4F3006AEFC6 /* STMultipleProductsCollectionViewLayout.m in Sources */,
				D68FEF561D6CE5A0006AEFC6 /* STMessageInputToolbar.m in Sources */,
				D68FEF261D6CE50D006AEFC6 /* STProductCollectionViewCell.m in Sources */,
				D68FEF5F1D6CE5BC006AEFC6 /* STActionInputView.m in Sources */,
				D695B66F1D6E005A0087A4D1 /* STARewardCollectionViewCell.m in Sources */,
				D68FEF431D6CE553006AEFC6 /* STProductItem.m in Sources */,
				D69761711D660AEE00F3369F /* main.m in Sources */,
				D65F71BD1D6B7482005F2546 /* STLayerService.m in Sources */,
				D68FEF591D6CE5AA006AEFC6 /* STMultipleActionInputScrollView.m in Sources */,
				D68FEF651D6CE5D2006AEFC6 /* STMultiSelectionBar.m in Sources */,
				D68FEF681D6CE5DD006AEFC6 /* STInvertedButton.m in Sources */,
			);
			runOnlyForDeploymentPostprocessing = 0;
		};
/* End PBXSourcesBuildPhase section */

/* Begin PBXTargetDependency section */
		D65F71D11D6BA164005F2546 /* PBXTargetDependency */ = {
			isa = PBXTargetDependency;
			target = D697616B1D660AEE00F3369F /* Staples */;
			targetProxy = D65F71D01D6BA164005F2546 /* PBXContainerItemProxy */;
		};
/* End PBXTargetDependency section */

/* Begin PBXVariantGroup section */
		D69761781D660AEE00F3369F /* Main.storyboard */ = {
			isa = PBXVariantGroup;
			children = (
				D69761791D660AEE00F3369F /* Base */,
			);
			name = Main.storyboard;
			sourceTree = "<group>";
		};
		D697617D1D660AEE00F3369F /* LaunchScreen.storyboard */ = {
			isa = PBXVariantGroup;
			children = (
				D697617E1D660AEE00F3369F /* Base */,
			);
			name = LaunchScreen.storyboard;
			sourceTree = "<group>";
		};
/* End PBXVariantGroup section */

/* Begin XCBuildConfiguration section */
		D65F71D31D6BA164005F2546 /* Debug */ = {
			isa = XCBuildConfiguration;
			baseConfigurationReference = D5B93285FFEE36FC4B96057A /* Pods-StaplesTests.debug.xcconfig */;
			buildSettings = {
				BUNDLE_LOADER = "$(TEST_HOST)";
				FRAMEWORK_SEARCH_PATHS = (
					"$(inherited)",
					"\"$PODS_CONFIGURATION_BUILD_DIR/Atlas\"",
					"\"$PODS_CONFIGURATION_BUILD_DIR/EDColor\"",
					"\"$PODS_CONFIGURATION_BUILD_DIR/SDWebImage\"",
					"\"${PODS_ROOT}/LayerKit\"",
				);
				INFOPLIST_FILE = StaplesTests/Info.plist;
				LD_RUNPATH_SEARCH_PATHS = "$(inherited) @executable_path/Frameworks @loader_path/Frameworks";
				PRODUCT_BUNDLE_IDENTIFIER = com.mesh.StaplesTests;
				PRODUCT_NAME = "$(TARGET_NAME)";
				TEST_HOST = "$(BUILT_PRODUCTS_DIR)/Staples.app/Staples";
			};
			name = Debug;
		};
		D65F71D41D6BA164005F2546 /* Release */ = {
			isa = XCBuildConfiguration;
			baseConfigurationReference = 4D990FC6DACC7B0851AC14C9 /* Pods-StaplesTests.release.xcconfig */;
			buildSettings = {
				BUNDLE_LOADER = "$(TEST_HOST)";
				INFOPLIST_FILE = StaplesTests/Info.plist;
				LD_RUNPATH_SEARCH_PATHS = "$(inherited) @executable_path/Frameworks @loader_path/Frameworks";
				PRODUCT_BUNDLE_IDENTIFIER = com.mesh.StaplesTests;
				PRODUCT_NAME = "$(TARGET_NAME)";
				TEST_HOST = "$(BUILT_PRODUCTS_DIR)/Staples.app/Staples";
			};
			name = Release;
		};
		D69761811D660AEE00F3369F /* Debug */ = {
			isa = XCBuildConfiguration;
			buildSettings = {
				ALWAYS_SEARCH_USER_PATHS = NO;
				CLANG_ANALYZER_NONNULL = YES;
				CLANG_CXX_LANGUAGE_STANDARD = "gnu++0x";
				CLANG_CXX_LIBRARY = "libc++";
				CLANG_ENABLE_MODULES = YES;
				CLANG_ENABLE_OBJC_ARC = YES;
				CLANG_WARN_BOOL_CONVERSION = YES;
				CLANG_WARN_CONSTANT_CONVERSION = YES;
				CLANG_WARN_DIRECT_OBJC_ISA_USAGE = YES_ERROR;
				CLANG_WARN_EMPTY_BODY = YES;
				CLANG_WARN_ENUM_CONVERSION = YES;
				CLANG_WARN_INT_CONVERSION = YES;
				CLANG_WARN_OBJC_ROOT_CLASS = YES_ERROR;
				CLANG_WARN_UNREACHABLE_CODE = YES;
				CLANG_WARN__DUPLICATE_METHOD_MATCH = YES;
				"CODE_SIGN_IDENTITY[sdk=iphoneos*]" = "iPhone Developer";
				COPY_PHASE_STRIP = NO;
				DEBUG_INFORMATION_FORMAT = dwarf;
				ENABLE_STRICT_OBJC_MSGSEND = YES;
				ENABLE_TESTABILITY = YES;
				GCC_C_LANGUAGE_STANDARD = gnu99;
				GCC_DYNAMIC_NO_PIC = NO;
				GCC_NO_COMMON_BLOCKS = YES;
				GCC_OPTIMIZATION_LEVEL = 0;
				GCC_PREPROCESSOR_DEFINITIONS = (
					"DEBUG=1",
					"$(inherited)",
				);
				GCC_WARN_64_TO_32_BIT_CONVERSION = YES;
				GCC_WARN_ABOUT_RETURN_TYPE = YES_ERROR;
				GCC_WARN_UNDECLARED_SELECTOR = YES;
				GCC_WARN_UNINITIALIZED_AUTOS = YES_AGGRESSIVE;
				GCC_WARN_UNUSED_FUNCTION = YES;
				GCC_WARN_UNUSED_VARIABLE = YES;
				IPHONEOS_DEPLOYMENT_TARGET = 9.3;
				MTL_ENABLE_DEBUG_INFO = YES;
				ONLY_ACTIVE_ARCH = YES;
				SDKROOT = iphoneos;
			};
			name = Debug;
		};
		D69761821D660AEE00F3369F /* Release */ = {
			isa = XCBuildConfiguration;
			buildSettings = {
				ALWAYS_SEARCH_USER_PATHS = NO;
				CLANG_ANALYZER_NONNULL = YES;
				CLANG_CXX_LANGUAGE_STANDARD = "gnu++0x";
				CLANG_CXX_LIBRARY = "libc++";
				CLANG_ENABLE_MODULES = YES;
				CLANG_ENABLE_OBJC_ARC = YES;
				CLANG_WARN_BOOL_CONVERSION = YES;
				CLANG_WARN_CONSTANT_CONVERSION = YES;
				CLANG_WARN_DIRECT_OBJC_ISA_USAGE = YES_ERROR;
				CLANG_WARN_EMPTY_BODY = YES;
				CLANG_WARN_ENUM_CONVERSION = YES;
				CLANG_WARN_INT_CONVERSION = YES;
				CLANG_WARN_OBJC_ROOT_CLASS = YES_ERROR;
				CLANG_WARN_UNREACHABLE_CODE = YES;
				CLANG_WARN__DUPLICATE_METHOD_MATCH = YES;
				"CODE_SIGN_IDENTITY[sdk=iphoneos*]" = "iPhone Developer";
				COPY_PHASE_STRIP = NO;
				DEBUG_INFORMATION_FORMAT = "dwarf-with-dsym";
				ENABLE_NS_ASSERTIONS = NO;
				ENABLE_STRICT_OBJC_MSGSEND = YES;
				GCC_C_LANGUAGE_STANDARD = gnu99;
				GCC_NO_COMMON_BLOCKS = YES;
				GCC_WARN_64_TO_32_BIT_CONVERSION = YES;
				GCC_WARN_ABOUT_RETURN_TYPE = YES_ERROR;
				GCC_WARN_UNDECLARED_SELECTOR = YES;
				GCC_WARN_UNINITIALIZED_AUTOS = YES_AGGRESSIVE;
				GCC_WARN_UNUSED_FUNCTION = YES;
				GCC_WARN_UNUSED_VARIABLE = YES;
				IPHONEOS_DEPLOYMENT_TARGET = 9.3;
				MTL_ENABLE_DEBUG_INFO = NO;
				SDKROOT = iphoneos;
				VALIDATE_PRODUCT = YES;
			};
			name = Release;
		};
		D69761841D660AEE00F3369F /* Debug */ = {
			isa = XCBuildConfiguration;
			baseConfigurationReference = C2B72ABA2CB0359A53DA8545 /* Pods-Staples.debug.xcconfig */;
			buildSettings = {
				ASSETCATALOG_COMPILER_APPICON_NAME = AppIcon;
				INFOPLIST_FILE = Staples/Info.plist;
				IPHONEOS_DEPLOYMENT_TARGET = 9.3;
				LD_RUNPATH_SEARCH_PATHS = "$(inherited) @executable_path/Frameworks";
				PRODUCT_BUNDLE_IDENTIFIER = com.mesh.Staples;
				PRODUCT_NAME = "$(TARGET_NAME)";
			};
			name = Debug;
		};
		D69761851D660AEE00F3369F /* Release */ = {
			isa = XCBuildConfiguration;
			baseConfigurationReference = 3BFBB829A1CF8E97CB27CEF3 /* Pods-Staples.release.xcconfig */;
			buildSettings = {
				ASSETCATALOG_COMPILER_APPICON_NAME = AppIcon;
				INFOPLIST_FILE = Staples/Info.plist;
				IPHONEOS_DEPLOYMENT_TARGET = 9.3;
				LD_RUNPATH_SEARCH_PATHS = "$(inherited) @executable_path/Frameworks";
				PRODUCT_BUNDLE_IDENTIFIER = com.mesh.Staples;
				PRODUCT_NAME = "$(TARGET_NAME)";
			};
			name = Release;
		};
/* End XCBuildConfiguration section */

/* Begin XCConfigurationList section */
		D65F71D21D6BA164005F2546 /* Build configuration list for PBXNativeTarget "StaplesTests" */ = {
			isa = XCConfigurationList;
			buildConfigurations = (
				D65F71D31D6BA164005F2546 /* Debug */,
				D65F71D41D6BA164005F2546 /* Release */,
			);
			defaultConfigurationIsVisible = 0;
			defaultConfigurationName = Release;
		};
		D69761671D660AEE00F3369F /* Build configuration list for PBXProject "Staples" */ = {
			isa = XCConfigurationList;
			buildConfigurations = (
				D69761811D660AEE00F3369F /* Debug */,
				D69761821D660AEE00F3369F /* Release */,
			);
			defaultConfigurationIsVisible = 0;
			defaultConfigurationName = Release;
		};
		D69761831D660AEE00F3369F /* Build configuration list for PBXNativeTarget "Staples" */ = {
			isa = XCConfigurationList;
			buildConfigurations = (
				D69761841D660AEE00F3369F /* Debug */,
				D69761851D660AEE00F3369F /* Release */,
			);
			defaultConfigurationIsVisible = 0;
			defaultConfigurationName = Release;
		};
/* End XCConfigurationList section */
	};
	rootObject = D69761641D660AEE00F3369F /* Project object */;
}
