// !$*UTF8*$!
{
	archiveVersion = 1;
	classes = {
	};
	objectVersion = 46;
	objects = {

/* Begin PBXBuildFile section */
		3414E0202F8AD103A56840B2 /* Pods_Staples.framework in Frameworks */ = {isa = PBXBuildFile; fileRef = 7BCAFA925975ACD65020CCDD /* Pods_Staples.framework */; };
		620E15FA3F1DD1FB26C366C1 /* Pods_StaplesTests.framework in Frameworks */ = {isa = PBXBuildFile; fileRef = 9A6FE70533FF01DB0B851460 /* Pods_StaplesTests.framework */; };
		D65F71BD1D6B7482005F2546 /* STLayerService.m in Sources */ = {isa = PBXBuildFile; fileRef = D65F71BC1D6B7482005F2546 /* STLayerService.m */; };
		D68D74B51D77AA8F00471724 /* BOTAddress.m in Sources */ = {isa = PBXBuildFile; fileRef = D68D74B41D77AA8F00471724 /* BOTAddress.m */; };
		D68D74B81D77AA9700471724 /* BOTReceipt.m in Sources */ = {isa = PBXBuildFile; fileRef = D68D74B71D77AA9700471724 /* BOTReceipt.m */; };
		D68D74BB1D77AA9B00471724 /* BOTRepresentative.m in Sources */ = {isa = PBXBuildFile; fileRef = D68D74BA1D77AA9B00471724 /* BOTRepresentative.m */; };
		D68D74BF1D77AAAD00471724 /* BOTAddressCollectionViewCell.m in Sources */ = {isa = PBXBuildFile; fileRef = D68D74BD1D77AAAD00471724 /* BOTAddressCollectionViewCell.m */; };
		D68D74C01D77AAAD00471724 /* BOTAddressCollectionViewCell.xib in Resources */ = {isa = PBXBuildFile; fileRef = D68D74BE1D77AAAD00471724 /* BOTAddressCollectionViewCell.xib */; };
		D68D74C41D77AABB00471724 /* BOTReceiptCollectionViewCell.m in Sources */ = {isa = PBXBuildFile; fileRef = D68D74C21D77AABB00471724 /* BOTReceiptCollectionViewCell.m */; };
		D68D74C51D77AABB00471724 /* BOTReceiptCollectionViewCell.xib in Resources */ = {isa = PBXBuildFile; fileRef = D68D74C31D77AABB00471724 /* BOTReceiptCollectionViewCell.xib */; };
		D68D74C91D77AACA00471724 /* BOTRepresentativeCollectionViewCell.m in Sources */ = {isa = PBXBuildFile; fileRef = D68D74C71D77AACA00471724 /* BOTRepresentativeCollectionViewCell.m */; };
		D68D74CA1D77AACA00471724 /* BOTRepresentativeCollectionViewCell.xib in Resources */ = {isa = PBXBuildFile; fileRef = D68D74C81D77AACA00471724 /* BOTRepresentativeCollectionViewCell.xib */; };
		D68D74CD1D77AAE900471724 /* Assets.xcassets in Resources */ = {isa = PBXBuildFile; fileRef = D68D74CC1D77AAE900471724 /* Assets.xcassets */; };
		D69761711D660AEE00F3369F /* main.m in Sources */ = {isa = PBXBuildFile; fileRef = D69761701D660AEE00F3369F /* main.m */; };
		D69761741D660AEE00F3369F /* AppDelegate.m in Sources */ = {isa = PBXBuildFile; fileRef = D69761731D660AEE00F3369F /* AppDelegate.m */; };
		D697617A1D660AEE00F3369F /* Main.storyboard in Resources */ = {isa = PBXBuildFile; fileRef = D69761781D660AEE00F3369F /* Main.storyboard */; };
		D697617F1D660AEE00F3369F /* LaunchScreen.storyboard in Resources */ = {isa = PBXBuildFile; fileRef = D697617D1D660AEE00F3369F /* LaunchScreen.storyboard */; };
		D69761881D660FBA00F3369F /* STConversationViewController.m in Sources */ = {isa = PBXBuildFile; fileRef = D69761871D660FBA00F3369F /* STConversationViewController.m */; };
		D69E94DB1D75124B0064BF8B /* BOTMultiSelectionBar.m in Sources */ = {isa = PBXBuildFile; fileRef = D69E94D91D75124B0064BF8B /* BOTMultiSelectionBar.m */; };
		D69E94DE1D7512550064BF8B /* BOTMultipleActionInputView.m in Sources */ = {isa = PBXBuildFile; fileRef = D69E94DC1D7512550064BF8B /* BOTMultipleActionInputView.m */; };
		D69E94E11D75125F0064BF8B /* BOTMultipleActionInputScrollView.m in Sources */ = {isa = PBXBuildFile; fileRef = D69E94DF1D75125F0064BF8B /* BOTMultipleActionInputScrollView.m */; };
		D69E94E41D7512640064BF8B /* BOTMessageInputToolbar.m in Sources */ = {isa = PBXBuildFile; fileRef = D69E94E21D7512640064BF8B /* BOTMessageInputToolbar.m */; };
		D69E94E71D75126B0064BF8B /* BOTInvertedButton.m in Sources */ = {isa = PBXBuildFile; fileRef = D69E94E51D75126B0064BF8B /* BOTInvertedButton.m */; };
		D69E94EC1D7512720064BF8B /* BOTActionInputView.m in Sources */ = {isa = PBXBuildFile; fileRef = D69E94E81D7512720064BF8B /* BOTActionInputView.m */; };
		D69E94ED1D7512720064BF8B /* BOTActionButton.m in Sources */ = {isa = PBXBuildFile; fileRef = D69E94EA1D7512720064BF8B /* BOTActionButton.m */; };
		D69E94F01D75127B0064BF8B /* BOTMultiSelectionBarBevelView.m in Sources */ = {isa = PBXBuildFile; fileRef = D69E94EE1D75127B0064BF8B /* BOTMultiSelectionBarBevelView.m */; };
		D69E94F91D7512880064BF8B /* BOTShipment.m in Sources */ = {isa = PBXBuildFile; fileRef = D69E94F11D7512880064BF8B /* BOTShipment.m */; };
		D69E94FA1D7512880064BF8B /* BOTReward.m in Sources */ = {isa = PBXBuildFile; fileRef = D69E94F31D7512880064BF8B /* BOTReward.m */; };
		D69E94FB1D7512880064BF8B /* BOTProduct.m in Sources */ = {isa = PBXBuildFile; fileRef = D69E94F51D7512880064BF8B /* BOTProduct.m */; };
		D69E94FC1D7512880064BF8B /* BOTPrice.m in Sources */ = {isa = PBXBuildFile; fileRef = D69E94F71D7512880064BF8B /* BOTPrice.m */; };
		D69E94FF1D75128F0064BF8B /* BOTUtilities.m in Sources */ = {isa = PBXBuildFile; fileRef = D69E94FD1D75128F0064BF8B /* BOTUtilities.m */; };
		D69E950A1D7512B30064BF8B /* BOTCellContainerView.m in Sources */ = {isa = PBXBuildFile; fileRef = D69E95091D7512B30064BF8B /* BOTCellContainerView.m */; };
		D69E950E1D7512BC0064BF8B /* BOTProductCollectionViewCell.m in Sources */ = {isa = PBXBuildFile; fileRef = D69E950C1D7512BC0064BF8B /* BOTProductCollectionViewCell.m */; };
		D69E950F1D7512BC0064BF8B /* BOTProductCollectionViewCell.xib in Resources */ = {isa = PBXBuildFile; fileRef = D69E950D1D7512BC0064BF8B /* BOTProductCollectionViewCell.xib */; };
		D69E95121D7512C40064BF8B /* BOTMultipleProductBaseCollectionViewCell.m in Sources */ = {isa = PBXBuildFile; fileRef = D69E95111D7512C40064BF8B /* BOTMultipleProductBaseCollectionViewCell.m */; };
		D69E95151D7512CB0064BF8B /* BOTMultipleProductsCollectionViewLayout.m in Sources */ = {isa = PBXBuildFile; fileRef = D69E95141D7512CB0064BF8B /* BOTMultipleProductsCollectionViewLayout.m */; };
		D69E95191D7512D40064BF8B /* BOTProductCollectionViewCellOld.m in Sources */ = {isa = PBXBuildFile; fileRef = D69E95171D7512D40064BF8B /* BOTProductCollectionViewCellOld.m */; };
		D69E951A1D7512D40064BF8B /* BOTProductCollectionViewCellOld.xib in Resources */ = {isa = PBXBuildFile; fileRef = D69E95181D7512D40064BF8B /* BOTProductCollectionViewCellOld.xib */; };
		D69E951E1D7512E10064BF8B /* BOTReorderCollectionViewCell.m in Sources */ = {isa = PBXBuildFile; fileRef = D69E951C1D7512E10064BF8B /* BOTReorderCollectionViewCell.m */; };
		D69E951F1D7512E10064BF8B /* BOTReorderCollectionViewCell.xib in Resources */ = {isa = PBXBuildFile; fileRef = D69E951D1D7512E10064BF8B /* BOTReorderCollectionViewCell.xib */; };
		D69E95231D7512EE0064BF8B /* BOTReorderItemCollectionViewCell.m in Sources */ = {isa = PBXBuildFile; fileRef = D69E95211D7512EE0064BF8B /* BOTReorderItemCollectionViewCell.m */; };
		D69E95241D7512EE0064BF8B /* BOTReorderItemCollectionViewCell.xib in Resources */ = {isa = PBXBuildFile; fileRef = D69E95221D7512EE0064BF8B /* BOTReorderItemCollectionViewCell.xib */; };
		D69E95281D7512FF0064BF8B /* BOTRewardCollectionViewCell.m in Sources */ = {isa = PBXBuildFile; fileRef = D69E95261D7512FF0064BF8B /* BOTRewardCollectionViewCell.m */; };
		D69E95291D7512FF0064BF8B /* BOTRewardCollectionViewCell.xib in Resources */ = {isa = PBXBuildFile; fileRef = D69E95271D7512FF0064BF8B /* BOTRewardCollectionViewCell.xib */; };
		D69E95311D7514BE0064BF8B /* BOTActionCollectionViewCell.m in Sources */ = {isa = PBXBuildFile; fileRef = D69E95301D7514BE0064BF8B /* BOTActionCollectionViewCell.m */; };
		D6CFC3AC1D6BF69E00F3F2F1 /* STLayerServiceTest.m in Sources */ = {isa = PBXBuildFile; fileRef = D6CFC3AB1D6BF69E00F3F2F1 /* STLayerServiceTest.m */; };
		D6EB8ABC1D6F55CC00BF4BE1 /* BOTShipmentTrackingCollectionViewCell.xib in Resources */ = {isa = PBXBuildFile; fileRef = D6EB8AB91D6F55CC00BF4BE1 /* BOTShipmentTrackingCollectionViewCell.xib */; };
		D6EB8ABD1D6F55CC00BF4BE1 /* BOTShipmentTrackingCollectionViewCell.m in Sources */ = {isa = PBXBuildFile; fileRef = D6EB8ABB1D6F55CC00BF4BE1 /* BOTShipmentTrackingCollectionViewCell.m */; };
/* End PBXBuildFile section */

/* Begin PBXContainerItemProxy section */
		D65F71D01D6BA164005F2546 /* PBXContainerItemProxy */ = {
			isa = PBXContainerItemProxy;
			containerPortal = D69761641D660AEE00F3369F /* Project object */;
			proxyType = 1;
			remoteGlobalIDString = D697616B1D660AEE00F3369F;
			remoteInfo = Staples;
		};
/* End PBXContainerItemProxy section */

/* Begin PBXFileReference section */
		3BFBB829A1CF8E97CB27CEF3 /* Pods-Staples.release.xcconfig */ = {isa = PBXFileReference; includeInIndex = 1; lastKnownFileType = text.xcconfig; name = "Pods-Staples.release.xcconfig"; path = "Pods/Target Support Files/Pods-Staples/Pods-Staples.release.xcconfig"; sourceTree = "<group>"; };
		4D990FC6DACC7B0851AC14C9 /* Pods-StaplesTests.release.xcconfig */ = {isa = PBXFileReference; includeInIndex = 1; lastKnownFileType = text.xcconfig; name = "Pods-StaplesTests.release.xcconfig"; path = "Pods/Target Support Files/Pods-StaplesTests/Pods-StaplesTests.release.xcconfig"; sourceTree = "<group>"; };
		7BCAFA925975ACD65020CCDD /* Pods_Staples.framework */ = {isa = PBXFileReference; explicitFileType = wrapper.framework; includeInIndex = 0; path = Pods_Staples.framework; sourceTree = BUILT_PRODUCTS_DIR; };
		9A6FE70533FF01DB0B851460 /* Pods_StaplesTests.framework */ = {isa = PBXFileReference; explicitFileType = wrapper.framework; includeInIndex = 0; path = Pods_StaplesTests.framework; sourceTree = BUILT_PRODUCTS_DIR; };
		C2B72ABA2CB0359A53DA8545 /* Pods-Staples.debug.xcconfig */ = {isa = PBXFileReference; includeInIndex = 1; lastKnownFileType = text.xcconfig; name = "Pods-Staples.debug.xcconfig"; path = "Pods/Target Support Files/Pods-Staples/Pods-Staples.debug.xcconfig"; sourceTree = "<group>"; };
		D5B93285FFEE36FC4B96057A /* Pods-StaplesTests.debug.xcconfig */ = {isa = PBXFileReference; includeInIndex = 1; lastKnownFileType = text.xcconfig; name = "Pods-StaplesTests.debug.xcconfig"; path = "Pods/Target Support Files/Pods-StaplesTests/Pods-StaplesTests.debug.xcconfig"; sourceTree = "<group>"; };
		D65F71BB1D6B7482005F2546 /* STLayerService.h */ = {isa = PBXFileReference; fileEncoding = 4; lastKnownFileType = sourcecode.c.h; path = STLayerService.h; sourceTree = "<group>"; };
		D65F71BC1D6B7482005F2546 /* STLayerService.m */ = {isa = PBXFileReference; fileEncoding = 4; lastKnownFileType = sourcecode.c.objc; path = STLayerService.m; sourceTree = "<group>"; };
		D65F71CB1D6BA164005F2546 /* StaplesTests.xctest */ = {isa = PBXFileReference; explicitFileType = wrapper.cfbundle; includeInIndex = 0; path = StaplesTests.xctest; sourceTree = BUILT_PRODUCTS_DIR; };
		D65F71CF1D6BA164005F2546 /* Info.plist */ = {isa = PBXFileReference; lastKnownFileType = text.plist.xml; path = Info.plist; sourceTree = "<group>"; };
		D68D74B31D77AA8F00471724 /* BOTAddress.h */ = {isa = PBXFileReference; fileEncoding = 4; lastKnownFileType = sourcecode.c.h; name = BOTAddress.h; path = Code/Model/BOTAddress.h; sourceTree = SOURCE_ROOT; };
		D68D74B41D77AA8F00471724 /* BOTAddress.m */ = {isa = PBXFileReference; fileEncoding = 4; lastKnownFileType = sourcecode.c.objc; name = BOTAddress.m; path = Code/Model/BOTAddress.m; sourceTree = SOURCE_ROOT; };
		D68D74B61D77AA9700471724 /* BOTReceipt.h */ = {isa = PBXFileReference; fileEncoding = 4; lastKnownFileType = sourcecode.c.h; name = BOTReceipt.h; path = Code/Model/BOTReceipt.h; sourceTree = SOURCE_ROOT; };
		D68D74B71D77AA9700471724 /* BOTReceipt.m */ = {isa = PBXFileReference; fileEncoding = 4; lastKnownFileType = sourcecode.c.objc; name = BOTReceipt.m; path = Code/Model/BOTReceipt.m; sourceTree = SOURCE_ROOT; };
		D68D74B91D77AA9B00471724 /* BOTRepresentative.h */ = {isa = PBXFileReference; fileEncoding = 4; lastKnownFileType = sourcecode.c.h; name = BOTRepresentative.h; path = Code/Model/BOTRepresentative.h; sourceTree = SOURCE_ROOT; };
		D68D74BA1D77AA9B00471724 /* BOTRepresentative.m */ = {isa = PBXFileReference; fileEncoding = 4; lastKnownFileType = sourcecode.c.objc; name = BOTRepresentative.m; path = Code/Model/BOTRepresentative.m; sourceTree = SOURCE_ROOT; };
		D68D74BC1D77AAAD00471724 /* BOTAddressCollectionViewCell.h */ = {isa = PBXFileReference; fileEncoding = 4; lastKnownFileType = sourcecode.c.h; name = BOTAddressCollectionViewCell.h; path = Code/Cells/BOTAddressCollectionViewCell.h; sourceTree = SOURCE_ROOT; };
		D68D74BD1D77AAAD00471724 /* BOTAddressCollectionViewCell.m */ = {isa = PBXFileReference; fileEncoding = 4; lastKnownFileType = sourcecode.c.objc; name = BOTAddressCollectionViewCell.m; path = Code/Cells/BOTAddressCollectionViewCell.m; sourceTree = SOURCE_ROOT; };
		D68D74BE1D77AAAD00471724 /* BOTAddressCollectionViewCell.xib */ = {isa = PBXFileReference; fileEncoding = 4; lastKnownFileType = file.xib; name = BOTAddressCollectionViewCell.xib; path = Code/Cells/BOTAddressCollectionViewCell.xib; sourceTree = SOURCE_ROOT; };
		D68D74C11D77AABB00471724 /* BOTReceiptCollectionViewCell.h */ = {isa = PBXFileReference; fileEncoding = 4; lastKnownFileType = sourcecode.c.h; name = BOTReceiptCollectionViewCell.h; path = Code/Cells/BOTReceiptCollectionViewCell.h; sourceTree = SOURCE_ROOT; };
		D68D74C21D77AABB00471724 /* BOTReceiptCollectionViewCell.m */ = {isa = PBXFileReference; fileEncoding = 4; lastKnownFileType = sourcecode.c.objc; name = BOTReceiptCollectionViewCell.m; path = Code/Cells/BOTReceiptCollectionViewCell.m; sourceTree = SOURCE_ROOT; };
		D68D74C31D77AABB00471724 /* BOTReceiptCollectionViewCell.xib */ = {isa = PBXFileReference; fileEncoding = 4; lastKnownFileType = file.xib; name = BOTReceiptCollectionViewCell.xib; path = Code/Cells/BOTReceiptCollectionViewCell.xib; sourceTree = SOURCE_ROOT; };
		D68D74C61D77AACA00471724 /* BOTRepresentativeCollectionViewCell.h */ = {isa = PBXFileReference; fileEncoding = 4; lastKnownFileType = sourcecode.c.h; name = BOTRepresentativeCollectionViewCell.h; path = Code/Cells/BOTRepresentativeCollectionViewCell.h; sourceTree = SOURCE_ROOT; };
		D68D74C71D77AACA00471724 /* BOTRepresentativeCollectionViewCell.m */ = {isa = PBXFileReference; fileEncoding = 4; lastKnownFileType = sourcecode.c.objc; name = BOTRepresentativeCollectionViewCell.m; path = Code/Cells/BOTRepresentativeCollectionViewCell.m; sourceTree = SOURCE_ROOT; };
		D68D74C81D77AACA00471724 /* BOTRepresentativeCollectionViewCell.xib */ = {isa = PBXFileReference; fileEncoding = 4; lastKnownFileType = file.xib; name = BOTRepresentativeCollectionViewCell.xib; path = Code/Cells/BOTRepresentativeCollectionViewCell.xib; sourceTree = SOURCE_ROOT; };
		D68D74CC1D77AAE900471724 /* Assets.xcassets */ = {isa = PBXFileReference; lastKnownFileType = folder.assetcatalog; name = Assets.xcassets; path = Resources/Assets.xcassets; sourceTree = "<group>"; };
		D697616C1D660AEE00F3369F /* Staples.app */ = {isa = PBXFileReference; explicitFileType = wrapper.application; includeInIndex = 0; path = Staples.app; sourceTree = BUILT_PRODUCTS_DIR; };
		D69761701D660AEE00F3369F /* main.m */ = {isa = PBXFileReference; lastKnownFileType = sourcecode.c.objc; path = main.m; sourceTree = "<group>"; };
		D69761721D660AEE00F3369F /* AppDelegate.h */ = {isa = PBXFileReference; lastKnownFileType = sourcecode.c.h; path = AppDelegate.h; sourceTree = "<group>"; };
		D69761731D660AEE00F3369F /* AppDelegate.m */ = {isa = PBXFileReference; lastKnownFileType = sourcecode.c.objc; path = AppDelegate.m; sourceTree = "<group>"; };
		D69761791D660AEE00F3369F /* Base */ = {isa = PBXFileReference; lastKnownFileType = file.storyboard; name = Base; path = Base.lproj/Main.storyboard; sourceTree = "<group>"; };
		D697617E1D660AEE00F3369F /* Base */ = {isa = PBXFileReference; lastKnownFileType = file.storyboard; name = Base; path = Base.lproj/LaunchScreen.storyboard; sourceTree = "<group>"; };
		D69761801D660AEE00F3369F /* Info.plist */ = {isa = PBXFileReference; lastKnownFileType = text.plist.xml; path = Info.plist; sourceTree = "<group>"; };
		D69761861D660FBA00F3369F /* STConversationViewController.h */ = {isa = PBXFileReference; fileEncoding = 4; lastKnownFileType = sourcecode.c.h; path = STConversationViewController.h; sourceTree = "<group>"; };
		D69761871D660FBA00F3369F /* STConversationViewController.m */ = {isa = PBXFileReference; fileEncoding = 4; lastKnownFileType = sourcecode.c.objc; path = STConversationViewController.m; sourceTree = "<group>"; };
		D69E94D91D75124B0064BF8B /* BOTMultiSelectionBar.m */ = {isa = PBXFileReference; fileEncoding = 4; lastKnownFileType = sourcecode.c.objc; name = BOTMultiSelectionBar.m; path = Code/Views/BOTMultiSelectionBar.m; sourceTree = SOURCE_ROOT; };
		D69E94DA1D75124B0064BF8B /* BOTMultiSelectionBar.h */ = {isa = PBXFileReference; fileEncoding = 4; lastKnownFileType = sourcecode.c.h; name = BOTMultiSelectionBar.h; path = Code/Views/BOTMultiSelectionBar.h; sourceTree = SOURCE_ROOT; };
		D69E94DC1D7512550064BF8B /* BOTMultipleActionInputView.m */ = {isa = PBXFileReference; fileEncoding = 4; lastKnownFileType = sourcecode.c.objc; name = BOTMultipleActionInputView.m; path = Code/Views/BOTMultipleActionInputView.m; sourceTree = SOURCE_ROOT; };
		D69E94DD1D7512550064BF8B /* BOTMultipleActionInputView.h */ = {isa = PBXFileReference; fileEncoding = 4; lastKnownFileType = sourcecode.c.h; name = BOTMultipleActionInputView.h; path = Code/Views/BOTMultipleActionInputView.h; sourceTree = SOURCE_ROOT; };
		D69E94DF1D75125F0064BF8B /* BOTMultipleActionInputScrollView.m */ = {isa = PBXFileReference; fileEncoding = 4; lastKnownFileType = sourcecode.c.objc; name = BOTMultipleActionInputScrollView.m; path = Code/Views/BOTMultipleActionInputScrollView.m; sourceTree = SOURCE_ROOT; };
		D69E94E01D75125F0064BF8B /* BOTMultipleActionInputScrollView.h */ = {isa = PBXFileReference; fileEncoding = 4; lastKnownFileType = sourcecode.c.h; name = BOTMultipleActionInputScrollView.h; path = Code/Views/BOTMultipleActionInputScrollView.h; sourceTree = SOURCE_ROOT; };
		D69E94E21D7512640064BF8B /* BOTMessageInputToolbar.m */ = {isa = PBXFileReference; fileEncoding = 4; lastKnownFileType = sourcecode.c.objc; name = BOTMessageInputToolbar.m; path = Code/Views/BOTMessageInputToolbar.m; sourceTree = SOURCE_ROOT; };
		D69E94E31D7512640064BF8B /* BOTMessageInputToolbar.h */ = {isa = PBXFileReference; fileEncoding = 4; lastKnownFileType = sourcecode.c.h; name = BOTMessageInputToolbar.h; path = Code/Views/BOTMessageInputToolbar.h; sourceTree = SOURCE_ROOT; };
		D69E94E51D75126B0064BF8B /* BOTInvertedButton.m */ = {isa = PBXFileReference; fileEncoding = 4; lastKnownFileType = sourcecode.c.objc; name = BOTInvertedButton.m; path = Code/Views/BOTInvertedButton.m; sourceTree = SOURCE_ROOT; };
		D69E94E61D75126B0064BF8B /* BOTInvertedButton.h */ = {isa = PBXFileReference; fileEncoding = 4; lastKnownFileType = sourcecode.c.h; name = BOTInvertedButton.h; path = Code/Views/BOTInvertedButton.h; sourceTree = SOURCE_ROOT; };
		D69E94E81D7512720064BF8B /* BOTActionInputView.m */ = {isa = PBXFileReference; fileEncoding = 4; lastKnownFileType = sourcecode.c.objc; name = BOTActionInputView.m; path = Code/Views/BOTActionInputView.m; sourceTree = SOURCE_ROOT; };
		D69E94E91D7512720064BF8B /* BOTActionInputView.h */ = {isa = PBXFileReference; fileEncoding = 4; lastKnownFileType = sourcecode.c.h; name = BOTActionInputView.h; path = Code/Views/BOTActionInputView.h; sourceTree = SOURCE_ROOT; };
		D69E94EA1D7512720064BF8B /* BOTActionButton.m */ = {isa = PBXFileReference; fileEncoding = 4; lastKnownFileType = sourcecode.c.objc; name = BOTActionButton.m; path = Code/Views/BOTActionButton.m; sourceTree = SOURCE_ROOT; };
		D69E94EB1D7512720064BF8B /* BOTActionButton.h */ = {isa = PBXFileReference; fileEncoding = 4; lastKnownFileType = sourcecode.c.h; name = BOTActionButton.h; path = Code/Views/BOTActionButton.h; sourceTree = SOURCE_ROOT; };
		D69E94EE1D75127B0064BF8B /* BOTMultiSelectionBarBevelView.m */ = {isa = PBXFileReference; fileEncoding = 4; lastKnownFileType = sourcecode.c.objc; name = BOTMultiSelectionBarBevelView.m; path = Code/Views/BOTMultiSelectionBarBevelView.m; sourceTree = SOURCE_ROOT; };
		D69E94EF1D75127B0064BF8B /* BOTMultiSelectionBarBevelView.h */ = {isa = PBXFileReference; fileEncoding = 4; lastKnownFileType = sourcecode.c.h; name = BOTMultiSelectionBarBevelView.h; path = Code/Views/BOTMultiSelectionBarBevelView.h; sourceTree = SOURCE_ROOT; };
		D69E94F11D7512880064BF8B /* BOTShipment.m */ = {isa = PBXFileReference; fileEncoding = 4; lastKnownFileType = sourcecode.c.objc; name = BOTShipment.m; path = Code/Model/BOTShipment.m; sourceTree = SOURCE_ROOT; };
		D69E94F21D7512880064BF8B /* BOTShipment.h */ = {isa = PBXFileReference; fileEncoding = 4; lastKnownFileType = sourcecode.c.h; name = BOTShipment.h; path = Code/Model/BOTShipment.h; sourceTree = SOURCE_ROOT; };
		D69E94F31D7512880064BF8B /* BOTReward.m */ = {isa = PBXFileReference; fileEncoding = 4; lastKnownFileType = sourcecode.c.objc; name = BOTReward.m; path = Code/Model/BOTReward.m; sourceTree = SOURCE_ROOT; };
		D69E94F41D7512880064BF8B /* BOTReward.h */ = {isa = PBXFileReference; fileEncoding = 4; lastKnownFileType = sourcecode.c.h; name = BOTReward.h; path = Code/Model/BOTReward.h; sourceTree = SOURCE_ROOT; };
		D69E94F51D7512880064BF8B /* BOTProduct.m */ = {isa = PBXFileReference; fileEncoding = 4; lastKnownFileType = sourcecode.c.objc; name = BOTProduct.m; path = Code/Model/BOTProduct.m; sourceTree = SOURCE_ROOT; };
		D69E94F61D7512880064BF8B /* BOTProduct.h */ = {isa = PBXFileReference; fileEncoding = 4; lastKnownFileType = sourcecode.c.h; name = BOTProduct.h; path = Code/Model/BOTProduct.h; sourceTree = SOURCE_ROOT; };
		D69E94F71D7512880064BF8B /* BOTPrice.m */ = {isa = PBXFileReference; fileEncoding = 4; lastKnownFileType = sourcecode.c.objc; name = BOTPrice.m; path = Code/Model/BOTPrice.m; sourceTree = SOURCE_ROOT; };
		D69E94F81D7512880064BF8B /* BOTPrice.h */ = {isa = PBXFileReference; fileEncoding = 4; lastKnownFileType = sourcecode.c.h; name = BOTPrice.h; path = Code/Model/BOTPrice.h; sourceTree = SOURCE_ROOT; };
		D69E94FD1D75128F0064BF8B /* BOTUtilities.m */ = {isa = PBXFileReference; fileEncoding = 4; lastKnownFileType = sourcecode.c.objc; name = BOTUtilities.m; path = Code/Utilities/BOTUtilities.m; sourceTree = SOURCE_ROOT; };
		D69E94FE1D75128F0064BF8B /* BOTUtilities.h */ = {isa = PBXFileReference; fileEncoding = 4; lastKnownFileType = sourcecode.c.h; name = BOTUtilities.h; path = Code/Utilities/BOTUtilities.h; sourceTree = SOURCE_ROOT; };
		D69E95081D7512B30064BF8B /* BOTCellContainerView.h */ = {isa = PBXFileReference; fileEncoding = 4; lastKnownFileType = sourcecode.c.h; name = BOTCellContainerView.h; path = Code/Cells/BOTCellContainerView.h; sourceTree = SOURCE_ROOT; };
		D69E95091D7512B30064BF8B /* BOTCellContainerView.m */ = {isa = PBXFileReference; fileEncoding = 4; lastKnownFileType = sourcecode.c.objc; name = BOTCellContainerView.m; path = Code/Cells/BOTCellContainerView.m; sourceTree = SOURCE_ROOT; };
		D69E950B1D7512BC0064BF8B /* BOTProductCollectionViewCell.h */ = {isa = PBXFileReference; fileEncoding = 4; lastKnownFileType = sourcecode.c.h; name = BOTProductCollectionViewCell.h; path = Code/Cells/BOTProductCollectionViewCell.h; sourceTree = SOURCE_ROOT; };
		D69E950C1D7512BC0064BF8B /* BOTProductCollectionViewCell.m */ = {isa = PBXFileReference; fileEncoding = 4; lastKnownFileType = sourcecode.c.objc; name = BOTProductCollectionViewCell.m; path = Code/Cells/BOTProductCollectionViewCell.m; sourceTree = SOURCE_ROOT; };
		D69E950D1D7512BC0064BF8B /* BOTProductCollectionViewCell.xib */ = {isa = PBXFileReference; fileEncoding = 4; lastKnownFileType = file.xib; name = BOTProductCollectionViewCell.xib; path = Code/Cells/BOTProductCollectionViewCell.xib; sourceTree = SOURCE_ROOT; };
		D69E95101D7512C40064BF8B /* BOTMultipleProductBaseCollectionViewCell.h */ = {isa = PBXFileReference; fileEncoding = 4; lastKnownFileType = sourcecode.c.h; name = BOTMultipleProductBaseCollectionViewCell.h; path = Code/Cells/BOTMultipleProductBaseCollectionViewCell.h; sourceTree = SOURCE_ROOT; };
		D69E95111D7512C40064BF8B /* BOTMultipleProductBaseCollectionViewCell.m */ = {isa = PBXFileReference; fileEncoding = 4; lastKnownFileType = sourcecode.c.objc; name = BOTMultipleProductBaseCollectionViewCell.m; path = Code/Cells/BOTMultipleProductBaseCollectionViewCell.m; sourceTree = SOURCE_ROOT; };
		D69E95131D7512CB0064BF8B /* BOTMultipleProductsCollectionViewLayout.h */ = {isa = PBXFileReference; fileEncoding = 4; lastKnownFileType = sourcecode.c.h; name = BOTMultipleProductsCollectionViewLayout.h; path = Code/Cells/BOTMultipleProductsCollectionViewLayout.h; sourceTree = SOURCE_ROOT; };
		D69E95141D7512CB0064BF8B /* BOTMultipleProductsCollectionViewLayout.m */ = {isa = PBXFileReference; fileEncoding = 4; lastKnownFileType = sourcecode.c.objc; name = BOTMultipleProductsCollectionViewLayout.m; path = Code/Cells/BOTMultipleProductsCollectionViewLayout.m; sourceTree = SOURCE_ROOT; };
		D69E95161D7512D40064BF8B /* BOTProductCollectionViewCellOld.h */ = {isa = PBXFileReference; fileEncoding = 4; lastKnownFileType = sourcecode.c.h; name = BOTProductCollectionViewCellOld.h; path = Code/Cells/BOTProductCollectionViewCellOld.h; sourceTree = SOURCE_ROOT; };
		D69E95171D7512D40064BF8B /* BOTProductCollectionViewCellOld.m */ = {isa = PBXFileReference; fileEncoding = 4; lastKnownFileType = sourcecode.c.objc; name = BOTProductCollectionViewCellOld.m; path = Code/Cells/BOTProductCollectionViewCellOld.m; sourceTree = SOURCE_ROOT; };
		D69E95181D7512D40064BF8B /* BOTProductCollectionViewCellOld.xib */ = {isa = PBXFileReference; fileEncoding = 4; lastKnownFileType = file.xib; name = BOTProductCollectionViewCellOld.xib; path = Code/Cells/BOTProductCollectionViewCellOld.xib; sourceTree = SOURCE_ROOT; };
		D69E951B1D7512E10064BF8B /* BOTReorderCollectionViewCell.h */ = {isa = PBXFileReference; fileEncoding = 4; lastKnownFileType = sourcecode.c.h; name = BOTReorderCollectionViewCell.h; path = Code/Cells/BOTReorderCollectionViewCell.h; sourceTree = SOURCE_ROOT; };
		D69E951C1D7512E10064BF8B /* BOTReorderCollectionViewCell.m */ = {isa = PBXFileReference; fileEncoding = 4; lastKnownFileType = sourcecode.c.objc; name = BOTReorderCollectionViewCell.m; path = Code/Cells/BOTReorderCollectionViewCell.m; sourceTree = SOURCE_ROOT; };
		D69E951D1D7512E10064BF8B /* BOTReorderCollectionViewCell.xib */ = {isa = PBXFileReference; fileEncoding = 4; lastKnownFileType = file.xib; name = BOTReorderCollectionViewCell.xib; path = Code/Cells/BOTReorderCollectionViewCell.xib; sourceTree = SOURCE_ROOT; };
		D69E95201D7512EE0064BF8B /* BOTReorderItemCollectionViewCell.h */ = {isa = PBXFileReference; fileEncoding = 4; lastKnownFileType = sourcecode.c.h; name = BOTReorderItemCollectionViewCell.h; path = Code/Cells/BOTReorderItemCollectionViewCell.h; sourceTree = SOURCE_ROOT; };
		D69E95211D7512EE0064BF8B /* BOTReorderItemCollectionViewCell.m */ = {isa = PBXFileReference; fileEncoding = 4; lastKnownFileType = sourcecode.c.objc; name = BOTReorderItemCollectionViewCell.m; path = Code/Cells/BOTReorderItemCollectionViewCell.m; sourceTree = SOURCE_ROOT; };
		D69E95221D7512EE0064BF8B /* BOTReorderItemCollectionViewCell.xib */ = {isa = PBXFileReference; fileEncoding = 4; lastKnownFileType = file.xib; name = BOTReorderItemCollectionViewCell.xib; path = Code/Cells/BOTReorderItemCollectionViewCell.xib; sourceTree = SOURCE_ROOT; };
		D69E95251D7512FF0064BF8B /* BOTRewardCollectionViewCell.h */ = {isa = PBXFileReference; fileEncoding = 4; lastKnownFileType = sourcecode.c.h; name = BOTRewardCollectionViewCell.h; path = Code/Cells/BOTRewardCollectionViewCell.h; sourceTree = SOURCE_ROOT; };
		D69E95261D7512FF0064BF8B /* BOTRewardCollectionViewCell.m */ = {isa = PBXFileReference; fileEncoding = 4; lastKnownFileType = sourcecode.c.objc; name = BOTRewardCollectionViewCell.m; path = Code/Cells/BOTRewardCollectionViewCell.m; sourceTree = SOURCE_ROOT; };
		D69E95271D7512FF0064BF8B /* BOTRewardCollectionViewCell.xib */ = {isa = PBXFileReference; fileEncoding = 4; lastKnownFileType = file.xib; name = BOTRewardCollectionViewCell.xib; path = Code/Cells/BOTRewardCollectionViewCell.xib; sourceTree = SOURCE_ROOT; };
		D69E952F1D7514BE0064BF8B /* BOTActionCollectionViewCell.h */ = {isa = PBXFileReference; fileEncoding = 4; lastKnownFileType = sourcecode.c.h; name = BOTActionCollectionViewCell.h; path = Code/Cells/BOTActionCollectionViewCell.h; sourceTree = SOURCE_ROOT; };
		D69E95301D7514BE0064BF8B /* BOTActionCollectionViewCell.m */ = {isa = PBXFileReference; fileEncoding = 4; lastKnownFileType = sourcecode.c.objc; name = BOTActionCollectionViewCell.m; path = Code/Cells/BOTActionCollectionViewCell.m; sourceTree = SOURCE_ROOT; };
		D6CFC3AB1D6BF69E00F3F2F1 /* STLayerServiceTest.m */ = {isa = PBXFileReference; fileEncoding = 4; lastKnownFileType = sourcecode.c.objc; path = STLayerServiceTest.m; sourceTree = "<group>"; };
		D6EB8AB91D6F55CC00BF4BE1 /* BOTShipmentTrackingCollectionViewCell.xib */ = {isa = PBXFileReference; fileEncoding = 4; lastKnownFileType = file.xib; name = BOTShipmentTrackingCollectionViewCell.xib; path = Code/Cells/BOTShipmentTrackingCollectionViewCell.xib; sourceTree = SOURCE_ROOT; };
		D6EB8ABA1D6F55CC00BF4BE1 /* BOTShipmentTrackingCollectionViewCell.h */ = {isa = PBXFileReference; fileEncoding = 4; lastKnownFileType = sourcecode.c.h; name = BOTShipmentTrackingCollectionViewCell.h; path = Code/Cells/BOTShipmentTrackingCollectionViewCell.h; sourceTree = SOURCE_ROOT; };
		D6EB8ABB1D6F55CC00BF4BE1 /* BOTShipmentTrackingCollectionViewCell.m */ = {isa = PBXFileReference; fileEncoding = 4; lastKnownFileType = sourcecode.c.objc; name = BOTShipmentTrackingCollectionViewCell.m; path = Code/Cells/BOTShipmentTrackingCollectionViewCell.m; sourceTree = SOURCE_ROOT; };
/* End PBXFileReference section */

/* Begin PBXFrameworksBuildPhase section */
		D65F71C81D6BA164005F2546 /* Frameworks */ = {
			isa = PBXFrameworksBuildPhase;
			buildActionMask = 2147483647;
			files = (
				620E15FA3F1DD1FB26C366C1 /* Pods_StaplesTests.framework in Frameworks */,
			);
			runOnlyForDeploymentPostprocessing = 0;
		};
		D69761691D660AEE00F3369F /* Frameworks */ = {
			isa = PBXFrameworksBuildPhase;
			buildActionMask = 2147483647;
			files = (
				3414E0202F8AD103A56840B2 /* Pods_Staples.framework in Frameworks */,
			);
			runOnlyForDeploymentPostprocessing = 0;
		};
/* End PBXFrameworksBuildPhase section */

/* Begin PBXGroup section */
		3486CD011D6779130041E2F7 /* BOTMultipleProductCollectionViewCell */ = {
			isa = PBXGroup;
			children = (
				D69E95101D7512C40064BF8B /* BOTMultipleProductBaseCollectionViewCell.h */,
				D69E95111D7512C40064BF8B /* BOTMultipleProductBaseCollectionViewCell.m */,
				3486CD181D67A9D70041E2F7 /* Collection View Layout */,
			);
			name = BOTMultipleProductCollectionViewCell;
			sourceTree = "<group>";
		};
		3486CD0B1D679E6B0041E2F7 /* BOTProductCollectionViewCell */ = {
			isa = PBXGroup;
			children = (
				D69E95161D7512D40064BF8B /* BOTProductCollectionViewCellOld.h */,
				D69E95171D7512D40064BF8B /* BOTProductCollectionViewCellOld.m */,
				D69E95181D7512D40064BF8B /* BOTProductCollectionViewCellOld.xib */,
			);
			name = BOTProductCollectionViewCell;
			sourceTree = "<group>";
		};
		3486CD141D67A46E0041E2F7 /* Model */ = {
			isa = PBXGroup;
			children = (
				D68D74B31D77AA8F00471724 /* BOTAddress.h */,
				D68D74B41D77AA8F00471724 /* BOTAddress.m */,
				D69E94F21D7512880064BF8B /* BOTShipment.h */,
				D69E94F11D7512880064BF8B /* BOTShipment.m */,
				D69E94F41D7512880064BF8B /* BOTReward.h */,
				D69E94F31D7512880064BF8B /* BOTReward.m */,
				D69E94F61D7512880064BF8B /* BOTProduct.h */,
				D69E94F51D7512880064BF8B /* BOTProduct.m */,
				D69E94F81D7512880064BF8B /* BOTPrice.h */,
				D69E94F71D7512880064BF8B /* BOTPrice.m */,
				D68D74B61D77AA9700471724 /* BOTReceipt.h */,
				D68D74B71D77AA9700471724 /* BOTReceipt.m */,
				D68D74B91D77AA9B00471724 /* BOTRepresentative.h */,
				D68D74BA1D77AA9B00471724 /* BOTRepresentative.m */,
			);
			name = Model;
			path = Staples;
			sourceTree = "<group>";
		};
		3486CD181D67A9D70041E2F7 /* Collection View Layout */ = {
			isa = PBXGroup;
			children = (
				D69E95131D7512CB0064BF8B /* BOTMultipleProductsCollectionViewLayout.h */,
				D69E95141D7512CB0064BF8B /* BOTMultipleProductsCollectionViewLayout.m */,
			);
			name = "Collection View Layout";
			sourceTree = "<group>";
		};
		34A8A4A91D6CB81A00245773 /* BOTMultiSelectionBar */ = {
			isa = PBXGroup;
			children = (
				D69E94D91D75124B0064BF8B /* BOTMultiSelectionBar.m */,
				D69E94DA1D75124B0064BF8B /* BOTMultiSelectionBar.h */,
				34A8A4B41D6CD66900245773 /* BOTMultiSelectionBarBevelView */,
				34A8A4AA1D6CB86300245773 /* BOTInvertedButton */,
			);
			name = BOTMultiSelectionBar;
			sourceTree = "<group>";
		};
		34A8A4AA1D6CB86300245773 /* BOTInvertedButton */ = {
			isa = PBXGroup;
			children = (
				D69E94E51D75126B0064BF8B /* BOTInvertedButton.m */,
				D69E94E61D75126B0064BF8B /* BOTInvertedButton.h */,
			);
			name = BOTInvertedButton;
			sourceTree = "<group>";
		};
		34A8A4B41D6CD66900245773 /* BOTMultiSelectionBarBevelView */ = {
			isa = PBXGroup;
			children = (
				D69E94EE1D75127B0064BF8B /* BOTMultiSelectionBarBevelView.m */,
				D69E94EF1D75127B0064BF8B /* BOTMultiSelectionBarBevelView.h */,
			);
			name = BOTMultiSelectionBarBevelView;
			sourceTree = "<group>";
		};
		5D7BC486E268FE80EA4B3D58 /* Pods */ = {
			isa = PBXGroup;
			children = (
				C2B72ABA2CB0359A53DA8545 /* Pods-Staples.debug.xcconfig */,
				3BFBB829A1CF8E97CB27CEF3 /* Pods-Staples.release.xcconfig */,
				D5B93285FFEE36FC4B96057A /* Pods-StaplesTests.debug.xcconfig */,
				4D990FC6DACC7B0851AC14C9 /* Pods-StaplesTests.release.xcconfig */,
			);
			name = Pods;
			sourceTree = "<group>";
		};
		CA827BFF73C5DF49B48F4351 /* Frameworks */ = {
			isa = PBXGroup;
			children = (
				7BCAFA925975ACD65020CCDD /* Pods_Staples.framework */,
				9A6FE70533FF01DB0B851460 /* Pods_StaplesTests.framework */,
			);
			name = Frameworks;
			sourceTree = "<group>";
		};
		D65F71C01D6B7A27005F2546 /* Shared */ = {
			isa = PBXGroup;
			children = (
				D69E95081D7512B30064BF8B /* BOTCellContainerView.h */,
				D69E95091D7512B30064BF8B /* BOTCellContainerView.m */,
			);
			name = Shared;
			sourceTree = "<group>";
		};
		D65F71C11D6B7A3B005F2546 /* BOTMultipleActionInputView */ = {
			isa = PBXGroup;
			children = (
				D69E94E91D7512720064BF8B /* BOTActionInputView.h */,
				D69E94E81D7512720064BF8B /* BOTActionInputView.m */,
				D69E94EB1D7512720064BF8B /* BOTActionButton.h */,
				D69E94EA1D7512720064BF8B /* BOTActionButton.m */,
				D69E94DF1D75125F0064BF8B /* BOTMultipleActionInputScrollView.m */,
				D69E94E01D75125F0064BF8B /* BOTMultipleActionInputScrollView.h */,
				D69E94DC1D7512550064BF8B /* BOTMultipleActionInputView.m */,
				D69E94DD1D7512550064BF8B /* BOTMultipleActionInputView.h */,
			);
			name = BOTMultipleActionInputView;
			sourceTree = "<group>";
		};
		D65F71C21D6B7A6C005F2546 /* BOTMessageInputToolbar */ = {
			isa = PBXGroup;
			children = (
				D69E94E21D7512640064BF8B /* BOTMessageInputToolbar.m */,
				D69E94E31D7512640064BF8B /* BOTMessageInputToolbar.h */,
			);
			name = BOTMessageInputToolbar;
			sourceTree = "<group>";
		};
		D65F71C31D6B7A7D005F2546 /* Utilities */ = {
			isa = PBXGroup;
			children = (
				D69E94FE1D75128F0064BF8B /* BOTUtilities.h */,
				D69E94FD1D75128F0064BF8B /* BOTUtilities.m */,
			);
			name = Utilities;
			path = Staples;
			sourceTree = "<group>";
		};
		D65F71CC1D6BA164005F2546 /* StaplesTests */ = {
			isa = PBXGroup;
			children = (
				D6CFC3AB1D6BF69E00F3F2F1 /* STLayerServiceTest.m */,
				D65F71CF1D6BA164005F2546 /* Info.plist */,
			);
			path = StaplesTests;
			sourceTree = "<group>";
		};
		D65F71D81D6BB4A1005F2546 /* BOTRewardCollectionViewCell */ = {
			isa = PBXGroup;
			children = (
				D69E95251D7512FF0064BF8B /* BOTRewardCollectionViewCell.h */,
				D69E95261D7512FF0064BF8B /* BOTRewardCollectionViewCell.m */,
				D69E95271D7512FF0064BF8B /* BOTRewardCollectionViewCell.xib */,
			);
			name = BOTRewardCollectionViewCell;
			sourceTree = "<group>";
		};
		D68D74951D777F6700471724 /* BOTReceiptCollectionViewCell */ = {
			isa = PBXGroup;
			children = (
				D68D74C11D77AABB00471724 /* BOTReceiptCollectionViewCell.h */,
				D68D74C21D77AABB00471724 /* BOTReceiptCollectionViewCell.m */,
				D68D74C31D77AABB00471724 /* BOTReceiptCollectionViewCell.xib */,
			);
			name = BOTReceiptCollectionViewCell;
			sourceTree = "<group>";
		};
		D68D74961D777F8A00471724 /* BOTAddressCollectionViewCell */ = {
			isa = PBXGroup;
			children = (
				D68D74BC1D77AAAD00471724 /* BOTAddressCollectionViewCell.h */,
				D68D74BD1D77AAAD00471724 /* BOTAddressCollectionViewCell.m */,
				D68D74BE1D77AAAD00471724 /* BOTAddressCollectionViewCell.xib */,
			);
			name = BOTAddressCollectionViewCell;
			sourceTree = "<group>";
		};
		D68D74971D777FD100471724 /* Old Design */ = {
			isa = PBXGroup;
			children = (
				3486CD0B1D679E6B0041E2F7 /* BOTProductCollectionViewCell */,
			);
			name = "Old Design";
			sourceTree = "<group>";
		};
		D68D74AE1D7786E500471724 /* BOTRepresentativeCollectionViewCell */ = {
			isa = PBXGroup;
			children = (
				D68D74C61D77AACA00471724 /* BOTRepresentativeCollectionViewCell.h */,
				D68D74C71D77AACA00471724 /* BOTRepresentativeCollectionViewCell.m */,
				D68D74C81D77AACA00471724 /* BOTRepresentativeCollectionViewCell.xib */,
			);
			name = BOTRepresentativeCollectionViewCell;
			sourceTree = "<group>";
		};
		D68D74CB1D77AAD900471724 /* Resources */ = {
			isa = PBXGroup;
			children = (
				D68D74CC1D77AAE900471724 /* Assets.xcassets */,
			);
			name = Resources;
			sourceTree = "<group>";
		};
		D68FEF011D6BFC4B006AEFC6 /* BOTReorderCollectionViewCell */ = {
			isa = PBXGroup;
			children = (
				D69E951B1D7512E10064BF8B /* BOTReorderCollectionViewCell.h */,
				D69E951C1D7512E10064BF8B /* BOTReorderCollectionViewCell.m */,
				D69E951D1D7512E10064BF8B /* BOTReorderCollectionViewCell.xib */,
				D68FEF171D6CC456006AEFC6 /* BOTReorderItemCollectionViewCell */,
			);
			name = BOTReorderCollectionViewCell;
			sourceTree = "<group>";
		};
		D68FEF071D6C0578006AEFC6 /* BOTProductCollectionViewCell */ = {
			isa = PBXGroup;
			children = (
				D69E950B1D7512BC0064BF8B /* BOTProductCollectionViewCell.h */,
				D69E950C1D7512BC0064BF8B /* BOTProductCollectionViewCell.m */,
				D69E950D1D7512BC0064BF8B /* BOTProductCollectionViewCell.xib */,
			);
			name = BOTProductCollectionViewCell;
			sourceTree = "<group>";
		};
		D68FEF151D6CBA32006AEFC6 /* Views */ = {
			isa = PBXGroup;
			children = (
				34A8A4A91D6CB81A00245773 /* BOTMultiSelectionBar */,
				D65F71C21D6B7A6C005F2546 /* BOTMessageInputToolbar */,
				D65F71C11D6B7A3B005F2546 /* BOTMultipleActionInputView */,
			);
			name = Views;
			path = Staples;
			sourceTree = "<group>";
		};
		D68FEF171D6CC456006AEFC6 /* BOTReorderItemCollectionViewCell */ = {
			isa = PBXGroup;
			children = (
				D69E95201D7512EE0064BF8B /* BOTReorderItemCollectionViewCell.h */,
				D69E95211D7512EE0064BF8B /* BOTReorderItemCollectionViewCell.m */,
				D69E95221D7512EE0064BF8B /* BOTReorderItemCollectionViewCell.xib */,
			);
			name = BOTReorderItemCollectionViewCell;
			sourceTree = "<group>";
		};
		D68FEF6C1D6CE5F1006AEFC6 /* Code */ = {
			isa = PBXGroup;
			children = (
				D68FEF151D6CBA32006AEFC6 /* Views */,
				3486CD141D67A46E0041E2F7 /* Model */,
				D65F71C31D6B7A7D005F2546 /* Utilities */,
				D6F858831D6786480027F195 /* Cells */,
			);
			name = Code;
			sourceTree = "<group>";
		};
		D69761631D660AEE00F3369F = {
			isa = PBXGroup;
			children = (
				D68D74CB1D77AAD900471724 /* Resources */,
				D697616E1D660AEE00F3369F /* Staples */,
				D68FEF6C1D6CE5F1006AEFC6 /* Code */,
				5D7BC486E268FE80EA4B3D58 /* Pods */,
				D65F71CC1D6BA164005F2546 /* StaplesTests */,
				CA827BFF73C5DF49B48F4351 /* Frameworks */,
			);
			sourceTree = "<group>";
		};
		D697616D1D660AEE00F3369F /* Products */ = {
			isa = PBXGroup;
			children = (
				D697616C1D660AEE00F3369F /* Staples.app */,
				D65F71CB1D6BA164005F2546 /* StaplesTests.xctest */,
			);
			name = Products;
			path = ..;
			sourceTree = "<group>";
		};
		D697616E1D660AEE00F3369F /* Staples */ = {
			isa = PBXGroup;
			children = (
				D69761721D660AEE00F3369F /* AppDelegate.h */,
				D69761731D660AEE00F3369F /* AppDelegate.m */,
				D69761861D660FBA00F3369F /* STConversationViewController.h */,
				D69761871D660FBA00F3369F /* STConversationViewController.m */,
				D65F71BB1D6B7482005F2546 /* STLayerService.h */,
				D65F71BC1D6B7482005F2546 /* STLayerService.m */,
				D69761781D660AEE00F3369F /* Main.storyboard */,
				D697617D1D660AEE00F3369F /* LaunchScreen.storyboard */,
				D69761801D660AEE00F3369F /* Info.plist */,
				D697616F1D660AEE00F3369F /* Supporting Files */,
			);
			path = Staples;
			sourceTree = "<group>";
		};
		D697616F1D660AEE00F3369F /* Supporting Files */ = {
			isa = PBXGroup;
			children = (
				D697616D1D660AEE00F3369F /* Products */,
				D69761701D660AEE00F3369F /* main.m */,
			);
			name = "Supporting Files";
			sourceTree = "<group>";
		};
		D6EB8AAA1D6F45E400BF4BE1 /* BOTShipmentTrackingCollectionViewCell */ = {
			isa = PBXGroup;
			children = (
				D6EB8ABA1D6F55CC00BF4BE1 /* BOTShipmentTrackingCollectionViewCell.h */,
				D6EB8ABB1D6F55CC00BF4BE1 /* BOTShipmentTrackingCollectionViewCell.m */,
				D6EB8AB91D6F55CC00BF4BE1 /* BOTShipmentTrackingCollectionViewCell.xib */,
			);
			name = BOTShipmentTrackingCollectionViewCell;
			sourceTree = "<group>";
		};
		D6EB8AC41D6F914700BF4BE1 /* BOTActionCollectionViewCell */ = {
			isa = PBXGroup;
			children = (
				D69E952F1D7514BE0064BF8B /* BOTActionCollectionViewCell.h */,
				D69E95301D7514BE0064BF8B /* BOTActionCollectionViewCell.m */,
			);
			name = BOTActionCollectionViewCell;
			sourceTree = "<group>";
		};
		D6F858831D6786480027F195 /* Cells */ = {
			isa = PBXGroup;
			children = (
				D68FEF071D6C0578006AEFC6 /* BOTProductCollectionViewCell */,
				D6EB8AAA1D6F45E400BF4BE1 /* BOTShipmentTrackingCollectionViewCell */,
				D68D74961D777F8A00471724 /* BOTAddressCollectionViewCell */,
				D68D74951D777F6700471724 /* BOTReceiptCollectionViewCell */,
				D6EB8AC41D6F914700BF4BE1 /* BOTActionCollectionViewCell */,
				D68D74AE1D7786E500471724 /* BOTRepresentativeCollectionViewCell */,
				D68FEF011D6BFC4B006AEFC6 /* BOTReorderCollectionViewCell */,
				D65F71D81D6BB4A1005F2546 /* BOTRewardCollectionViewCell */,
				3486CD011D6779130041E2F7 /* BOTMultipleProductCollectionViewCell */,
				D65F71C01D6B7A27005F2546 /* Shared */,
				D68D74971D777FD100471724 /* Old Design */,
			);
			name = Cells;
			path = Staples;
			sourceTree = "<group>";
		};
/* End PBXGroup section */

/* Begin PBXNativeTarget section */
		D65F71CA1D6BA164005F2546 /* StaplesTests */ = {
			isa = PBXNativeTarget;
			buildConfigurationList = D65F71D21D6BA164005F2546 /* Build configuration list for PBXNativeTarget "StaplesTests" */;
			buildPhases = (
				CB462ABE9D1461AB86496C49 /* [CP] Check Pods Manifest.lock */,
				D65F71C71D6BA164005F2546 /* Sources */,
				D65F71C81D6BA164005F2546 /* Frameworks */,
				D65F71C91D6BA164005F2546 /* Resources */,
				5479A5B29B71754A497795F8 /* [CP] Embed Pods Frameworks */,
				EA6D105EE6E7ED08B73D2B63 /* [CP] Copy Pods Resources */,
			);
			buildRules = (
			);
			dependencies = (
				D65F71D11D6BA164005F2546 /* PBXTargetDependency */,
			);
			name = StaplesTests;
			productName = StaplesTests;
			productReference = D65F71CB1D6BA164005F2546 /* StaplesTests.xctest */;
			productType = "com.apple.product-type.bundle.unit-test";
		};
		D697616B1D660AEE00F3369F /* Staples */ = {
			isa = PBXNativeTarget;
			buildConfigurationList = D69761831D660AEE00F3369F /* Build configuration list for PBXNativeTarget "Staples" */;
			buildPhases = (
				9E663FEA58CED5434D20F0D9 /* [CP] Check Pods Manifest.lock */,
				D69761681D660AEE00F3369F /* Sources */,
				D69761691D660AEE00F3369F /* Frameworks */,
				D697616A1D660AEE00F3369F /* Resources */,
				CE9025D03C9C1CE94159D463 /* [CP] Embed Pods Frameworks */,
				C0CF2103DB4CACEA24B64885 /* [CP] Copy Pods Resources */,
			);
			buildRules = (
			);
			dependencies = (
			);
			name = Staples;
			productName = Staples;
			productReference = D697616C1D660AEE00F3369F /* Staples.app */;
			productType = "com.apple.product-type.application";
		};
/* End PBXNativeTarget section */

/* Begin PBXProject section */
		D69761641D660AEE00F3369F /* Project object */ = {
			isa = PBXProject;
			attributes = {
				LastUpgradeCheck = 0730;
				ORGANIZATIONNAME = Mesh;
				TargetAttributes = {
					D65F71CA1D6BA164005F2546 = {
						CreatedOnToolsVersion = 7.3.1;
						TestTargetID = D697616B1D660AEE00F3369F;
					};
					D697616B1D660AEE00F3369F = {
						CreatedOnToolsVersion = 7.3.1;
					};
				};
			};
			buildConfigurationList = D69761671D660AEE00F3369F /* Build configuration list for PBXProject "Staples" */;
			compatibilityVersion = "Xcode 3.2";
			developmentRegion = English;
			hasScannedForEncodings = 0;
			knownRegions = (
				en,
				Base,
			);
			mainGroup = D69761631D660AEE00F3369F;
			productRefGroup = D697616D1D660AEE00F3369F /* Products */;
			projectDirPath = "";
			projectRoot = "";
			targets = (
				D697616B1D660AEE00F3369F /* Staples */,
				D65F71CA1D6BA164005F2546 /* StaplesTests */,
			);
		};
/* End PBXProject section */

/* Begin PBXResourcesBuildPhase section */
		D65F71C91D6BA164005F2546 /* Resources */ = {
			isa = PBXResourcesBuildPhase;
			buildActionMask = 2147483647;
			files = (
			);
			runOnlyForDeploymentPostprocessing = 0;
		};
		D697616A1D660AEE00F3369F /* Resources */ = {
			isa = PBXResourcesBuildPhase;
			buildActionMask = 2147483647;
			files = (
				D697617F1D660AEE00F3369F /* LaunchScreen.storyboard in Resources */,
				D69E950F1D7512BC0064BF8B /* BOTProductCollectionViewCell.xib in Resources */,
				D68D74C51D77AABB00471724 /* BOTReceiptCollectionViewCell.xib in Resources */,
				D68D74C01D77AAAD00471724 /* BOTAddressCollectionViewCell.xib in Resources */,
				D69E951F1D7512E10064BF8B /* BOTReorderCollectionViewCell.xib in Resources */,
				D6EB8ABC1D6F55CC00BF4BE1 /* BOTShipmentTrackingCollectionViewCell.xib in Resources */,
				D697617A1D660AEE00F3369F /* Main.storyboard in Resources */,
				D69E951A1D7512D40064BF8B /* BOTProductCollectionViewCellOld.xib in Resources */,
				D68D74CA1D77AACA00471724 /* BOTRepresentativeCollectionViewCell.xib in Resources */,
				D69E95241D7512EE0064BF8B /* BOTReorderItemCollectionViewCell.xib in Resources */,
				D68D74CD1D77AAE900471724 /* Assets.xcassets in Resources */,
				D69E95291D7512FF0064BF8B /* BOTRewardCollectionViewCell.xib in Resources */,
			);
			runOnlyForDeploymentPostprocessing = 0;
		};
/* End PBXResourcesBuildPhase section */

/* Begin PBXShellScriptBuildPhase section */
		5479A5B29B71754A497795F8 /* [CP] Embed Pods Frameworks */ = {
			isa = PBXShellScriptBuildPhase;
			buildActionMask = 2147483647;
			files = (
			);
			inputPaths = (
			);
			name = "[CP] Embed Pods Frameworks";
			outputPaths = (
			);
			runOnlyForDeploymentPostprocessing = 0;
			shellPath = /bin/sh;
			shellScript = "\"${SRCROOT}/Pods/Target Support Files/Pods-StaplesTests/Pods-StaplesTests-frameworks.sh\"\n";
			showEnvVarsInLog = 0;
		};
		9E663FEA58CED5434D20F0D9 /* [CP] Check Pods Manifest.lock */ = {
			isa = PBXShellScriptBuildPhase;
			buildActionMask = 2147483647;
			files = (
			);
			inputPaths = (
			);
			name = "[CP] Check Pods Manifest.lock";
			outputPaths = (
			);
			runOnlyForDeploymentPostprocessing = 0;
			shellPath = /bin/sh;
			shellScript = "diff \"${PODS_ROOT}/../Podfile.lock\" \"${PODS_ROOT}/Manifest.lock\" > /dev/null\nif [[ $? != 0 ]] ; then\n    cat << EOM\nerror: The sandbox is not in sync with the Podfile.lock. Run 'pod install' or update your CocoaPods installation.\nEOM\n    exit 1\nfi\n";
			showEnvVarsInLog = 0;
		};
		C0CF2103DB4CACEA24B64885 /* [CP] Copy Pods Resources */ = {
			isa = PBXShellScriptBuildPhase;
			buildActionMask = 2147483647;
			files = (
			);
			inputPaths = (
			);
			name = "[CP] Copy Pods Resources";
			outputPaths = (
			);
			runOnlyForDeploymentPostprocessing = 0;
			shellPath = /bin/sh;
			shellScript = "\"${SRCROOT}/Pods/Target Support Files/Pods-Staples/Pods-Staples-resources.sh\"\n";
			showEnvVarsInLog = 0;
		};
		CB462ABE9D1461AB86496C49 /* [CP] Check Pods Manifest.lock */ = {
			isa = PBXShellScriptBuildPhase;
			buildActionMask = 2147483647;
			files = (
			);
			inputPaths = (
			);
			name = "[CP] Check Pods Manifest.lock";
			outputPaths = (
			);
			runOnlyForDeploymentPostprocessing = 0;
			shellPath = /bin/sh;
			shellScript = "diff \"${PODS_ROOT}/../Podfile.lock\" \"${PODS_ROOT}/Manifest.lock\" > /dev/null\nif [[ $? != 0 ]] ; then\n    cat << EOM\nerror: The sandbox is not in sync with the Podfile.lock. Run 'pod install' or update your CocoaPods installation.\nEOM\n    exit 1\nfi\n";
			showEnvVarsInLog = 0;
		};
		CE9025D03C9C1CE94159D463 /* [CP] Embed Pods Frameworks */ = {
			isa = PBXShellScriptBuildPhase;
			buildActionMask = 2147483647;
			files = (
			);
			inputPaths = (
			);
			name = "[CP] Embed Pods Frameworks";
			outputPaths = (
			);
			runOnlyForDeploymentPostprocessing = 0;
			shellPath = /bin/sh;
			shellScript = "\"${SRCROOT}/Pods/Target Support Files/Pods-Staples/Pods-Staples-frameworks.sh\"\n";
			showEnvVarsInLog = 0;
		};
		EA6D105EE6E7ED08B73D2B63 /* [CP] Copy Pods Resources */ = {
			isa = PBXShellScriptBuildPhase;
			buildActionMask = 2147483647;
			files = (
			);
			inputPaths = (
			);
			name = "[CP] Copy Pods Resources";
			outputPaths = (
			);
			runOnlyForDeploymentPostprocessing = 0;
			shellPath = /bin/sh;
			shellScript = "\"${SRCROOT}/Pods/Target Support Files/Pods-StaplesTests/Pods-StaplesTests-resources.sh\"\n";
			showEnvVarsInLog = 0;
		};
/* End PBXShellScriptBuildPhase section */

/* Begin PBXSourcesBuildPhase section */
		D65F71C71D6BA164005F2546 /* Sources */ = {
			isa = PBXSourcesBuildPhase;
			buildActionMask = 2147483647;
			files = (
				D6CFC3AC1D6BF69E00F3F2F1 /* STLayerServiceTest.m in Sources */,
			);
			runOnlyForDeploymentPostprocessing = 0;
		};
		D69761681D660AEE00F3369F /* Sources */ = {
			isa = PBXSourcesBuildPhase;
			buildActionMask = 2147483647;
			files = (
				D69E951E1D7512E10064BF8B /* BOTReorderCollectionViewCell.m in Sources */,
				D69E95231D7512EE0064BF8B /* BOTReorderItemCollectionViewCell.m in Sources */,
				D69E94E11D75125F0064BF8B /* BOTMultipleActionInputScrollView.m in Sources */,
				D68D74C41D77AABB00471724 /* BOTReceiptCollectionViewCell.m in Sources */,
				D69761741D660AEE00F3369F /* AppDelegate.m in Sources */,
				D69E94FF1D75128F0064BF8B /* BOTUtilities.m in Sources */,
				D69E95121D7512C40064BF8B /* BOTMultipleProductBaseCollectionViewCell.m in Sources */,
				D69E94ED1D7512720064BF8B /* BOTActionButton.m in Sources */,
				D6EB8ABD1D6F55CC00BF4BE1 /* BOTShipmentTrackingCollectionViewCell.m in Sources */,
				D69E94E41D7512640064BF8B /* BOTMessageInputToolbar.m in Sources */,
				D69761881D660FBA00F3369F /* STConversationViewController.m in Sources */,
				D69E94DB1D75124B0064BF8B /* BOTMultiSelectionBar.m in Sources */,
				D69761711D660AEE00F3369F /* main.m in Sources */,
				D69E94FA1D7512880064BF8B /* BOTReward.m in Sources */,
				D68D74C91D77AACA00471724 /* BOTRepresentativeCollectionViewCell.m in Sources */,
				D69E95281D7512FF0064BF8B /* BOTRewardCollectionViewCell.m in Sources */,
				D69E94EC1D7512720064BF8B /* BOTActionInputView.m in Sources */,
				D69E94E71D75126B0064BF8B /* BOTInvertedButton.m in Sources */,
				D68D74BB1D77AA9B00471724 /* BOTRepresentative.m in Sources */,
				D69E94FC1D7512880064BF8B /* BOTPrice.m in Sources */,
				D65F71BD1D6B7482005F2546 /* STLayerService.m in Sources */,
				D69E94FB1D7512880064BF8B /* BOTProduct.m in Sources */,
				D69E950A1D7512B30064BF8B /* BOTCellContainerView.m in Sources */,
				D69E95151D7512CB0064BF8B /* BOTMultipleProductsCollectionViewLayout.m in Sources */,
				D69E94F91D7512880064BF8B /* BOTShipment.m in Sources */,
				D69E94F01D75127B0064BF8B /* BOTMultiSelectionBarBevelView.m in Sources */,
				D69E950E1D7512BC0064BF8B /* BOTProductCollectionViewCell.m in Sources */,
				D69E95191D7512D40064BF8B /* BOTProductCollectionViewCellOld.m in Sources */,
				D68D74BF1D77AAAD00471724 /* BOTAddressCollectionViewCell.m in Sources */,
				D69E95311D7514BE0064BF8B /* BOTActionCollectionViewCell.m in Sources */,
				D68D74B51D77AA8F00471724 /* BOTAddress.m in Sources */,
				D68D74B81D77AA9700471724 /* BOTReceipt.m in Sources */,
				D69E94DE1D7512550064BF8B /* BOTMultipleActionInputView.m in Sources */,
			);
			runOnlyForDeploymentPostprocessing = 0;
		};
/* End PBXSourcesBuildPhase section */

/* Begin PBXTargetDependency section */
		D65F71D11D6BA164005F2546 /* PBXTargetDependency */ = {
			isa = PBXTargetDependency;
			target = D697616B1D660AEE00F3369F /* Staples */;
			targetProxy = D65F71D01D6BA164005F2546 /* PBXContainerItemProxy */;
		};
/* End PBXTargetDependency section */

/* Begin PBXVariantGroup section */
		D69761781D660AEE00F3369F /* Main.storyboard */ = {
			isa = PBXVariantGroup;
			children = (
				D69761791D660AEE00F3369F /* Base */,
			);
			name = Main.storyboard;
			sourceTree = "<group>";
		};
		D697617D1D660AEE00F3369F /* LaunchScreen.storyboard */ = {
			isa = PBXVariantGroup;
			children = (
				D697617E1D660AEE00F3369F /* Base */,
			);
			name = LaunchScreen.storyboard;
			sourceTree = "<group>";
		};
/* End PBXVariantGroup section */

/* Begin XCBuildConfiguration section */
		D65F71D31D6BA164005F2546 /* Debug */ = {
			isa = XCBuildConfiguration;
			baseConfigurationReference = D5B93285FFEE36FC4B96057A /* Pods-StaplesTests.debug.xcconfig */;
			buildSettings = {
				BUNDLE_LOADER = "$(TEST_HOST)";
				FRAMEWORK_SEARCH_PATHS = (
					"$(inherited)",
					"\"$PODS_CONFIGURATION_BUILD_DIR/Atlas\"",
					"\"$PODS_CONFIGURATION_BUILD_DIR/EDColor\"",
					"\"$PODS_CONFIGURATION_BUILD_DIR/SDWebImage\"",
					"\"${PODS_ROOT}/LayerKit\"",
				);
				INFOPLIST_FILE = StaplesTests/Info.plist;
				LD_RUNPATH_SEARCH_PATHS = "$(inherited) @executable_path/Frameworks @loader_path/Frameworks";
				PRODUCT_BUNDLE_IDENTIFIER = com.mesh.StaplesTests;
				PRODUCT_NAME = "$(TARGET_NAME)";
				TEST_HOST = "$(BUILT_PRODUCTS_DIR)/Staples.app/Staples";
			};
			name = Debug;
		};
		D65F71D41D6BA164005F2546 /* Release */ = {
			isa = XCBuildConfiguration;
			baseConfigurationReference = 4D990FC6DACC7B0851AC14C9 /* Pods-StaplesTests.release.xcconfig */;
			buildSettings = {
				BUNDLE_LOADER = "$(TEST_HOST)";
				INFOPLIST_FILE = StaplesTests/Info.plist;
				LD_RUNPATH_SEARCH_PATHS = "$(inherited) @executable_path/Frameworks @loader_path/Frameworks";
				PRODUCT_BUNDLE_IDENTIFIER = com.mesh.StaplesTests;
				PRODUCT_NAME = "$(TARGET_NAME)";
				TEST_HOST = "$(BUILT_PRODUCTS_DIR)/Staples.app/Staples";
			};
			name = Release;
		};
		D69761811D660AEE00F3369F /* Debug */ = {
			isa = XCBuildConfiguration;
			buildSettings = {
				ALWAYS_SEARCH_USER_PATHS = NO;
				CLANG_ANALYZER_NONNULL = YES;
				CLANG_CXX_LANGUAGE_STANDARD = "gnu++0x";
				CLANG_CXX_LIBRARY = "libc++";
				CLANG_ENABLE_MODULES = YES;
				CLANG_ENABLE_OBJC_ARC = YES;
				CLANG_WARN_BOOL_CONVERSION = YES;
				CLANG_WARN_CONSTANT_CONVERSION = YES;
				CLANG_WARN_DIRECT_OBJC_ISA_USAGE = YES_ERROR;
				CLANG_WARN_EMPTY_BODY = YES;
				CLANG_WARN_ENUM_CONVERSION = YES;
				CLANG_WARN_INT_CONVERSION = YES;
				CLANG_WARN_OBJC_ROOT_CLASS = YES_ERROR;
				CLANG_WARN_UNREACHABLE_CODE = YES;
				CLANG_WARN__DUPLICATE_METHOD_MATCH = YES;
				"CODE_SIGN_IDENTITY[sdk=iphoneos*]" = "iPhone Developer";
				COPY_PHASE_STRIP = NO;
				DEBUG_INFORMATION_FORMAT = dwarf;
				ENABLE_STRICT_OBJC_MSGSEND = YES;
				ENABLE_TESTABILITY = YES;
				GCC_C_LANGUAGE_STANDARD = gnu99;
				GCC_DYNAMIC_NO_PIC = NO;
				GCC_NO_COMMON_BLOCKS = YES;
				GCC_OPTIMIZATION_LEVEL = 0;
				GCC_PREPROCESSOR_DEFINITIONS = (
					"DEBUG=1",
					"$(inherited)",
				);
				GCC_WARN_64_TO_32_BIT_CONVERSION = YES;
				GCC_WARN_ABOUT_RETURN_TYPE = YES_ERROR;
				GCC_WARN_UNDECLARED_SELECTOR = YES;
				GCC_WARN_UNINITIALIZED_AUTOS = YES_AGGRESSIVE;
				GCC_WARN_UNUSED_FUNCTION = YES;
				GCC_WARN_UNUSED_VARIABLE = YES;
				IPHONEOS_DEPLOYMENT_TARGET = 9.3;
				MTL_ENABLE_DEBUG_INFO = YES;
				ONLY_ACTIVE_ARCH = YES;
				SDKROOT = iphoneos;
			};
			name = Debug;
		};
		D69761821D660AEE00F3369F /* Release */ = {
			isa = XCBuildConfiguration;
			buildSettings = {
				ALWAYS_SEARCH_USER_PATHS = NO;
				CLANG_ANALYZER_NONNULL = YES;
				CLANG_CXX_LANGUAGE_STANDARD = "gnu++0x";
				CLANG_CXX_LIBRARY = "libc++";
				CLANG_ENABLE_MODULES = YES;
				CLANG_ENABLE_OBJC_ARC = YES;
				CLANG_WARN_BOOL_CONVERSION = YES;
				CLANG_WARN_CONSTANT_CONVERSION = YES;
				CLANG_WARN_DIRECT_OBJC_ISA_USAGE = YES_ERROR;
				CLANG_WARN_EMPTY_BODY = YES;
				CLANG_WARN_ENUM_CONVERSION = YES;
				CLANG_WARN_INT_CONVERSION = YES;
				CLANG_WARN_OBJC_ROOT_CLASS = YES_ERROR;
				CLANG_WARN_UNREACHABLE_CODE = YES;
				CLANG_WARN__DUPLICATE_METHOD_MATCH = YES;
				"CODE_SIGN_IDENTITY[sdk=iphoneos*]" = "iPhone Developer";
				COPY_PHASE_STRIP = NO;
				DEBUG_INFORMATION_FORMAT = "dwarf-with-dsym";
				ENABLE_NS_ASSERTIONS = NO;
				ENABLE_STRICT_OBJC_MSGSEND = YES;
				GCC_C_LANGUAGE_STANDARD = gnu99;
				GCC_NO_COMMON_BLOCKS = YES;
				GCC_WARN_64_TO_32_BIT_CONVERSION = YES;
				GCC_WARN_ABOUT_RETURN_TYPE = YES_ERROR;
				GCC_WARN_UNDECLARED_SELECTOR = YES;
				GCC_WARN_UNINITIALIZED_AUTOS = YES_AGGRESSIVE;
				GCC_WARN_UNUSED_FUNCTION = YES;
				GCC_WARN_UNUSED_VARIABLE = YES;
				IPHONEOS_DEPLOYMENT_TARGET = 9.3;
				MTL_ENABLE_DEBUG_INFO = NO;
				SDKROOT = iphoneos;
				VALIDATE_PRODUCT = YES;
			};
			name = Release;
		};
		D69761841D660AEE00F3369F /* Debug */ = {
			isa = XCBuildConfiguration;
			baseConfigurationReference = C2B72ABA2CB0359A53DA8545 /* Pods-Staples.debug.xcconfig */;
			buildSettings = {
				ASSETCATALOG_COMPILER_APPICON_NAME = AppIcon;
				INFOPLIST_FILE = Staples/Info.plist;
				IPHONEOS_DEPLOYMENT_TARGET = 9.3;
				LD_RUNPATH_SEARCH_PATHS = "$(inherited) @executable_path/Frameworks";
				PRODUCT_BUNDLE_IDENTIFIER = com.mesh.Staples;
				PRODUCT_NAME = "$(TARGET_NAME)";
			};
			name = Debug;
		};
		D69761851D660AEE00F3369F /* Release */ = {
			isa = XCBuildConfiguration;
			baseConfigurationReference = 3BFBB829A1CF8E97CB27CEF3 /* Pods-Staples.release.xcconfig */;
			buildSettings = {
				ASSETCATALOG_COMPILER_APPICON_NAME = AppIcon;
				INFOPLIST_FILE = Staples/Info.plist;
				IPHONEOS_DEPLOYMENT_TARGET = 9.3;
				LD_RUNPATH_SEARCH_PATHS = "$(inherited) @executable_path/Frameworks";
				PRODUCT_BUNDLE_IDENTIFIER = com.mesh.Staples;
				PRODUCT_NAME = "$(TARGET_NAME)";
			};
			name = Release;
		};
/* End XCBuildConfiguration section */

/* Begin XCConfigurationList section */
		D65F71D21D6BA164005F2546 /* Build configuration list for PBXNativeTarget "StaplesTests" */ = {
			isa = XCConfigurationList;
			buildConfigurations = (
				D65F71D31D6BA164005F2546 /* Debug */,
				D65F71D41D6BA164005F2546 /* Release */,
			);
			defaultConfigurationIsVisible = 0;
			defaultConfigurationName = Release;
		};
		D69761671D660AEE00F3369F /* Build configuration list for PBXProject "Staples" */ = {
			isa = XCConfigurationList;
			buildConfigurations = (
				D69761811D660AEE00F3369F /* Debug */,
				D69761821D660AEE00F3369F /* Release */,
			);
			defaultConfigurationIsVisible = 0;
			defaultConfigurationName = Release;
		};
		D69761831D660AEE00F3369F /* Build configuration list for PBXNativeTarget "Staples" */ = {
			isa = XCConfigurationList;
			buildConfigurations = (
				D69761841D660AEE00F3369F /* Debug */,
				D69761851D660AEE00F3369F /* Release */,
			);
			defaultConfigurationIsVisible = 0;
			defaultConfigurationName = Release;
		};
/* End XCConfigurationList section */
	};
	rootObject = D69761641D660AEE00F3369F /* Project object */;
}
