// !$*UTF8*$!
{
	archiveVersion = 1;
	classes = {
	};
	objectVersion = 46;
	objects = {

/* Begin PBXBuildFile section */
		3414E0202F8AD103A56840B2 /* Pods_Staples.framework in Frameworks */ = {isa = PBXBuildFile; fileRef = 7BCAFA925975ACD65020CCDD /* Pods_Staples.framework */; };
		3486CD031D677A730041E2F7 /* STProductCollectionViewCell.xib in Resources */ = {isa = PBXBuildFile; fileRef = 3486CD021D677A730041E2F7 /* STProductCollectionViewCell.xib */; };
		3486CD051D677B880041E2F7 /* s0854503_s7.jpg in Resources */ = {isa = PBXBuildFile; fileRef = 3486CD041D677B880041E2F7 /* s0854503_s7.jpg */; };
		3486CD0A1D6783B10041E2F7 /* STProductCollectionViewCell.m in Sources */ = {isa = PBXBuildFile; fileRef = 3486CD091D6783B10041E2F7 /* STProductCollectionViewCell.m */; };
		3486CD0F1D679E9A0041E2F7 /* STMultipleProductBaseCollectionViewCell.m in Sources */ = {isa = PBXBuildFile; fileRef = 3486CD0E1D679E990041E2F7 /* STMultipleProductBaseCollectionViewCell.m */; };
		3486CD131D679EB50041E2F7 /* STMultipleProductsBaseCollectionViewCellDataSource.m in Sources */ = {isa = PBXBuildFile; fileRef = 3486CD121D679EB50041E2F7 /* STMultipleProductsBaseCollectionViewCellDataSource.m */; };
		3486CD171D67A4790041E2F7 /* STProductItem.m in Sources */ = {isa = PBXBuildFile; fileRef = 3486CD161D67A4790041E2F7 /* STProductItem.m */; };
		3486CD1B1D67A9F40041E2F7 /* STMultipleProductsCollectionViewLayout.m in Sources */ = {isa = PBXBuildFile; fileRef = 3486CD1A1D67A9F40041E2F7 /* STMultipleProductsCollectionViewLayout.m */; };
		34A8492A1D6621AB002C34D2 /* STMultipleActionInputScrollView.m in Sources */ = {isa = PBXBuildFile; fileRef = 34A849291D6621AB002C34D2 /* STMultipleActionInputScrollView.m */; };
		620E15FA3F1DD1FB26C366C1 /* Pods_StaplesTests.framework in Frameworks */ = {isa = PBXBuildFile; fileRef = 9A6FE70533FF01DB0B851460 /* Pods_StaplesTests.framework */; };
		D620156C1D663EB100EAA772 /* STMultipleActionInputView.m in Sources */ = {isa = PBXBuildFile; fileRef = 34A8492C1D663623002C34D2 /* STMultipleActionInputView.m */; };
		D636E3AA1D67A88100B9FEBB /* STUtilities.m in Sources */ = {isa = PBXBuildFile; fileRef = D636E3A91D67A88100B9FEBB /* STUtilities.m */; };
		D636E3AD1D67A9DE00B9FEBB /* STShippingCollectionViewCell.m in Sources */ = {isa = PBXBuildFile; fileRef = D636E3AC1D67A9DE00B9FEBB /* STShippingCollectionViewCell.m */; };
		D636E3AF1D67A9EC00B9FEBB /* STShippingCollectionViewCell.xib in Resources */ = {isa = PBXBuildFile; fileRef = D636E3AE1D67A9EC00B9FEBB /* STShippingCollectionViewCell.xib */; };
		D636E3B21D67C42D00B9FEBB /* STCellContainerView.m in Sources */ = {isa = PBXBuildFile; fileRef = D636E3B11D67C42D00B9FEBB /* STCellContainerView.m */; };
		D65F71BD1D6B7482005F2546 /* STLayerService.m in Sources */ = {isa = PBXBuildFile; fileRef = D65F71BC1D6B7482005F2546 /* STLayerService.m */; };
		D65F71DC1D6BB4C5005F2546 /* STRewardCollectionViewCell.m in Sources */ = {isa = PBXBuildFile; fileRef = D65F71DA1D6BB4C5005F2546 /* STRewardCollectionViewCell.m */; };
		D65F71DF1D6BB6EF005F2546 /* STRewardCollectionViewCell.xib in Resources */ = {isa = PBXBuildFile; fileRef = D65F71DE1D6BB6EF005F2546 /* STRewardCollectionViewCell.xib */; };
		D65F71E31D6BB8B9005F2546 /* STReward.m in Sources */ = {isa = PBXBuildFile; fileRef = D65F71E21D6BB8B9005F2546 /* STReward.m */; };
		D68FEF051D6BFC75006AEFC6 /* STReorderCollectionViewCell.m in Sources */ = {isa = PBXBuildFile; fileRef = D68FEF031D6BFC75006AEFC6 /* STReorderCollectionViewCell.m */; };
		D68FEF061D6BFC75006AEFC6 /* STReorderCollectionViewCell.xib in Resources */ = {isa = PBXBuildFile; fileRef = D68FEF041D6BFC75006AEFC6 /* STReorderCollectionViewCell.xib */; };
		D68FEF0B1D6C059C006AEFC6 /* STItemCollectionViewCell.m in Sources */ = {isa = PBXBuildFile; fileRef = D68FEF091D6C059C006AEFC6 /* STItemCollectionViewCell.m */; };
		D68FEF0C1D6C059C006AEFC6 /* STItemCollectionViewCell.xib in Resources */ = {isa = PBXBuildFile; fileRef = D68FEF0A1D6C059C006AEFC6 /* STItemCollectionViewCell.xib */; };
		D69761711D660AEE00F3369F /* main.m in Sources */ = {isa = PBXBuildFile; fileRef = D69761701D660AEE00F3369F /* main.m */; };
		D69761741D660AEE00F3369F /* AppDelegate.m in Sources */ = {isa = PBXBuildFile; fileRef = D69761731D660AEE00F3369F /* AppDelegate.m */; };
		D697617A1D660AEE00F3369F /* Main.storyboard in Resources */ = {isa = PBXBuildFile; fileRef = D69761781D660AEE00F3369F /* Main.storyboard */; };
		D697617C1D660AEE00F3369F /* Assets.xcassets in Resources */ = {isa = PBXBuildFile; fileRef = D697617B1D660AEE00F3369F /* Assets.xcassets */; };
		D697617F1D660AEE00F3369F /* LaunchScreen.storyboard in Resources */ = {isa = PBXBuildFile; fileRef = D697617D1D660AEE00F3369F /* LaunchScreen.storyboard */; };
		D69761881D660FBA00F3369F /* STConversationViewController.m in Sources */ = {isa = PBXBuildFile; fileRef = D69761871D660FBA00F3369F /* STConversationViewController.m */; };
		D697618B1D66162C00F3369F /* STActionInputView.m in Sources */ = {isa = PBXBuildFile; fileRef = D697618A1D66162C00F3369F /* STActionInputView.m */; };
		D697618E1D66183C00F3369F /* STActionButton.m in Sources */ = {isa = PBXBuildFile; fileRef = D697618D1D66183C00F3369F /* STActionButton.m */; };
		D6CFC3AC1D6BF69E00F3F2F1 /* STLayerServiceTest.m in Sources */ = {isa = PBXBuildFile; fileRef = D6CFC3AB1D6BF69E00F3F2F1 /* STLayerServiceTest.m */; };
		D6F858821D677F290027F195 /* STMessageInputToolbar.m in Sources */ = {isa = PBXBuildFile; fileRef = D6F858811D677F290027F195 /* STMessageInputToolbar.m */; };
		D6F858861D67866E0027F195 /* STAddressCollectionViewCell.m in Sources */ = {isa = PBXBuildFile; fileRef = D6F858851D67866E0027F195 /* STAddressCollectionViewCell.m */; };
		D6F858881D6786840027F195 /* STAddressCollectionViewCell.xib in Resources */ = {isa = PBXBuildFile; fileRef = D6F858871D6786840027F195 /* STAddressCollectionViewCell.xib */; };
/* End PBXBuildFile section */

/* Begin PBXContainerItemProxy section */
		D65F71D01D6BA164005F2546 /* PBXContainerItemProxy */ = {
			isa = PBXContainerItemProxy;
			containerPortal = D69761641D660AEE00F3369F /* Project object */;
			proxyType = 1;
			remoteGlobalIDString = D697616B1D660AEE00F3369F;
			remoteInfo = Staples;
		};
/* End PBXContainerItemProxy section */

/* Begin PBXFileReference section */
		3486CD021D677A730041E2F7 /* STProductCollectionViewCell.xib */ = {isa = PBXFileReference; fileEncoding = 4; lastKnownFileType = file.xib; path = STProductCollectionViewCell.xib; sourceTree = "<group>"; };
		3486CD041D677B880041E2F7 /* s0854503_s7.jpg */ = {isa = PBXFileReference; lastKnownFileType = image.jpeg; path = s0854503_s7.jpg; sourceTree = "<group>"; };
		3486CD081D6783B10041E2F7 /* STProductCollectionViewCell.h */ = {isa = PBXFileReference; fileEncoding = 4; lastKnownFileType = sourcecode.c.h; path = STProductCollectionViewCell.h; sourceTree = "<group>"; };
		3486CD091D6783B10041E2F7 /* STProductCollectionViewCell.m */ = {isa = PBXFileReference; fileEncoding = 4; lastKnownFileType = sourcecode.c.objc; path = STProductCollectionViewCell.m; sourceTree = "<group>"; };
		3486CD0D1D679E990041E2F7 /* STMultipleProductBaseCollectionViewCell.h */ = {isa = PBXFileReference; fileEncoding = 4; lastKnownFileType = sourcecode.c.h; path = STMultipleProductBaseCollectionViewCell.h; sourceTree = "<group>"; };
		3486CD0E1D679E990041E2F7 /* STMultipleProductBaseCollectionViewCell.m */ = {isa = PBXFileReference; fileEncoding = 4; lastKnownFileType = sourcecode.c.objc; path = STMultipleProductBaseCollectionViewCell.m; sourceTree = "<group>"; };
		3486CD111D679EB50041E2F7 /* STMultipleProductsBaseCollectionViewCellDataSource.h */ = {isa = PBXFileReference; fileEncoding = 4; lastKnownFileType = sourcecode.c.h; path = STMultipleProductsBaseCollectionViewCellDataSource.h; sourceTree = "<group>"; };
		3486CD121D679EB50041E2F7 /* STMultipleProductsBaseCollectionViewCellDataSource.m */ = {isa = PBXFileReference; fileEncoding = 4; lastKnownFileType = sourcecode.c.objc; path = STMultipleProductsBaseCollectionViewCellDataSource.m; sourceTree = "<group>"; };
		3486CD151D67A4790041E2F7 /* STProductItem.h */ = {isa = PBXFileReference; fileEncoding = 4; lastKnownFileType = sourcecode.c.h; path = STProductItem.h; sourceTree = "<group>"; };
		3486CD161D67A4790041E2F7 /* STProductItem.m */ = {isa = PBXFileReference; fileEncoding = 4; lastKnownFileType = sourcecode.c.objc; path = STProductItem.m; sourceTree = "<group>"; };
		3486CD191D67A9F40041E2F7 /* STMultipleProductsCollectionViewLayout.h */ = {isa = PBXFileReference; fileEncoding = 4; lastKnownFileType = sourcecode.c.h; path = STMultipleProductsCollectionViewLayout.h; sourceTree = "<group>"; };
		3486CD1A1D67A9F40041E2F7 /* STMultipleProductsCollectionViewLayout.m */ = {isa = PBXFileReference; fileEncoding = 4; lastKnownFileType = sourcecode.c.objc; path = STMultipleProductsCollectionViewLayout.m; sourceTree = "<group>"; };
		34A849281D6621AB002C34D2 /* STMultipleActionInputScrollView.h */ = {isa = PBXFileReference; fileEncoding = 4; lastKnownFileType = sourcecode.c.h; path = STMultipleActionInputScrollView.h; sourceTree = "<group>"; };
		34A849291D6621AB002C34D2 /* STMultipleActionInputScrollView.m */ = {isa = PBXFileReference; fileEncoding = 4; lastKnownFileType = sourcecode.c.objc; path = STMultipleActionInputScrollView.m; sourceTree = "<group>"; };
		34A8492B1D663623002C34D2 /* STMultipleActionInputView.h */ = {isa = PBXFileReference; fileEncoding = 4; lastKnownFileType = sourcecode.c.h; path = STMultipleActionInputView.h; sourceTree = "<group>"; };
		34A8492C1D663623002C34D2 /* STMultipleActionInputView.m */ = {isa = PBXFileReference; fileEncoding = 4; lastKnownFileType = sourcecode.c.objc; path = STMultipleActionInputView.m; sourceTree = "<group>"; };
		3BFBB829A1CF8E97CB27CEF3 /* Pods-Staples.release.xcconfig */ = {isa = PBXFileReference; includeInIndex = 1; lastKnownFileType = text.xcconfig; name = "Pods-Staples.release.xcconfig"; path = "Pods/Target Support Files/Pods-Staples/Pods-Staples.release.xcconfig"; sourceTree = "<group>"; };
		4D990FC6DACC7B0851AC14C9 /* Pods-StaplesTests.release.xcconfig */ = {isa = PBXFileReference; includeInIndex = 1; lastKnownFileType = text.xcconfig; name = "Pods-StaplesTests.release.xcconfig"; path = "Pods/Target Support Files/Pods-StaplesTests/Pods-StaplesTests.release.xcconfig"; sourceTree = "<group>"; };
		7BCAFA925975ACD65020CCDD /* Pods_Staples.framework */ = {isa = PBXFileReference; explicitFileType = wrapper.framework; includeInIndex = 0; path = Pods_Staples.framework; sourceTree = BUILT_PRODUCTS_DIR; };
		9A6FE70533FF01DB0B851460 /* Pods_StaplesTests.framework */ = {isa = PBXFileReference; explicitFileType = wrapper.framework; includeInIndex = 0; path = Pods_StaplesTests.framework; sourceTree = BUILT_PRODUCTS_DIR; };
		C2B72ABA2CB0359A53DA8545 /* Pods-Staples.debug.xcconfig */ = {isa = PBXFileReference; includeInIndex = 1; lastKnownFileType = text.xcconfig; name = "Pods-Staples.debug.xcconfig"; path = "Pods/Target Support Files/Pods-Staples/Pods-Staples.debug.xcconfig"; sourceTree = "<group>"; };
		D5B93285FFEE36FC4B96057A /* Pods-StaplesTests.debug.xcconfig */ = {isa = PBXFileReference; includeInIndex = 1; lastKnownFileType = text.xcconfig; name = "Pods-StaplesTests.debug.xcconfig"; path = "Pods/Target Support Files/Pods-StaplesTests/Pods-StaplesTests.debug.xcconfig"; sourceTree = "<group>"; };
		D636E3A81D67A88100B9FEBB /* STUtilities.h */ = {isa = PBXFileReference; fileEncoding = 4; lastKnownFileType = sourcecode.c.h; path = STUtilities.h; sourceTree = "<group>"; };
		D636E3A91D67A88100B9FEBB /* STUtilities.m */ = {isa = PBXFileReference; fileEncoding = 4; lastKnownFileType = sourcecode.c.objc; path = STUtilities.m; sourceTree = "<group>"; };
		D636E3AB1D67A9DE00B9FEBB /* STShippingCollectionViewCell.h */ = {isa = PBXFileReference; fileEncoding = 4; lastKnownFileType = sourcecode.c.h; path = STShippingCollectionViewCell.h; sourceTree = "<group>"; };
		D636E3AC1D67A9DE00B9FEBB /* STShippingCollectionViewCell.m */ = {isa = PBXFileReference; fileEncoding = 4; lastKnownFileType = sourcecode.c.objc; path = STShippingCollectionViewCell.m; sourceTree = "<group>"; };
		D636E3AE1D67A9EC00B9FEBB /* STShippingCollectionViewCell.xib */ = {isa = PBXFileReference; fileEncoding = 4; lastKnownFileType = file.xib; path = STShippingCollectionViewCell.xib; sourceTree = "<group>"; };
		D636E3B01D67C42D00B9FEBB /* STCellContainerView.h */ = {isa = PBXFileReference; fileEncoding = 4; lastKnownFileType = sourcecode.c.h; path = STCellContainerView.h; sourceTree = "<group>"; };
		D636E3B11D67C42D00B9FEBB /* STCellContainerView.m */ = {isa = PBXFileReference; fileEncoding = 4; lastKnownFileType = sourcecode.c.objc; path = STCellContainerView.m; sourceTree = "<group>"; };
		D65F71BB1D6B7482005F2546 /* STLayerService.h */ = {isa = PBXFileReference; fileEncoding = 4; lastKnownFileType = sourcecode.c.h; path = STLayerService.h; sourceTree = "<group>"; };
		D65F71BC1D6B7482005F2546 /* STLayerService.m */ = {isa = PBXFileReference; fileEncoding = 4; lastKnownFileType = sourcecode.c.objc; path = STLayerService.m; sourceTree = "<group>"; };
		D65F71CB1D6BA164005F2546 /* StaplesTests.xctest */ = {isa = PBXFileReference; explicitFileType = wrapper.cfbundle; includeInIndex = 0; path = StaplesTests.xctest; sourceTree = BUILT_PRODUCTS_DIR; };
		D65F71CF1D6BA164005F2546 /* Info.plist */ = {isa = PBXFileReference; lastKnownFileType = text.plist.xml; path = Info.plist; sourceTree = "<group>"; };
		D65F71D91D6BB4C5005F2546 /* STRewardCollectionViewCell.h */ = {isa = PBXFileReference; fileEncoding = 4; lastKnownFileType = sourcecode.c.h; path = STRewardCollectionViewCell.h; sourceTree = "<group>"; };
		D65F71DA1D6BB4C5005F2546 /* STRewardCollectionViewCell.m */ = {isa = PBXFileReference; fileEncoding = 4; lastKnownFileType = sourcecode.c.objc; path = STRewardCollectionViewCell.m; sourceTree = "<group>"; };
		D65F71DE1D6BB6EF005F2546 /* STRewardCollectionViewCell.xib */ = {isa = PBXFileReference; fileEncoding = 4; lastKnownFileType = file.xib; path = STRewardCollectionViewCell.xib; sourceTree = "<group>"; };
		D65F71E11D6BB8B9005F2546 /* STReward.h */ = {isa = PBXFileReference; fileEncoding = 4; lastKnownFileType = sourcecode.c.h; path = STReward.h; sourceTree = "<group>"; };
		D65F71E21D6BB8B9005F2546 /* STReward.m */ = {isa = PBXFileReference; fileEncoding = 4; lastKnownFileType = sourcecode.c.objc; path = STReward.m; sourceTree = "<group>"; };
		D68FEF021D6BFC75006AEFC6 /* STReorderCollectionViewCell.h */ = {isa = PBXFileReference; fileEncoding = 4; lastKnownFileType = sourcecode.c.h; path = STReorderCollectionViewCell.h; sourceTree = "<group>"; };
		D68FEF031D6BFC75006AEFC6 /* STReorderCollectionViewCell.m */ = {isa = PBXFileReference; fileEncoding = 4; lastKnownFileType = sourcecode.c.objc; path = STReorderCollectionViewCell.m; sourceTree = "<group>"; };
		D68FEF041D6BFC75006AEFC6 /* STReorderCollectionViewCell.xib */ = {isa = PBXFileReference; fileEncoding = 4; lastKnownFileType = file.xib; path = STReorderCollectionViewCell.xib; sourceTree = "<group>"; };
		D68FEF081D6C059C006AEFC6 /* STItemCollectionViewCell.h */ = {isa = PBXFileReference; fileEncoding = 4; lastKnownFileType = sourcecode.c.h; path = STItemCollectionViewCell.h; sourceTree = "<group>"; };
		D68FEF091D6C059C006AEFC6 /* STItemCollectionViewCell.m */ = {isa = PBXFileReference; fileEncoding = 4; lastKnownFileType = sourcecode.c.objc; path = STItemCollectionViewCell.m; sourceTree = "<group>"; };
		D68FEF0A1D6C059C006AEFC6 /* STItemCollectionViewCell.xib */ = {isa = PBXFileReference; fileEncoding = 4; lastKnownFileType = file.xib; path = STItemCollectionViewCell.xib; sourceTree = "<group>"; };
		D697616C1D660AEE00F3369F /* Staples.app */ = {isa = PBXFileReference; explicitFileType = wrapper.application; includeInIndex = 0; path = Staples.app; sourceTree = BUILT_PRODUCTS_DIR; };
		D69761701D660AEE00F3369F /* main.m */ = {isa = PBXFileReference; lastKnownFileType = sourcecode.c.objc; path = main.m; sourceTree = "<group>"; };
		D69761721D660AEE00F3369F /* AppDelegate.h */ = {isa = PBXFileReference; lastKnownFileType = sourcecode.c.h; path = AppDelegate.h; sourceTree = "<group>"; };
		D69761731D660AEE00F3369F /* AppDelegate.m */ = {isa = PBXFileReference; lastKnownFileType = sourcecode.c.objc; path = AppDelegate.m; sourceTree = "<group>"; };
		D69761791D660AEE00F3369F /* Base */ = {isa = PBXFileReference; lastKnownFileType = file.storyboard; name = Base; path = Base.lproj/Main.storyboard; sourceTree = "<group>"; };
		D697617B1D660AEE00F3369F /* Assets.xcassets */ = {isa = PBXFileReference; lastKnownFileType = folder.assetcatalog; path = Assets.xcassets; sourceTree = "<group>"; };
		D697617E1D660AEE00F3369F /* Base */ = {isa = PBXFileReference; lastKnownFileType = file.storyboard; name = Base; path = Base.lproj/LaunchScreen.storyboard; sourceTree = "<group>"; };
		D69761801D660AEE00F3369F /* Info.plist */ = {isa = PBXFileReference; lastKnownFileType = text.plist.xml; path = Info.plist; sourceTree = "<group>"; };
		D69761861D660FBA00F3369F /* STConversationViewController.h */ = {isa = PBXFileReference; fileEncoding = 4; lastKnownFileType = sourcecode.c.h; path = STConversationViewController.h; sourceTree = "<group>"; };
		D69761871D660FBA00F3369F /* STConversationViewController.m */ = {isa = PBXFileReference; fileEncoding = 4; lastKnownFileType = sourcecode.c.objc; path = STConversationViewController.m; sourceTree = "<group>"; };
		D69761891D66162C00F3369F /* STActionInputView.h */ = {isa = PBXFileReference; fileEncoding = 4; lastKnownFileType = sourcecode.c.h; path = STActionInputView.h; sourceTree = "<group>"; };
		D697618A1D66162C00F3369F /* STActionInputView.m */ = {isa = PBXFileReference; fileEncoding = 4; lastKnownFileType = sourcecode.c.objc; path = STActionInputView.m; sourceTree = "<group>"; };
		D697618C1D66183C00F3369F /* STActionButton.h */ = {isa = PBXFileReference; fileEncoding = 4; lastKnownFileType = sourcecode.c.h; path = STActionButton.h; sourceTree = "<group>"; };
		D697618D1D66183C00F3369F /* STActionButton.m */ = {isa = PBXFileReference; fileEncoding = 4; lastKnownFileType = sourcecode.c.objc; path = STActionButton.m; sourceTree = "<group>"; };
		D6CFC3AB1D6BF69E00F3F2F1 /* STLayerServiceTest.m */ = {isa = PBXFileReference; fileEncoding = 4; lastKnownFileType = sourcecode.c.objc; path = STLayerServiceTest.m; sourceTree = "<group>"; };
		D6F858801D677F290027F195 /* STMessageInputToolbar.h */ = {isa = PBXFileReference; fileEncoding = 4; lastKnownFileType = sourcecode.c.h; path = STMessageInputToolbar.h; sourceTree = "<group>"; };
		D6F858811D677F290027F195 /* STMessageInputToolbar.m */ = {isa = PBXFileReference; fileEncoding = 4; lastKnownFileType = sourcecode.c.objc; path = STMessageInputToolbar.m; sourceTree = "<group>"; };
		D6F858841D67866E0027F195 /* STAddressCollectionViewCell.h */ = {isa = PBXFileReference; fileEncoding = 4; lastKnownFileType = sourcecode.c.h; path = STAddressCollectionViewCell.h; sourceTree = "<group>"; };
		D6F858851D67866E0027F195 /* STAddressCollectionViewCell.m */ = {isa = PBXFileReference; fileEncoding = 4; lastKnownFileType = sourcecode.c.objc; path = STAddressCollectionViewCell.m; sourceTree = "<group>"; };
		D6F858871D6786840027F195 /* STAddressCollectionViewCell.xib */ = {isa = PBXFileReference; fileEncoding = 4; lastKnownFileType = file.xib; path = STAddressCollectionViewCell.xib; sourceTree = "<group>"; };
/* End PBXFileReference section */

/* Begin PBXFrameworksBuildPhase section */
		D65F71C81D6BA164005F2546 /* Frameworks */ = {
			isa = PBXFrameworksBuildPhase;
			buildActionMask = 2147483647;
			files = (
				620E15FA3F1DD1FB26C366C1 /* Pods_StaplesTests.framework in Frameworks */,
			);
			runOnlyForDeploymentPostprocessing = 0;
		};
		D69761691D660AEE00F3369F /* Frameworks */ = {
			isa = PBXFrameworksBuildPhase;
			buildActionMask = 2147483647;
			files = (
				3414E0202F8AD103A56840B2 /* Pods_Staples.framework in Frameworks */,
			);
			runOnlyForDeploymentPostprocessing = 0;
		};
/* End PBXFrameworksBuildPhase section */

/* Begin PBXGroup section */
		3486CD011D6779130041E2F7 /* STMultipleProductCollectionViewCell */ = {
			isa = PBXGroup;
			children = (
				D68FEF071D6C0578006AEFC6 /* Item Cell */,
				3486CD071D677B8F0041E2F7 /* Assets */,
				3486CD0C1D679E700041E2F7 /* Base Collection View Cell */,
				3486CD0B1D679E6B0041E2F7 /* Product Cell */,
			);
			name = STMultipleProductCollectionViewCell;
			sourceTree = "<group>";
		};
		3486CD071D677B8F0041E2F7 /* Assets */ = {
			isa = PBXGroup;
			children = (
				3486CD041D677B880041E2F7 /* s0854503_s7.jpg */,
			);
			name = Assets;
			sourceTree = "<group>";
		};
		3486CD0B1D679E6B0041E2F7 /* Product Cell */ = {
			isa = PBXGroup;
			children = (
				3486CD021D677A730041E2F7 /* STProductCollectionViewCell.xib */,
				3486CD081D6783B10041E2F7 /* STProductCollectionViewCell.h */,
				3486CD091D6783B10041E2F7 /* STProductCollectionViewCell.m */,
			);
			name = "Product Cell";
			sourceTree = "<group>";
		};
		3486CD0C1D679E700041E2F7 /* Base Collection View Cell */ = {
			isa = PBXGroup;
			children = (
				3486CD181D67A9D70041E2F7 /* Collection View Layout */,
				3486CD141D67A46E0041E2F7 /* Stubbed Model */,
				3486CD101D679E9F0041E2F7 /* Data Source */,
				3486CD0D1D679E990041E2F7 /* STMultipleProductBaseCollectionViewCell.h */,
				3486CD0E1D679E990041E2F7 /* STMultipleProductBaseCollectionViewCell.m */,
			);
			name = "Base Collection View Cell";
			sourceTree = "<group>";
		};
		3486CD101D679E9F0041E2F7 /* Data Source */ = {
			isa = PBXGroup;
			children = (
				3486CD111D679EB50041E2F7 /* STMultipleProductsBaseCollectionViewCellDataSource.h */,
				3486CD121D679EB50041E2F7 /* STMultipleProductsBaseCollectionViewCellDataSource.m */,
			);
			name = "Data Source";
			sourceTree = "<group>";
		};
		3486CD141D67A46E0041E2F7 /* Stubbed Model */ = {
			isa = PBXGroup;
			children = (
				3486CD151D67A4790041E2F7 /* STProductItem.h */,
				3486CD161D67A4790041E2F7 /* STProductItem.m */,
			);
			name = "Stubbed Model";
			sourceTree = "<group>";
		};
		3486CD181D67A9D70041E2F7 /* Collection View Layout */ = {
			isa = PBXGroup;
			children = (
				3486CD191D67A9F40041E2F7 /* STMultipleProductsCollectionViewLayout.h */,
				3486CD1A1D67A9F40041E2F7 /* STMultipleProductsCollectionViewLayout.m */,
			);
			name = "Collection View Layout";
			sourceTree = "<group>";
		};
		5D7BC486E268FE80EA4B3D58 /* Pods */ = {
			isa = PBXGroup;
			children = (
				C2B72ABA2CB0359A53DA8545 /* Pods-Staples.debug.xcconfig */,
				3BFBB829A1CF8E97CB27CEF3 /* Pods-Staples.release.xcconfig */,
				D5B93285FFEE36FC4B96057A /* Pods-StaplesTests.debug.xcconfig */,
				4D990FC6DACC7B0851AC14C9 /* Pods-StaplesTests.release.xcconfig */,
			);
			name = Pods;
			sourceTree = "<group>";
		};
		CA827BFF73C5DF49B48F4351 /* Frameworks */ = {
			isa = PBXGroup;
			children = (
				7BCAFA925975ACD65020CCDD /* Pods_Staples.framework */,
				9A6FE70533FF01DB0B851460 /* Pods_StaplesTests.framework */,
			);
			name = Frameworks;
			sourceTree = "<group>";
		};
		D65F71BE1D6B7A0D005F2546 /* STAddressCollectionViewCell */ = {
			isa = PBXGroup;
			children = (
				D6F858841D67866E0027F195 /* STAddressCollectionViewCell.h */,
				D6F858851D67866E0027F195 /* STAddressCollectionViewCell.m */,
				D6F858871D6786840027F195 /* STAddressCollectionViewCell.xib */,
			);
			name = STAddressCollectionViewCell;
			sourceTree = "<group>";
		};
		D65F71BF1D6B7A17005F2546 /* STShippingCollectionViewCell */ = {
			isa = PBXGroup;
			children = (
				D636E3AB1D67A9DE00B9FEBB /* STShippingCollectionViewCell.h */,
				D636E3AC1D67A9DE00B9FEBB /* STShippingCollectionViewCell.m */,
				D636E3AE1D67A9EC00B9FEBB /* STShippingCollectionViewCell.xib */,
			);
			name = STShippingCollectionViewCell;
			sourceTree = "<group>";
		};
		D65F71C01D6B7A27005F2546 /* Shared */ = {
			isa = PBXGroup;
			children = (
				D636E3B01D67C42D00B9FEBB /* STCellContainerView.h */,
				D636E3B11D67C42D00B9FEBB /* STCellContainerView.m */,
			);
			name = Shared;
			sourceTree = "<group>";
		};
		D65F71C11D6B7A3B005F2546 /* STMultipleActionInputView */ = {
			isa = PBXGroup;
			children = (
				34A849281D6621AB002C34D2 /* STMultipleActionInputScrollView.h */,
				34A849291D6621AB002C34D2 /* STMultipleActionInputScrollView.m */,
				34A8492B1D663623002C34D2 /* STMultipleActionInputView.h */,
				34A8492C1D663623002C34D2 /* STMultipleActionInputView.m */,
				D69761891D66162C00F3369F /* STActionInputView.h */,
				D697618A1D66162C00F3369F /* STActionInputView.m */,
				D697618C1D66183C00F3369F /* STActionButton.h */,
				D697618D1D66183C00F3369F /* STActionButton.m */,
			);
			name = STMultipleActionInputView;
			sourceTree = "<group>";
		};
		D65F71C21D6B7A6C005F2546 /* STMessageInputToolbar */ = {
			isa = PBXGroup;
			children = (
				D6F858801D677F290027F195 /* STMessageInputToolbar.h */,
				D6F858811D677F290027F195 /* STMessageInputToolbar.m */,
			);
			name = STMessageInputToolbar;
			sourceTree = "<group>";
		};
		D65F71C31D6B7A7D005F2546 /* Utilities */ = {
			isa = PBXGroup;
			children = (
				D636E3A81D67A88100B9FEBB /* STUtilities.h */,
				D636E3A91D67A88100B9FEBB /* STUtilities.m */,
			);
			name = Utilities;
			sourceTree = "<group>";
		};
		D65F71CC1D6BA164005F2546 /* StaplesTests */ = {
			isa = PBXGroup;
			children = (
				D6CFC3AB1D6BF69E00F3F2F1 /* STLayerServiceTest.m */,
				D65F71CF1D6BA164005F2546 /* Info.plist */,
			);
			path = StaplesTests;
			sourceTree = "<group>";
		};
		D65F71D81D6BB4A1005F2546 /* STRewardCollectionViewCell */ = {
			isa = PBXGroup;
			children = (
				D65F71E01D6BB8AB005F2546 /* Model */,
				D65F71D91D6BB4C5005F2546 /* STRewardCollectionViewCell.h */,
				D65F71DA1D6BB4C5005F2546 /* STRewardCollectionViewCell.m */,
				D65F71DE1D6BB6EF005F2546 /* STRewardCollectionViewCell.xib */,
			);
			name = STRewardCollectionViewCell;
			sourceTree = "<group>";
		};
		D65F71E01D6BB8AB005F2546 /* Model */ = {
			isa = PBXGroup;
			children = (
				D65F71E11D6BB8B9005F2546 /* STReward.h */,
				D65F71E21D6BB8B9005F2546 /* STReward.m */,
			);
			name = Model;
			sourceTree = "<group>";
		};
		D68FEF011D6BFC4B006AEFC6 /* STReorderCollectionViewCell */ = {
			isa = PBXGroup;
			children = (
				D68FEF021D6BFC75006AEFC6 /* STReorderCollectionViewCell.h */,
				D68FEF031D6BFC75006AEFC6 /* STReorderCollectionViewCell.m */,
				D68FEF041D6BFC75006AEFC6 /* STReorderCollectionViewCell.xib */,
			);
			name = STReorderCollectionViewCell;
			sourceTree = "<group>";
		};
		D68FEF071D6C0578006AEFC6 /* Item Cell */ = {
			isa = PBXGroup;
			children = (
				D68FEF081D6C059C006AEFC6 /* STItemCollectionViewCell.h */,
				D68FEF091D6C059C006AEFC6 /* STItemCollectionViewCell.m */,
				D68FEF0A1D6C059C006AEFC6 /* STItemCollectionViewCell.xib */,
			);
			name = "Item Cell";
			sourceTree = "<group>";
		};
		D69761631D660AEE00F3369F = {
			isa = PBXGroup;
			children = (
				D697616E1D660AEE00F3369F /* Staples */,
				5D7BC486E268FE80EA4B3D58 /* Pods */,
				D65F71CC1D6BA164005F2546 /* StaplesTests */,
				CA827BFF73C5DF49B48F4351 /* Frameworks */,
			);
			sourceTree = "<group>";
		};
		D697616D1D660AEE00F3369F /* Products */ = {
			isa = PBXGroup;
			children = (
				D697616C1D660AEE00F3369F /* Staples.app */,
				D65F71CB1D6BA164005F2546 /* StaplesTests.xctest */,
			);
			name = Products;
			path = ..;
			sourceTree = "<group>";
		};
		D697616E1D660AEE00F3369F /* Staples */ = {
			isa = PBXGroup;
			children = (
				D65F71C31D6B7A7D005F2546 /* Utilities */,
				D65F71C21D6B7A6C005F2546 /* STMessageInputToolbar */,
				D65F71C11D6B7A3B005F2546 /* STMultipleActionInputView */,
				D6F858831D6786480027F195 /* Cells */,
				D69761721D660AEE00F3369F /* AppDelegate.h */,
				D69761731D660AEE00F3369F /* AppDelegate.m */,
				D69761861D660FBA00F3369F /* STConversationViewController.h */,
				D69761871D660FBA00F3369F /* STConversationViewController.m */,
				D65F71BB1D6B7482005F2546 /* STLayerService.h */,
				D65F71BC1D6B7482005F2546 /* STLayerService.m */,
				D69761781D660AEE00F3369F /* Main.storyboard */,
				D697617B1D660AEE00F3369F /* Assets.xcassets */,
				D697617D1D660AEE00F3369F /* LaunchScreen.storyboard */,
				D69761801D660AEE00F3369F /* Info.plist */,
				D697616F1D660AEE00F3369F /* Supporting Files */,
			);
			path = Staples;
			sourceTree = "<group>";
		};
		D697616F1D660AEE00F3369F /* Supporting Files */ = {
			isa = PBXGroup;
			children = (
				D697616D1D660AEE00F3369F /* Products */,
				D69761701D660AEE00F3369F /* main.m */,
			);
			name = "Supporting Files";
			sourceTree = "<group>";
		};
		D6F858831D6786480027F195 /* Cells */ = {
			isa = PBXGroup;
			children = (
				D68FEF011D6BFC4B006AEFC6 /* STReorderCollectionViewCell */,
				D65F71D81D6BB4A1005F2546 /* STRewardCollectionViewCell */,
				D65F71C01D6B7A27005F2546 /* Shared */,
				D65F71BF1D6B7A17005F2546 /* STShippingCollectionViewCell */,
				D65F71BE1D6B7A0D005F2546 /* STAddressCollectionViewCell */,
				3486CD011D6779130041E2F7 /* STMultipleProductCollectionViewCell */,
			);
			name = Cells;
			sourceTree = "<group>";
		};
/* End PBXGroup section */

/* Begin PBXNativeTarget section */
		D65F71CA1D6BA164005F2546 /* StaplesTests */ = {
			isa = PBXNativeTarget;
			buildConfigurationList = D65F71D21D6BA164005F2546 /* Build configuration list for PBXNativeTarget "StaplesTests" */;
			buildPhases = (
				CB462ABE9D1461AB86496C49 /* [CP] Check Pods Manifest.lock */,
				D65F71C71D6BA164005F2546 /* Sources */,
				D65F71C81D6BA164005F2546 /* Frameworks */,
				D65F71C91D6BA164005F2546 /* Resources */,
				5479A5B29B71754A497795F8 /* [CP] Embed Pods Frameworks */,
				EA6D105EE6E7ED08B73D2B63 /* [CP] Copy Pods Resources */,
			);
			buildRules = (
			);
			dependencies = (
				D65F71D11D6BA164005F2546 /* PBXTargetDependency */,
			);
			name = StaplesTests;
			productName = StaplesTests;
			productReference = D65F71CB1D6BA164005F2546 /* StaplesTests.xctest */;
			productType = "com.apple.product-type.bundle.unit-test";
		};
		D697616B1D660AEE00F3369F /* Staples */ = {
			isa = PBXNativeTarget;
			buildConfigurationList = D69761831D660AEE00F3369F /* Build configuration list for PBXNativeTarget "Staples" */;
			buildPhases = (
				9E663FEA58CED5434D20F0D9 /* [CP] Check Pods Manifest.lock */,
				D69761681D660AEE00F3369F /* Sources */,
				D69761691D660AEE00F3369F /* Frameworks */,
				D697616A1D660AEE00F3369F /* Resources */,
				CE9025D03C9C1CE94159D463 /* [CP] Embed Pods Frameworks */,
				C0CF2103DB4CACEA24B64885 /* [CP] Copy Pods Resources */,
			);
			buildRules = (
			);
			dependencies = (
			);
			name = Staples;
			productName = Staples;
			productReference = D697616C1D660AEE00F3369F /* Staples.app */;
			productType = "com.apple.product-type.application";
		};
/* End PBXNativeTarget section */

/* Begin PBXProject section */
		D69761641D660AEE00F3369F /* Project object */ = {
			isa = PBXProject;
			attributes = {
				LastUpgradeCheck = 0730;
				ORGANIZATIONNAME = Mesh;
				TargetAttributes = {
					D65F71CA1D6BA164005F2546 = {
						CreatedOnToolsVersion = 7.3.1;
						TestTargetID = D697616B1D660AEE00F3369F;
					};
					D697616B1D660AEE00F3369F = {
						CreatedOnToolsVersion = 7.3.1;
					};
				};
			};
			buildConfigurationList = D69761671D660AEE00F3369F /* Build configuration list for PBXProject "Staples" */;
			compatibilityVersion = "Xcode 3.2";
			developmentRegion = English;
			hasScannedForEncodings = 0;
			knownRegions = (
				en,
				Base,
			);
			mainGroup = D69761631D660AEE00F3369F;
			productRefGroup = D697616D1D660AEE00F3369F /* Products */;
			projectDirPath = "";
			projectRoot = "";
			targets = (
				D697616B1D660AEE00F3369F /* Staples */,
				D65F71CA1D6BA164005F2546 /* StaplesTests */,
			);
		};
/* End PBXProject section */

/* Begin PBXResourcesBuildPhase section */
		D65F71C91D6BA164005F2546 /* Resources */ = {
			isa = PBXResourcesBuildPhase;
			buildActionMask = 2147483647;
			files = (
			);
			runOnlyForDeploymentPostprocessing = 0;
		};
		D697616A1D660AEE00F3369F /* Resources */ = {
			isa = PBXResourcesBuildPhase;
			buildActionMask = 2147483647;
			files = (
				D68FEF061D6BFC75006AEFC6 /* STReorderCollectionViewCell.xib in Resources */,
				D6F858881D6786840027F195 /* STAddressCollectionViewCell.xib in Resources */,
				D697617F1D660AEE00F3369F /* LaunchScreen.storyboard in Resources */,
				D65F71DF1D6BB6EF005F2546 /* STRewardCollectionViewCell.xib in Resources */,
				D68FEF0C1D6C059C006AEFC6 /* STItemCollectionViewCell.xib in Resources */,
				D697617C1D660AEE00F3369F /* Assets.xcassets in Resources */,
				D636E3AF1D67A9EC00B9FEBB /* STShippingCollectionViewCell.xib in Resources */,
				3486CD031D677A730041E2F7 /* STProductCollectionViewCell.xib in Resources */,
				3486CD051D677B880041E2F7 /* s0854503_s7.jpg in Resources */,
				D697617A1D660AEE00F3369F /* Main.storyboard in Resources */,
			);
			runOnlyForDeploymentPostprocessing = 0;
		};
/* End PBXResourcesBuildPhase section */

/* Begin PBXShellScriptBuildPhase section */
		5479A5B29B71754A497795F8 /* [CP] Embed Pods Frameworks */ = {
			isa = PBXShellScriptBuildPhase;
			buildActionMask = 2147483647;
			files = (
			);
			inputPaths = (
			);
			name = "[CP] Embed Pods Frameworks";
			outputPaths = (
			);
			runOnlyForDeploymentPostprocessing = 0;
			shellPath = /bin/sh;
			shellScript = "\"${SRCROOT}/Pods/Target Support Files/Pods-StaplesTests/Pods-StaplesTests-frameworks.sh\"\n";
			showEnvVarsInLog = 0;
		};
		9E663FEA58CED5434D20F0D9 /* [CP] Check Pods Manifest.lock */ = {
			isa = PBXShellScriptBuildPhase;
			buildActionMask = 2147483647;
			files = (
			);
			inputPaths = (
			);
			name = "[CP] Check Pods Manifest.lock";
			outputPaths = (
			);
			runOnlyForDeploymentPostprocessing = 0;
			shellPath = /bin/sh;
			shellScript = "diff \"${PODS_ROOT}/../Podfile.lock\" \"${PODS_ROOT}/Manifest.lock\" > /dev/null\nif [ $? != 0 ] ; then\n    # print error to STDERR\n    echo \"error: The sandbox is not in sync with the Podfile.lock. Run 'pod install' or update your CocoaPods installation.\" >&2\n    exit 1\nfi\n";
			showEnvVarsInLog = 0;
		};
		C0CF2103DB4CACEA24B64885 /* [CP] Copy Pods Resources */ = {
			isa = PBXShellScriptBuildPhase;
			buildActionMask = 2147483647;
			files = (
			);
			inputPaths = (
			);
			name = "[CP] Copy Pods Resources";
			outputPaths = (
			);
			runOnlyForDeploymentPostprocessing = 0;
			shellPath = /bin/sh;
			shellScript = "\"${SRCROOT}/Pods/Target Support Files/Pods-Staples/Pods-Staples-resources.sh\"\n";
			showEnvVarsInLog = 0;
		};
		CB462ABE9D1461AB86496C49 /* [CP] Check Pods Manifest.lock */ = {
			isa = PBXShellScriptBuildPhase;
			buildActionMask = 2147483647;
			files = (
			);
			inputPaths = (
			);
			name = "[CP] Check Pods Manifest.lock";
			outputPaths = (
			);
			runOnlyForDeploymentPostprocessing = 0;
			shellPath = /bin/sh;
			shellScript = "diff \"${PODS_ROOT}/../Podfile.lock\" \"${PODS_ROOT}/Manifest.lock\" > /dev/null\nif [ $? != 0 ] ; then\n    # print error to STDERR\n    echo \"error: The sandbox is not in sync with the Podfile.lock. Run 'pod install' or update your CocoaPods installation.\" >&2\n    exit 1\nfi\n";
			showEnvVarsInLog = 0;
		};
		CE9025D03C9C1CE94159D463 /* [CP] Embed Pods Frameworks */ = {
			isa = PBXShellScriptBuildPhase;
			buildActionMask = 2147483647;
			files = (
			);
			inputPaths = (
			);
			name = "[CP] Embed Pods Frameworks";
			outputPaths = (
			);
			runOnlyForDeploymentPostprocessing = 0;
			shellPath = /bin/sh;
			shellScript = "\"${SRCROOT}/Pods/Target Support Files/Pods-Staples/Pods-Staples-frameworks.sh\"\n";
			showEnvVarsInLog = 0;
		};
		EA6D105EE6E7ED08B73D2B63 /* [CP] Copy Pods Resources */ = {
			isa = PBXShellScriptBuildPhase;
			buildActionMask = 2147483647;
			files = (
			);
			inputPaths = (
			);
			name = "[CP] Copy Pods Resources";
			outputPaths = (
			);
			runOnlyForDeploymentPostprocessing = 0;
			shellPath = /bin/sh;
			shellScript = "\"${SRCROOT}/Pods/Target Support Files/Pods-StaplesTests/Pods-StaplesTests-resources.sh\"\n";
			showEnvVarsInLog = 0;
		};
/* End PBXShellScriptBuildPhase section */

/* Begin PBXSourcesBuildPhase section */
		D65F71C71D6BA164005F2546 /* Sources */ = {
			isa = PBXSourcesBuildPhase;
			buildActionMask = 2147483647;
			files = (
				D6CFC3AC1D6BF69E00F3F2F1 /* STLayerServiceTest.m in Sources */,
			);
			runOnlyForDeploymentPostprocessing = 0;
		};
		D69761681D660AEE00F3369F /* Sources */ = {
			isa = PBXSourcesBuildPhase;
			buildActionMask = 2147483647;
			files = (
				D6F858861D67866E0027F195 /* STAddressCollectionViewCell.m in Sources */,
				D620156C1D663EB100EAA772 /* STMultipleActionInputView.m in Sources */,
				D697618E1D66183C00F3369F /* STActionButton.m in Sources */,
				3486CD0A1D6783B10041E2F7 /* STProductCollectionViewCell.m in Sources */,
				3486CD1B1D67A9F40041E2F7 /* STMultipleProductsCollectionViewLayout.m in Sources */,
				D636E3B21D67C42D00B9FEBB /* STCellContainerView.m in Sources */,
				D69761741D660AEE00F3369F /* AppDelegate.m in Sources */,
				34A8492A1D6621AB002C34D2 /* STMultipleActionInputScrollView.m in Sources */,
				D636E3AD1D67A9DE00B9FEBB /* STShippingCollectionViewCell.m in Sources */,
				D69761881D660FBA00F3369F /* STConversationViewController.m in Sources */,
				D6F858821D677F290027F195 /* STMessageInputToolbar.m in Sources */,
				3486CD131D679EB50041E2F7 /* STMultipleProductsBaseCollectionViewCellDataSource.m in Sources */,
				3486CD171D67A4790041E2F7 /* STProductItem.m in Sources */,
				D65F71E31D6BB8B9005F2546 /* STReward.m in Sources */,
				D69761711D660AEE00F3369F /* main.m in Sources */,
				D68FEF051D6BFC75006AEFC6 /* STReorderCollectionViewCell.m in Sources */,
				D636E3AA1D67A88100B9FEBB /* STUtilities.m in Sources */,
				D65F71DC1D6BB4C5005F2546 /* STRewardCollectionViewCell.m in Sources */,
				D68FEF0B1D6C059C006AEFC6 /* STItemCollectionViewCell.m in Sources */,
				3486CD0F1D679E9A0041E2F7 /* STMultipleProductBaseCollectionViewCell.m in Sources */,
				D697618B1D66162C00F3369F /* STActionInputView.m in Sources */,
				D65F71BD1D6B7482005F2546 /* STLayerService.m in Sources */,
			);
			runOnlyForDeploymentPostprocessing = 0;
		};
/* End PBXSourcesBuildPhase section */

/* Begin PBXTargetDependency section */
		D65F71D11D6BA164005F2546 /* PBXTargetDependency */ = {
			isa = PBXTargetDependency;
			target = D697616B1D660AEE00F3369F /* Staples */;
			targetProxy = D65F71D01D6BA164005F2546 /* PBXContainerItemProxy */;
		};
/* End PBXTargetDependency section */

/* Begin PBXVariantGroup section */
		D69761781D660AEE00F3369F /* Main.storyboard */ = {
			isa = PBXVariantGroup;
			children = (
				D69761791D660AEE00F3369F /* Base */,
			);
			name = Main.storyboard;
			sourceTree = "<group>";
		};
		D697617D1D660AEE00F3369F /* LaunchScreen.storyboard */ = {
			isa = PBXVariantGroup;
			children = (
				D697617E1D660AEE00F3369F /* Base */,
			);
			name = LaunchScreen.storyboard;
			sourceTree = "<group>";
		};
/* End PBXVariantGroup section */

/* Begin XCBuildConfiguration section */
		D65F71D31D6BA164005F2546 /* Debug */ = {
			isa = XCBuildConfiguration;
			baseConfigurationReference = D5B93285FFEE36FC4B96057A /* Pods-StaplesTests.debug.xcconfig */;
			buildSettings = {
				BUNDLE_LOADER = "$(TEST_HOST)";
				FRAMEWORK_SEARCH_PATHS = (
					"$(inherited)",
					"\"$PODS_CONFIGURATION_BUILD_DIR/Atlas\"",
					"\"$PODS_CONFIGURATION_BUILD_DIR/EDColor\"",
					"\"$PODS_CONFIGURATION_BUILD_DIR/SDWebImage\"",
					"\"${PODS_ROOT}/LayerKit\"",
				);
				INFOPLIST_FILE = StaplesTests/Info.plist;
				LD_RUNPATH_SEARCH_PATHS = "$(inherited) @executable_path/Frameworks @loader_path/Frameworks";
				PRODUCT_BUNDLE_IDENTIFIER = com.mesh.StaplesTests;
				PRODUCT_NAME = "$(TARGET_NAME)";
				TEST_HOST = "$(BUILT_PRODUCTS_DIR)/Staples.app/Staples";
			};
			name = Debug;
		};
		D65F71D41D6BA164005F2546 /* Release */ = {
			isa = XCBuildConfiguration;
			baseConfigurationReference = 4D990FC6DACC7B0851AC14C9 /* Pods-StaplesTests.release.xcconfig */;
			buildSettings = {
				BUNDLE_LOADER = "$(TEST_HOST)";
				INFOPLIST_FILE = StaplesTests/Info.plist;
				LD_RUNPATH_SEARCH_PATHS = "$(inherited) @executable_path/Frameworks @loader_path/Frameworks";
				PRODUCT_BUNDLE_IDENTIFIER = com.mesh.StaplesTests;
				PRODUCT_NAME = "$(TARGET_NAME)";
				TEST_HOST = "$(BUILT_PRODUCTS_DIR)/Staples.app/Staples";
			};
			name = Release;
		};
		D69761811D660AEE00F3369F /* Debug */ = {
			isa = XCBuildConfiguration;
			buildSettings = {
				ALWAYS_SEARCH_USER_PATHS = NO;
				CLANG_ANALYZER_NONNULL = YES;
				CLANG_CXX_LANGUAGE_STANDARD = "gnu++0x";
				CLANG_CXX_LIBRARY = "libc++";
				CLANG_ENABLE_MODULES = YES;
				CLANG_ENABLE_OBJC_ARC = YES;
				CLANG_WARN_BOOL_CONVERSION = YES;
				CLANG_WARN_CONSTANT_CONVERSION = YES;
				CLANG_WARN_DIRECT_OBJC_ISA_USAGE = YES_ERROR;
				CLANG_WARN_EMPTY_BODY = YES;
				CLANG_WARN_ENUM_CONVERSION = YES;
				CLANG_WARN_INT_CONVERSION = YES;
				CLANG_WARN_OBJC_ROOT_CLASS = YES_ERROR;
				CLANG_WARN_UNREACHABLE_CODE = YES;
				CLANG_WARN__DUPLICATE_METHOD_MATCH = YES;
				"CODE_SIGN_IDENTITY[sdk=iphoneos*]" = "iPhone Developer";
				COPY_PHASE_STRIP = NO;
				DEBUG_INFORMATION_FORMAT = dwarf;
				ENABLE_STRICT_OBJC_MSGSEND = YES;
				ENABLE_TESTABILITY = YES;
				GCC_C_LANGUAGE_STANDARD = gnu99;
				GCC_DYNAMIC_NO_PIC = NO;
				GCC_NO_COMMON_BLOCKS = YES;
				GCC_OPTIMIZATION_LEVEL = 0;
				GCC_PREPROCESSOR_DEFINITIONS = (
					"DEBUG=1",
					"$(inherited)",
				);
				GCC_WARN_64_TO_32_BIT_CONVERSION = YES;
				GCC_WARN_ABOUT_RETURN_TYPE = YES_ERROR;
				GCC_WARN_UNDECLARED_SELECTOR = YES;
				GCC_WARN_UNINITIALIZED_AUTOS = YES_AGGRESSIVE;
				GCC_WARN_UNUSED_FUNCTION = YES;
				GCC_WARN_UNUSED_VARIABLE = YES;
				IPHONEOS_DEPLOYMENT_TARGET = 9.3;
				MTL_ENABLE_DEBUG_INFO = YES;
				ONLY_ACTIVE_ARCH = YES;
				SDKROOT = iphoneos;
			};
			name = Debug;
		};
		D69761821D660AEE00F3369F /* Release */ = {
			isa = XCBuildConfiguration;
			buildSettings = {
				ALWAYS_SEARCH_USER_PATHS = NO;
				CLANG_ANALYZER_NONNULL = YES;
				CLANG_CXX_LANGUAGE_STANDARD = "gnu++0x";
				CLANG_CXX_LIBRARY = "libc++";
				CLANG_ENABLE_MODULES = YES;
				CLANG_ENABLE_OBJC_ARC = YES;
				CLANG_WARN_BOOL_CONVERSION = YES;
				CLANG_WARN_CONSTANT_CONVERSION = YES;
				CLANG_WARN_DIRECT_OBJC_ISA_USAGE = YES_ERROR;
				CLANG_WARN_EMPTY_BODY = YES;
				CLANG_WARN_ENUM_CONVERSION = YES;
				CLANG_WARN_INT_CONVERSION = YES;
				CLANG_WARN_OBJC_ROOT_CLASS = YES_ERROR;
				CLANG_WARN_UNREACHABLE_CODE = YES;
				CLANG_WARN__DUPLICATE_METHOD_MATCH = YES;
				"CODE_SIGN_IDENTITY[sdk=iphoneos*]" = "iPhone Developer";
				COPY_PHASE_STRIP = NO;
				DEBUG_INFORMATION_FORMAT = "dwarf-with-dsym";
				ENABLE_NS_ASSERTIONS = NO;
				ENABLE_STRICT_OBJC_MSGSEND = YES;
				GCC_C_LANGUAGE_STANDARD = gnu99;
				GCC_NO_COMMON_BLOCKS = YES;
				GCC_WARN_64_TO_32_BIT_CONVERSION = YES;
				GCC_WARN_ABOUT_RETURN_TYPE = YES_ERROR;
				GCC_WARN_UNDECLARED_SELECTOR = YES;
				GCC_WARN_UNINITIALIZED_AUTOS = YES_AGGRESSIVE;
				GCC_WARN_UNUSED_FUNCTION = YES;
				GCC_WARN_UNUSED_VARIABLE = YES;
				IPHONEOS_DEPLOYMENT_TARGET = 9.3;
				MTL_ENABLE_DEBUG_INFO = NO;
				SDKROOT = iphoneos;
				VALIDATE_PRODUCT = YES;
			};
			name = Release;
		};
		D69761841D660AEE00F3369F /* Debug */ = {
			isa = XCBuildConfiguration;
			baseConfigurationReference = C2B72ABA2CB0359A53DA8545 /* Pods-Staples.debug.xcconfig */;
			buildSettings = {
				ASSETCATALOG_COMPILER_APPICON_NAME = AppIcon;
				INFOPLIST_FILE = Staples/Info.plist;
				IPHONEOS_DEPLOYMENT_TARGET = 9.3;
				LD_RUNPATH_SEARCH_PATHS = "$(inherited) @executable_path/Frameworks";
				PRODUCT_BUNDLE_IDENTIFIER = com.mesh.Staples;
				PRODUCT_NAME = "$(TARGET_NAME)";
			};
			name = Debug;
		};
		D69761851D660AEE00F3369F /* Release */ = {
			isa = XCBuildConfiguration;
			baseConfigurationReference = 3BFBB829A1CF8E97CB27CEF3 /* Pods-Staples.release.xcconfig */;
			buildSettings = {
				ASSETCATALOG_COMPILER_APPICON_NAME = AppIcon;
				INFOPLIST_FILE = Staples/Info.plist;
				IPHONEOS_DEPLOYMENT_TARGET = 9.3;
				LD_RUNPATH_SEARCH_PATHS = "$(inherited) @executable_path/Frameworks";
				PRODUCT_BUNDLE_IDENTIFIER = com.mesh.Staples;
				PRODUCT_NAME = "$(TARGET_NAME)";
			};
			name = Release;
		};
/* End XCBuildConfiguration section */

/* Begin XCConfigurationList section */
		D65F71D21D6BA164005F2546 /* Build configuration list for PBXNativeTarget "StaplesTests" */ = {
			isa = XCConfigurationList;
			buildConfigurations = (
				D65F71D31D6BA164005F2546 /* Debug */,
				D65F71D41D6BA164005F2546 /* Release */,
			);
			defaultConfigurationIsVisible = 0;
			defaultConfigurationName = Release;
		};
		D69761671D660AEE00F3369F /* Build configuration list for PBXProject "Staples" */ = {
			isa = XCConfigurationList;
			buildConfigurations = (
				D69761811D660AEE00F3369F /* Debug */,
				D69761821D660AEE00F3369F /* Release */,
			);
			defaultConfigurationIsVisible = 0;
			defaultConfigurationName = Release;
		};
		D69761831D660AEE00F3369F /* Build configuration list for PBXNativeTarget "Staples" */ = {
			isa = XCConfigurationList;
			buildConfigurations = (
				D69761841D660AEE00F3369F /* Debug */,
				D69761851D660AEE00F3369F /* Release */,
			);
			defaultConfigurationIsVisible = 0;
			defaultConfigurationName = Release;
		};
/* End XCConfigurationList section */
	};
	rootObject = D69761641D660AEE00F3369F /* Project object */;
}
